// !$*UTF8*$!
{
	archiveVersion = 1;
	classes = {
	};
	objectVersion = 56;
	objects = {

/* Begin PBXBuildFile section */
		D60141062A794E15007B2F46 /* CachePokemonListUseCaseTests.swift in Sources */ = {isa = PBXBuildFile; fileRef = D60141052A794E15007B2F46 /* CachePokemonListUseCaseTests.swift */; };
		D60141082A794FB8007B2F46 /* LocalPokemonListCreation.swift in Sources */ = {isa = PBXBuildFile; fileRef = D60141072A794FB8007B2F46 /* LocalPokemonListCreation.swift */; };
		D601410A2A795985007B2F46 /* ValidatePokemonListCacheUseCaseTests.swift in Sources */ = {isa = PBXBuildFile; fileRef = D60141092A795985007B2F46 /* ValidatePokemonListCacheUseCaseTests.swift */; };
		D60BEF392A7D5FE500E8126E /* CachePokemonListImageUseCaseTests.swift in Sources */ = {isa = PBXBuildFile; fileRef = D60BEF382A7D5FE500E8126E /* CachePokemonListImageUseCaseTests.swift */; };
		D60BEF3E2A7D70FA00E8126E /* CoreDataPokemonListImageStoreTests.swift in Sources */ = {isa = PBXBuildFile; fileRef = D60BEF3D2A7D70FA00E8126E /* CoreDataPokemonListImageStoreTests.swift */; };
		D60BEF402A7D7B4900E8126E /* CoreDataPokemonListStore+PokemonListStore.swift in Sources */ = {isa = PBXBuildFile; fileRef = D60BEF3F2A7D7B4900E8126E /* CoreDataPokemonListStore+PokemonListStore.swift */; };
		D60BEF422A7D7C5F00E8126E /* CoreDataPokemonListStore+PokemonListImageStore.swift in Sources */ = {isa = PBXBuildFile; fileRef = D60BEF412A7D7C5F00E8126E /* CoreDataPokemonListStore+PokemonListImageStore.swift */; };
		D60BEF472A7E80CC00E8126E /* NSManagedObjectContext+Stub.swift in Sources */ = {isa = PBXBuildFile; fileRef = D60BEF462A7E80CC00E8126E /* NSManagedObjectContext+Stub.swift */; };
		D62098F02A1BAAF400AA2249 /* LoadingResourcePresenterTests.swift in Sources */ = {isa = PBXBuildFile; fileRef = D62098EF2A1BAAF400AA2249 /* LoadingResourcePresenterTests.swift */; };
		D62098F32A1C5C7D00AA2249 /* Shared.strings in Resources */ = {isa = PBXBuildFile; fileRef = D62098F52A1C5C7D00AA2249 /* Shared.strings */; };
		D62098F92A1C5DB400AA2249 /* LoadingResourcePresenter.swift in Sources */ = {isa = PBXBuildFile; fileRef = D62098F82A1C5DB400AA2249 /* LoadingResourcePresenter.swift */; };
		D62098FB2A1C628800AA2249 /* ResourceView.swift in Sources */ = {isa = PBXBuildFile; fileRef = D62098FA2A1C628800AA2249 /* ResourceView.swift */; };
		D62099002A1C689900AA2249 /* SharedLocalizationTests.swift in Sources */ = {isa = PBXBuildFile; fileRef = D62098FF2A1C689900AA2249 /* SharedLocalizationTests.swift */; };
		D62EF3A32A596AD100CE968B /* PokemonListCachePolicy.swift in Sources */ = {isa = PBXBuildFile; fileRef = D62EF3A22A596AD100CE968B /* PokemonListCachePolicy.swift */; };
		D6360FE72A234B3800A28F11 /* PokemonListPresenter.swift in Sources */ = {isa = PBXBuildFile; fileRef = D6360FE62A234B3800A28F11 /* PokemonListPresenter.swift */; };
		D6360FEC2A234E4C00A28F11 /* PokemonListPresenterTests.swift in Sources */ = {isa = PBXBuildFile; fileRef = D6360FEB2A234E4C00A28F11 /* PokemonListPresenterTests.swift */; };
		D6360FEE2A234FEE00A28F11 /* LocalizationHelpers.swift in Sources */ = {isa = PBXBuildFile; fileRef = D6360FED2A234FEE00A28F11 /* LocalizationHelpers.swift */; };
		D6360FF12A23529800A28F11 /* PokemonList.strings in Resources */ = {isa = PBXBuildFile; fileRef = D6360FF32A23529800A28F11 /* PokemonList.strings */; };
		D652295A2A7039EF00C81F05 /* DetailPokemonRemoteMapperTests.swift in Sources */ = {isa = PBXBuildFile; fileRef = D65229592A7039EF00C81F05 /* DetailPokemonRemoteMapperTests.swift */; };
		D652295D2A703CC800C81F05 /* DetailPokemonRemote.swift in Sources */ = {isa = PBXBuildFile; fileRef = D652295C2A703CC800C81F05 /* DetailPokemonRemote.swift */; };
		D652295F2A703F8000C81F05 /* DetailPokemonRemoteMapper.swift in Sources */ = {isa = PBXBuildFile; fileRef = D652295E2A703F8000C81F05 /* DetailPokemonRemoteMapper.swift */; };
		D65229612A703FB800C81F05 /* DetailPokemon.swift in Sources */ = {isa = PBXBuildFile; fileRef = D65229602A703FB800C81F05 /* DetailPokemon.swift */; };
		D65229642A7052CF00C81F05 /* DetailPokemonPresenterTests.swift in Sources */ = {isa = PBXBuildFile; fileRef = D65229632A7052CF00C81F05 /* DetailPokemonPresenterTests.swift */; };
		D65229672A7053F400C81F05 /* PokemonDetailInfoViewModel.swift in Sources */ = {isa = PBXBuildFile; fileRef = D65229662A7053F400C81F05 /* PokemonDetailInfoViewModel.swift */; };
		D652296B2A70593900C81F05 /* DetailPokemonPresenter.swift in Sources */ = {isa = PBXBuildFile; fileRef = D652296A2A70593900C81F05 /* DetailPokemonPresenter.swift */; };
		D654E36A2A147F220039F033 /* RemoteDataMapperTests.swift in Sources */ = {isa = PBXBuildFile; fileRef = D654E3692A147F220039F033 /* RemoteDataMapperTests.swift */; };
		D654E36C2A147FA80039F033 /* RemoteDataMapper.swift in Sources */ = {isa = PBXBuildFile; fileRef = D654E36B2A147FA80039F033 /* RemoteDataMapper.swift */; };
		D654E36E2A1482040039F033 /* HTTPURLResponse+CodeChecking.swift in Sources */ = {isa = PBXBuildFile; fileRef = D654E36D2A1482040039F033 /* HTTPURLResponse+CodeChecking.swift */; };
		D66787CF2A29CC8800F8CC3C /* PokemonListViewModel.swift in Sources */ = {isa = PBXBuildFile; fileRef = D66787CE2A29CC8800F8CC3C /* PokemonListViewModel.swift */; };
		D66787DB2A29FC2900F8CC3C /* ListPokemonItemImage.swift in Sources */ = {isa = PBXBuildFile; fileRef = D66787DA2A29FC2900F8CC3C /* ListPokemonItemImage.swift */; };
		D6679FA02A7F5F81003F079B /* PokemonListStoreSpecs.swift in Sources */ = {isa = PBXBuildFile; fileRef = D6679F9F2A7F5F81003F079B /* PokemonListStoreSpecs.swift */; };
		D66D7C702A13DB2E00F360EF /* RemoteMapperTests.swift in Sources */ = {isa = PBXBuildFile; fileRef = D66D7C6F2A13DB2E00F360EF /* RemoteMapperTests.swift */; };
		D66D7C732A13DCCC00F360EF /* RemoteMapper.swift in Sources */ = {isa = PBXBuildFile; fileRef = D66D7C722A13DCCC00F360EF /* RemoteMapper.swift */; };
		D66D7C792A13EB3700F360EF /* PokemonList.swift in Sources */ = {isa = PBXBuildFile; fileRef = D66D7C782A13EB3700F360EF /* PokemonList.swift */; };
		D66D7C7B2A13EE5700F360EF /* PokemonListRemote.swift in Sources */ = {isa = PBXBuildFile; fileRef = D66D7C7A2A13EE5700F360EF /* PokemonListRemote.swift */; };
		D66D7C7E2A13EF7700F360EF /* PokemonListRemoteMapperTests.swift in Sources */ = {isa = PBXBuildFile; fileRef = D66D7C7D2A13EF7700F360EF /* PokemonListRemoteMapperTests.swift */; };
		D66D7C802A13EF8900F360EF /* PokemonListRemoteMapper.swift in Sources */ = {isa = PBXBuildFile; fileRef = D66D7C7F2A13EF8900F360EF /* PokemonListRemoteMapper.swift */; };
		D6AF1ABA2A7AD31300B5C5D1 /* CoreDataPokemonListStoreTests.swift in Sources */ = {isa = PBXBuildFile; fileRef = D6AF1AB92A7AD31300B5C5D1 /* CoreDataPokemonListStoreTests.swift */; };
		D6AF1ABD2A7B6BA800B5C5D1 /* CoreDataPokemonListStore.swift in Sources */ = {isa = PBXBuildFile; fileRef = D6AF1ABC2A7B6BA800B5C5D1 /* CoreDataPokemonListStore.swift */; };
		D6AF1AC02A7B6BD600B5C5D1 /* PokemonListStore.xcdatamodeld in Sources */ = {isa = PBXBuildFile; fileRef = D6AF1ABE2A7B6BD600B5C5D1 /* PokemonListStore.xcdatamodeld */; };
		D6AF1AC22A7B717B00B5C5D1 /* CachedPokemonList.swift in Sources */ = {isa = PBXBuildFile; fileRef = D6AF1AC12A7B717B00B5C5D1 /* CachedPokemonList.swift */; };
		D6AF1AC72A7B721D00B5C5D1 /* ManagedPokemonListItem.swift in Sources */ = {isa = PBXBuildFile; fileRef = D6AF1AC32A7B721D00B5C5D1 /* ManagedPokemonListItem.swift */; };
		D6AF1AC82A7B721D00B5C5D1 /* ManagedPokemonListCache.swift in Sources */ = {isa = PBXBuildFile; fileRef = D6AF1AC42A7B721D00B5C5D1 /* ManagedPokemonListCache.swift */; };
		D6AF1ACC2A7B7AAE00B5C5D1 /* CoreDataHelpers.swift in Sources */ = {isa = PBXBuildFile; fileRef = D6AF1ACB2A7B7AAE00B5C5D1 /* CoreDataHelpers.swift */; };
		D6B1DAED2A73E2C300683BFD /* PokemonDetail.strings in Resources */ = {isa = PBXBuildFile; fileRef = D6B1DAEF2A73E2C300683BFD /* PokemonDetail.strings */; };
		D6BF59702A722939008175E5 /* DetailPokemonImage.swift in Sources */ = {isa = PBXBuildFile; fileRef = D6BF596F2A722939008175E5 /* DetailPokemonImage.swift */; };
		D6CEA2F42A780DF80017020E /* LoadPokemonListFromCacheUseCaseTests.swift in Sources */ = {isa = PBXBuildFile; fileRef = D6CEA2F32A780DF80017020E /* LoadPokemonListFromCacheUseCaseTests.swift */; };
		D6CEA2F82A7826700017020E /* LocalPokemonList.swift in Sources */ = {isa = PBXBuildFile; fileRef = D6CEA2F72A7826700017020E /* LocalPokemonList.swift */; };
		D6CEA2FA2A78269F0017020E /* LocalPokemonListLoader.swift in Sources */ = {isa = PBXBuildFile; fileRef = D6CEA2F92A78269F0017020E /* LocalPokemonListLoader.swift */; };
		D6CEA2FC2A78270A0017020E /* Date+Cache.swift in Sources */ = {isa = PBXBuildFile; fileRef = D6CEA2FB2A78270A0017020E /* Date+Cache.swift */; };
		D6CEA2FE2A7827250017020E /* PokemonListStoreSpy.swift in Sources */ = {isa = PBXBuildFile; fileRef = D6CEA2FD2A7827250017020E /* PokemonListStoreSpy.swift */; };
		D6F701BD2A7C17C80053A811 /* LoadPokemonListImageFromCacheUseCaseTests.swift in Sources */ = {isa = PBXBuildFile; fileRef = D6F701BC2A7C17C80053A811 /* LoadPokemonListImageFromCacheUseCaseTests.swift */; };
		D6F701BF2A7C22B50053A811 /* LocalPokemonListImageLoader.swift in Sources */ = {isa = PBXBuildFile; fileRef = D6F701BE2A7C22B50053A811 /* LocalPokemonListImageLoader.swift */; };
		D6F701C12A7C22D60053A811 /* PokemonListImageStoreSpy.swift in Sources */ = {isa = PBXBuildFile; fileRef = D6F701C02A7C22D60053A811 /* PokemonListImageStoreSpy.swift */; };
		F7FC0DAD2A0FC5A6009FD50B /* Pokepedia.framework in Frameworks */ = {isa = PBXBuildFile; fileRef = F7FC0DA42A0FC5A6009FD50B /* Pokepedia.framework */; };
		F7FC0DBF2A0FC7EF009FD50B /* URLSessionHTTPClientTests.swift in Sources */ = {isa = PBXBuildFile; fileRef = F7FC0DBE2A0FC7EF009FD50B /* URLSessionHTTPClientTests.swift */; };
		F7FC0DC12A0FC803009FD50B /* URLSessionHTTPClient.swift in Sources */ = {isa = PBXBuildFile; fileRef = F7FC0DC02A0FC803009FD50B /* URLSessionHTTPClient.swift */; };
		F7FC0DC32A0FC97D009FD50B /* SharedTestHelpers.swift in Sources */ = {isa = PBXBuildFile; fileRef = F7FC0DC22A0FC97D009FD50B /* SharedTestHelpers.swift */; };
		F7FC0DC62A0FCA13009FD50B /* URLProtocolStub.swift in Sources */ = {isa = PBXBuildFile; fileRef = F7FC0DC52A0FCA13009FD50B /* URLProtocolStub.swift */; };
		F7FC0DC92A0FCB00009FD50B /* XCTestCase+MemoryLeakTracking.swift in Sources */ = {isa = PBXBuildFile; fileRef = F7FC0DC82A0FCB00009FD50B /* XCTestCase+MemoryLeakTracking.swift */; };
/* End PBXBuildFile section */

/* Begin PBXContainerItemProxy section */
		F7FC0DAE2A0FC5A6009FD50B /* PBXContainerItemProxy */ = {
			isa = PBXContainerItemProxy;
			containerPortal = F7FC0D9B2A0FC5A6009FD50B /* Project object */;
			proxyType = 1;
			remoteGlobalIDString = F7FC0DA32A0FC5A6009FD50B;
			remoteInfo = Pokepedia;
		};
/* End PBXContainerItemProxy section */

/* Begin PBXFileReference section */
		D60141052A794E15007B2F46 /* CachePokemonListUseCaseTests.swift */ = {isa = PBXFileReference; lastKnownFileType = sourcecode.swift; path = CachePokemonListUseCaseTests.swift; sourceTree = "<group>"; };
		D60141072A794FB8007B2F46 /* LocalPokemonListCreation.swift */ = {isa = PBXFileReference; lastKnownFileType = sourcecode.swift; path = LocalPokemonListCreation.swift; sourceTree = "<group>"; };
		D60141092A795985007B2F46 /* ValidatePokemonListCacheUseCaseTests.swift */ = {isa = PBXFileReference; lastKnownFileType = sourcecode.swift; path = ValidatePokemonListCacheUseCaseTests.swift; sourceTree = "<group>"; };
		D60BEF382A7D5FE500E8126E /* CachePokemonListImageUseCaseTests.swift */ = {isa = PBXFileReference; lastKnownFileType = sourcecode.swift; path = CachePokemonListImageUseCaseTests.swift; sourceTree = "<group>"; };
		D60BEF3D2A7D70FA00E8126E /* CoreDataPokemonListImageStoreTests.swift */ = {isa = PBXFileReference; lastKnownFileType = sourcecode.swift; path = CoreDataPokemonListImageStoreTests.swift; sourceTree = "<group>"; };
		D60BEF3F2A7D7B4900E8126E /* CoreDataPokemonListStore+PokemonListStore.swift */ = {isa = PBXFileReference; lastKnownFileType = sourcecode.swift; path = "CoreDataPokemonListStore+PokemonListStore.swift"; sourceTree = "<group>"; };
		D60BEF412A7D7C5F00E8126E /* CoreDataPokemonListStore+PokemonListImageStore.swift */ = {isa = PBXFileReference; lastKnownFileType = sourcecode.swift; path = "CoreDataPokemonListStore+PokemonListImageStore.swift"; sourceTree = "<group>"; };
		D60BEF462A7E80CC00E8126E /* NSManagedObjectContext+Stub.swift */ = {isa = PBXFileReference; lastKnownFileType = sourcecode.swift; path = "NSManagedObjectContext+Stub.swift"; sourceTree = "<group>"; };
		D62098EF2A1BAAF400AA2249 /* LoadingResourcePresenterTests.swift */ = {isa = PBXFileReference; lastKnownFileType = sourcecode.swift; path = LoadingResourcePresenterTests.swift; sourceTree = "<group>"; };
		D62098F42A1C5C7D00AA2249 /* en */ = {isa = PBXFileReference; lastKnownFileType = text.plist.strings; name = en; path = en.lproj/Shared.strings; sourceTree = "<group>"; };
		D62098F62A1C5CB900AA2249 /* ru */ = {isa = PBXFileReference; lastKnownFileType = text.plist.strings; name = ru; path = ru.lproj/Shared.strings; sourceTree = "<group>"; };
		D62098F82A1C5DB400AA2249 /* LoadingResourcePresenter.swift */ = {isa = PBXFileReference; lastKnownFileType = sourcecode.swift; path = LoadingResourcePresenter.swift; sourceTree = "<group>"; };
		D62098FA2A1C628800AA2249 /* ResourceView.swift */ = {isa = PBXFileReference; lastKnownFileType = sourcecode.swift; path = ResourceView.swift; sourceTree = "<group>"; };
		D62098FF2A1C689900AA2249 /* SharedLocalizationTests.swift */ = {isa = PBXFileReference; lastKnownFileType = sourcecode.swift; path = SharedLocalizationTests.swift; sourceTree = "<group>"; };
		D62EF3A22A596AD100CE968B /* PokemonListCachePolicy.swift */ = {isa = PBXFileReference; lastKnownFileType = sourcecode.swift; path = PokemonListCachePolicy.swift; sourceTree = "<group>"; };
		D6360FE62A234B3800A28F11 /* PokemonListPresenter.swift */ = {isa = PBXFileReference; lastKnownFileType = sourcecode.swift; path = PokemonListPresenter.swift; sourceTree = "<group>"; };
		D6360FEB2A234E4C00A28F11 /* PokemonListPresenterTests.swift */ = {isa = PBXFileReference; lastKnownFileType = sourcecode.swift; path = PokemonListPresenterTests.swift; sourceTree = "<group>"; };
		D6360FED2A234FEE00A28F11 /* LocalizationHelpers.swift */ = {isa = PBXFileReference; lastKnownFileType = sourcecode.swift; path = LocalizationHelpers.swift; sourceTree = "<group>"; };
		D6360FF22A23529800A28F11 /* en */ = {isa = PBXFileReference; lastKnownFileType = text.plist.strings; name = en; path = en.lproj/PokemonList.strings; sourceTree = "<group>"; };
		D6360FF42A23529B00A28F11 /* ru */ = {isa = PBXFileReference; lastKnownFileType = text.plist.strings; name = ru; path = ru.lproj/PokemonList.strings; sourceTree = "<group>"; };
		D65229592A7039EF00C81F05 /* DetailPokemonRemoteMapperTests.swift */ = {isa = PBXFileReference; lastKnownFileType = sourcecode.swift; path = DetailPokemonRemoteMapperTests.swift; sourceTree = "<group>"; };
		D652295C2A703CC800C81F05 /* DetailPokemonRemote.swift */ = {isa = PBXFileReference; lastKnownFileType = sourcecode.swift; path = DetailPokemonRemote.swift; sourceTree = "<group>"; };
		D652295E2A703F8000C81F05 /* DetailPokemonRemoteMapper.swift */ = {isa = PBXFileReference; lastKnownFileType = sourcecode.swift; path = DetailPokemonRemoteMapper.swift; sourceTree = "<group>"; };
		D65229602A703FB800C81F05 /* DetailPokemon.swift */ = {isa = PBXFileReference; lastKnownFileType = sourcecode.swift; path = DetailPokemon.swift; sourceTree = "<group>"; };
		D65229632A7052CF00C81F05 /* DetailPokemonPresenterTests.swift */ = {isa = PBXFileReference; lastKnownFileType = sourcecode.swift; path = DetailPokemonPresenterTests.swift; sourceTree = "<group>"; };
		D65229662A7053F400C81F05 /* PokemonDetailInfoViewModel.swift */ = {isa = PBXFileReference; lastKnownFileType = sourcecode.swift; path = PokemonDetailInfoViewModel.swift; sourceTree = "<group>"; };
		D652296A2A70593900C81F05 /* DetailPokemonPresenter.swift */ = {isa = PBXFileReference; lastKnownFileType = sourcecode.swift; path = DetailPokemonPresenter.swift; sourceTree = "<group>"; };
		D654E3692A147F220039F033 /* RemoteDataMapperTests.swift */ = {isa = PBXFileReference; lastKnownFileType = sourcecode.swift; path = RemoteDataMapperTests.swift; sourceTree = "<group>"; };
		D654E36B2A147FA80039F033 /* RemoteDataMapper.swift */ = {isa = PBXFileReference; lastKnownFileType = sourcecode.swift; path = RemoteDataMapper.swift; sourceTree = "<group>"; };
		D654E36D2A1482040039F033 /* HTTPURLResponse+CodeChecking.swift */ = {isa = PBXFileReference; lastKnownFileType = sourcecode.swift; path = "HTTPURLResponse+CodeChecking.swift"; sourceTree = "<group>"; };
		D66787CE2A29CC8800F8CC3C /* PokemonListViewModel.swift */ = {isa = PBXFileReference; lastKnownFileType = sourcecode.swift; path = PokemonListViewModel.swift; sourceTree = "<group>"; };
		D66787DA2A29FC2900F8CC3C /* ListPokemonItemImage.swift */ = {isa = PBXFileReference; lastKnownFileType = sourcecode.swift; path = ListPokemonItemImage.swift; sourceTree = "<group>"; };
		D6679F9F2A7F5F81003F079B /* PokemonListStoreSpecs.swift */ = {isa = PBXFileReference; lastKnownFileType = sourcecode.swift; path = PokemonListStoreSpecs.swift; sourceTree = "<group>"; };
		D66D7C6F2A13DB2E00F360EF /* RemoteMapperTests.swift */ = {isa = PBXFileReference; lastKnownFileType = sourcecode.swift; path = RemoteMapperTests.swift; sourceTree = "<group>"; };
		D66D7C722A13DCCC00F360EF /* RemoteMapper.swift */ = {isa = PBXFileReference; lastKnownFileType = sourcecode.swift; path = RemoteMapper.swift; sourceTree = "<group>"; };
		D66D7C782A13EB3700F360EF /* PokemonList.swift */ = {isa = PBXFileReference; lastKnownFileType = sourcecode.swift; path = PokemonList.swift; sourceTree = "<group>"; };
		D66D7C7A2A13EE5700F360EF /* PokemonListRemote.swift */ = {isa = PBXFileReference; lastKnownFileType = sourcecode.swift; path = PokemonListRemote.swift; sourceTree = "<group>"; };
		D66D7C7D2A13EF7700F360EF /* PokemonListRemoteMapperTests.swift */ = {isa = PBXFileReference; lastKnownFileType = sourcecode.swift; path = PokemonListRemoteMapperTests.swift; sourceTree = "<group>"; };
		D66D7C7F2A13EF8900F360EF /* PokemonListRemoteMapper.swift */ = {isa = PBXFileReference; lastKnownFileType = sourcecode.swift; path = PokemonListRemoteMapper.swift; sourceTree = "<group>"; };
		D6AF1AB92A7AD31300B5C5D1 /* CoreDataPokemonListStoreTests.swift */ = {isa = PBXFileReference; lastKnownFileType = sourcecode.swift; path = CoreDataPokemonListStoreTests.swift; sourceTree = "<group>"; };
		D6AF1ABC2A7B6BA800B5C5D1 /* CoreDataPokemonListStore.swift */ = {isa = PBXFileReference; lastKnownFileType = sourcecode.swift; path = CoreDataPokemonListStore.swift; sourceTree = "<group>"; };
		D6AF1ABF2A7B6BD600B5C5D1 /* PokemonListStore.xcdatamodel */ = {isa = PBXFileReference; lastKnownFileType = wrapper.xcdatamodel; path = PokemonListStore.xcdatamodel; sourceTree = "<group>"; };
		D6AF1AC12A7B717B00B5C5D1 /* CachedPokemonList.swift */ = {isa = PBXFileReference; lastKnownFileType = sourcecode.swift; path = CachedPokemonList.swift; sourceTree = "<group>"; };
		D6AF1AC32A7B721D00B5C5D1 /* ManagedPokemonListItem.swift */ = {isa = PBXFileReference; fileEncoding = 4; lastKnownFileType = sourcecode.swift; path = ManagedPokemonListItem.swift; sourceTree = "<group>"; };
		D6AF1AC42A7B721D00B5C5D1 /* ManagedPokemonListCache.swift */ = {isa = PBXFileReference; fileEncoding = 4; lastKnownFileType = sourcecode.swift; path = ManagedPokemonListCache.swift; sourceTree = "<group>"; };
		D6AF1ACB2A7B7AAE00B5C5D1 /* CoreDataHelpers.swift */ = {isa = PBXFileReference; lastKnownFileType = sourcecode.swift; path = CoreDataHelpers.swift; sourceTree = "<group>"; };
		D6B1DAEE2A73E2C300683BFD /* en */ = {isa = PBXFileReference; lastKnownFileType = text.plist.strings; name = en; path = en.lproj/PokemonDetail.strings; sourceTree = "<group>"; };
		D6B1DAF02A73E2C800683BFD /* ru */ = {isa = PBXFileReference; lastKnownFileType = text.plist.strings; name = ru; path = ru.lproj/PokemonDetail.strings; sourceTree = "<group>"; };
		D6BF596F2A722939008175E5 /* DetailPokemonImage.swift */ = {isa = PBXFileReference; lastKnownFileType = sourcecode.swift; path = DetailPokemonImage.swift; sourceTree = "<group>"; };
		D6CEA2F32A780DF80017020E /* LoadPokemonListFromCacheUseCaseTests.swift */ = {isa = PBXFileReference; lastKnownFileType = sourcecode.swift; path = LoadPokemonListFromCacheUseCaseTests.swift; sourceTree = "<group>"; };
		D6CEA2F72A7826700017020E /* LocalPokemonList.swift */ = {isa = PBXFileReference; lastKnownFileType = sourcecode.swift; path = LocalPokemonList.swift; sourceTree = "<group>"; };
		D6CEA2F92A78269F0017020E /* LocalPokemonListLoader.swift */ = {isa = PBXFileReference; lastKnownFileType = sourcecode.swift; path = LocalPokemonListLoader.swift; sourceTree = "<group>"; };
		D6CEA2FB2A78270A0017020E /* Date+Cache.swift */ = {isa = PBXFileReference; lastKnownFileType = sourcecode.swift; path = "Date+Cache.swift"; sourceTree = "<group>"; };
		D6CEA2FD2A7827250017020E /* PokemonListStoreSpy.swift */ = {isa = PBXFileReference; lastKnownFileType = sourcecode.swift; path = PokemonListStoreSpy.swift; sourceTree = "<group>"; };
		D6E721C82A12A17F0092C5E6 /* CI-macOS-TP.xctestplan */ = {isa = PBXFileReference; lastKnownFileType = text; path = "CI-macOS-TP.xctestplan"; sourceTree = "<group>"; };
		D6E721C92A12A17F0092C5E6 /* Pokepedia-TP.xctestplan */ = {isa = PBXFileReference; lastKnownFileType = text; path = "Pokepedia-TP.xctestplan"; sourceTree = "<group>"; };
		D6F701BC2A7C17C80053A811 /* LoadPokemonListImageFromCacheUseCaseTests.swift */ = {isa = PBXFileReference; lastKnownFileType = sourcecode.swift; path = LoadPokemonListImageFromCacheUseCaseTests.swift; sourceTree = "<group>"; };
		D6F701BE2A7C22B50053A811 /* LocalPokemonListImageLoader.swift */ = {isa = PBXFileReference; lastKnownFileType = sourcecode.swift; path = LocalPokemonListImageLoader.swift; sourceTree = "<group>"; };
		D6F701C02A7C22D60053A811 /* PokemonListImageStoreSpy.swift */ = {isa = PBXFileReference; lastKnownFileType = sourcecode.swift; path = PokemonListImageStoreSpy.swift; sourceTree = "<group>"; };
		F7FC0DA42A0FC5A6009FD50B /* Pokepedia.framework */ = {isa = PBXFileReference; explicitFileType = wrapper.framework; includeInIndex = 0; path = Pokepedia.framework; sourceTree = BUILT_PRODUCTS_DIR; };
		F7FC0DAC2A0FC5A6009FD50B /* PokepediaTests.xctest */ = {isa = PBXFileReference; explicitFileType = wrapper.cfbundle; includeInIndex = 0; path = PokepediaTests.xctest; sourceTree = BUILT_PRODUCTS_DIR; };
		F7FC0DBE2A0FC7EF009FD50B /* URLSessionHTTPClientTests.swift */ = {isa = PBXFileReference; lastKnownFileType = sourcecode.swift; path = URLSessionHTTPClientTests.swift; sourceTree = "<group>"; };
		F7FC0DC02A0FC803009FD50B /* URLSessionHTTPClient.swift */ = {isa = PBXFileReference; lastKnownFileType = sourcecode.swift; path = URLSessionHTTPClient.swift; sourceTree = "<group>"; };
		F7FC0DC22A0FC97D009FD50B /* SharedTestHelpers.swift */ = {isa = PBXFileReference; lastKnownFileType = sourcecode.swift; path = SharedTestHelpers.swift; sourceTree = "<group>"; };
		F7FC0DC52A0FCA13009FD50B /* URLProtocolStub.swift */ = {isa = PBXFileReference; lastKnownFileType = sourcecode.swift; path = URLProtocolStub.swift; sourceTree = "<group>"; };
		F7FC0DC82A0FCB00009FD50B /* XCTestCase+MemoryLeakTracking.swift */ = {isa = PBXFileReference; lastKnownFileType = sourcecode.swift; path = "XCTestCase+MemoryLeakTracking.swift"; sourceTree = "<group>"; };
/* End PBXFileReference section */

/* Begin PBXFrameworksBuildPhase section */
		F7FC0DA12A0FC5A6009FD50B /* Frameworks */ = {
			isa = PBXFrameworksBuildPhase;
			buildActionMask = 2147483647;
			files = (
			);
			runOnlyForDeploymentPostprocessing = 0;
		};
		F7FC0DA92A0FC5A6009FD50B /* Frameworks */ = {
			isa = PBXFrameworksBuildPhase;
			buildActionMask = 2147483647;
			files = (
				F7FC0DAD2A0FC5A6009FD50B /* Pokepedia.framework in Frameworks */,
			);
			runOnlyForDeploymentPostprocessing = 0;
		};
/* End PBXFrameworksBuildPhase section */

/* Begin PBXGroup section */
		D60BEF3A2A7D667700E8126E /* Helpers */ = {
			isa = PBXGroup;
			children = (
				D60141072A794FB8007B2F46 /* LocalPokemonListCreation.swift */,
			);
			path = Helpers;
			sourceTree = "<group>";
		};
		D60BEF452A7E80BC00E8126E /* Helpers */ = {
			isa = PBXGroup;
			children = (
				D60BEF462A7E80CC00E8126E /* NSManagedObjectContext+Stub.swift */,
			);
			path = Helpers;
			sourceTree = "<group>";
		};
		D62098EE2A1BAA1200AA2249 /* Shared Presentation */ = {
			isa = PBXGroup;
			children = (
				D62098EF2A1BAAF400AA2249 /* LoadingResourcePresenterTests.swift */,
				D62098FF2A1C689900AA2249 /* SharedLocalizationTests.swift */,
			);
			path = "Shared Presentation";
			sourceTree = "<group>";
		};
		D62098F72A1C5D6D00AA2249 /* Shared Presentation */ = {
			isa = PBXGroup;
			children = (
				D62098F82A1C5DB400AA2249 /* LoadingResourcePresenter.swift */,
				D62098FA2A1C628800AA2249 /* ResourceView.swift */,
				D62098F52A1C5C7D00AA2249 /* Shared.strings */,
			);
			path = "Shared Presentation";
			sourceTree = "<group>";
		};
		D6360FE52A234B2000A28F11 /* Presentation */ = {
			isa = PBXGroup;
			children = (
				D66787CE2A29CC8800F8CC3C /* PokemonListViewModel.swift */,
				D6360FE62A234B3800A28F11 /* PokemonListPresenter.swift */,
				D6360FF32A23529800A28F11 /* PokemonList.strings */,
			);
			path = Presentation;
			sourceTree = "<group>";
		};
		D6360FEA2A234E3200A28F11 /* Presentation */ = {
			isa = PBXGroup;
			children = (
				D6360FEB2A234E4C00A28F11 /* PokemonListPresenterTests.swift */,
			);
			path = Presentation;
			sourceTree = "<group>";
		};
		D65229512A70321000C81F05 /* Pokemon Detail Feature */ = {
			isa = PBXGroup;
			children = (
				D65229522A70321A00C81F05 /* Domain */,
				D65229652A7053E000C81F05 /* Presentation */,
				D652295B2A703CB800C81F05 /* API */,
			);
			path = "Pokemon Detail Feature";
			sourceTree = "<group>";
		};
		D65229522A70321A00C81F05 /* Domain */ = {
			isa = PBXGroup;
			children = (
				D65229602A703FB800C81F05 /* DetailPokemon.swift */,
				D6BF596F2A722939008175E5 /* DetailPokemonImage.swift */,
			);
			path = Domain;
			sourceTree = "<group>";
		};
		D65229572A70399A00C81F05 /* Pokemon Detail Feature */ = {
			isa = PBXGroup;
			children = (
				D65229622A70526B00C81F05 /* Presentation */,
				D65229582A7039C100C81F05 /* API */,
			);
			path = "Pokemon Detail Feature";
			sourceTree = "<group>";
		};
		D65229582A7039C100C81F05 /* API */ = {
			isa = PBXGroup;
			children = (
				D65229592A7039EF00C81F05 /* DetailPokemonRemoteMapperTests.swift */,
			);
			path = API;
			sourceTree = "<group>";
		};
		D652295B2A703CB800C81F05 /* API */ = {
			isa = PBXGroup;
			children = (
				D652295C2A703CC800C81F05 /* DetailPokemonRemote.swift */,
				D652295E2A703F8000C81F05 /* DetailPokemonRemoteMapper.swift */,
			);
			path = API;
			sourceTree = "<group>";
		};
		D65229622A70526B00C81F05 /* Presentation */ = {
			isa = PBXGroup;
			children = (
				D65229632A7052CF00C81F05 /* DetailPokemonPresenterTests.swift */,
			);
			path = Presentation;
			sourceTree = "<group>";
		};
		D65229652A7053E000C81F05 /* Presentation */ = {
			isa = PBXGroup;
			children = (
				D65229662A7053F400C81F05 /* PokemonDetailInfoViewModel.swift */,
				D652296A2A70593900C81F05 /* DetailPokemonPresenter.swift */,
				D6B1DAEF2A73E2C300683BFD /* PokemonDetail.strings */,
			);
			path = Presentation;
			sourceTree = "<group>";
		};
		D66D7C6D2A13DA9D00F360EF /* Shared API */ = {
			isa = PBXGroup;
			children = (
				D66D7C6F2A13DB2E00F360EF /* RemoteMapperTests.swift */,
				D654E3692A147F220039F033 /* RemoteDataMapperTests.swift */,
			);
			path = "Shared API";
			sourceTree = "<group>";
		};
		D66D7C712A13DC5F00F360EF /* Shared API */ = {
			isa = PBXGroup;
			children = (
				D66D7C722A13DCCC00F360EF /* RemoteMapper.swift */,
				D654E36B2A147FA80039F033 /* RemoteDataMapper.swift */,
				D654E36D2A1482040039F033 /* HTTPURLResponse+CodeChecking.swift */,
			);
			path = "Shared API";
			sourceTree = "<group>";
		};
		D66D7C742A13EA4400F360EF /* Pokemon List Feature */ = {
			isa = PBXGroup;
			children = (
				D66D7C772A13EA9100F360EF /* Domain */,
				D6360FE52A234B2000A28F11 /* Presentation */,
				D66D7C752A13EA5600F360EF /* API */,
				D6CEA2F62A7826610017020E /* Cache */,
				D6AF1ABB2A7B6B7900B5C5D1 /* Cache Infra */,
			);
			path = "Pokemon List Feature";
			sourceTree = "<group>";
		};
		D66D7C752A13EA5600F360EF /* API */ = {
			isa = PBXGroup;
			children = (
				D66D7C7A2A13EE5700F360EF /* PokemonListRemote.swift */,
				D66D7C7F2A13EF8900F360EF /* PokemonListRemoteMapper.swift */,
			);
			path = API;
			sourceTree = "<group>";
		};
		D66D7C762A13EA6F00F360EF /* Pokemon List Feature */ = {
			isa = PBXGroup;
			children = (
				D60BEF3A2A7D667700E8126E /* Helpers */,
				D6360FEA2A234E3200A28F11 /* Presentation */,
				D66D7C7C2A13EF5900F360EF /* API */,
				D6CEA2F22A780DB90017020E /* Cache */,
				D6AF1AB82A7AD2D700B5C5D1 /* Cache Infra */,
			);
			path = "Pokemon List Feature";
			sourceTree = "<group>";
		};
		D66D7C772A13EA9100F360EF /* Domain */ = {
			isa = PBXGroup;
			children = (
				D66D7C782A13EB3700F360EF /* PokemonList.swift */,
				D66787DA2A29FC2900F8CC3C /* ListPokemonItemImage.swift */,
				D62EF3A22A596AD100CE968B /* PokemonListCachePolicy.swift */,
			);
			path = Domain;
			sourceTree = "<group>";
		};
		D66D7C7C2A13EF5900F360EF /* API */ = {
			isa = PBXGroup;
			children = (
				D66D7C7D2A13EF7700F360EF /* PokemonListRemoteMapperTests.swift */,
			);
			path = API;
			sourceTree = "<group>";
		};
		D6AF1AB82A7AD2D700B5C5D1 /* Cache Infra */ = {
			isa = PBXGroup;
			children = (
				D60BEF452A7E80BC00E8126E /* Helpers */,
				D6679F9F2A7F5F81003F079B /* PokemonListStoreSpecs.swift */,
				D6AF1AB92A7AD31300B5C5D1 /* CoreDataPokemonListStoreTests.swift */,
				D60BEF3D2A7D70FA00E8126E /* CoreDataPokemonListImageStoreTests.swift */,
			);
			path = "Cache Infra";
			sourceTree = "<group>";
		};
		D6AF1ABB2A7B6B7900B5C5D1 /* Cache Infra */ = {
			isa = PBXGroup;
			children = (
				D6AF1ABC2A7B6BA800B5C5D1 /* CoreDataPokemonListStore.swift */,
				D60BEF3F2A7D7B4900E8126E /* CoreDataPokemonListStore+PokemonListStore.swift */,
				D60BEF412A7D7C5F00E8126E /* CoreDataPokemonListStore+PokemonListImageStore.swift */,
				D6AF1AC42A7B721D00B5C5D1 /* ManagedPokemonListCache.swift */,
				D6AF1AC32A7B721D00B5C5D1 /* ManagedPokemonListItem.swift */,
				D6AF1ACB2A7B7AAE00B5C5D1 /* CoreDataHelpers.swift */,
				D6AF1ABE2A7B6BD600B5C5D1 /* PokemonListStore.xcdatamodeld */,
			);
			path = "Cache Infra";
			sourceTree = "<group>";
		};
		D6CEA2F22A780DB90017020E /* Cache */ = {
			isa = PBXGroup;
			children = (
				D6CEA2F52A7819DE0017020E /* Helpers */,
				D6CEA2F32A780DF80017020E /* LoadPokemonListFromCacheUseCaseTests.swift */,
				D60141092A795985007B2F46 /* ValidatePokemonListCacheUseCaseTests.swift */,
				D60141052A794E15007B2F46 /* CachePokemonListUseCaseTests.swift */,
				D6F701BC2A7C17C80053A811 /* LoadPokemonListImageFromCacheUseCaseTests.swift */,
				D60BEF382A7D5FE500E8126E /* CachePokemonListImageUseCaseTests.swift */,
			);
			path = Cache;
			sourceTree = "<group>";
		};
		D6CEA2F52A7819DE0017020E /* Helpers */ = {
			isa = PBXGroup;
			children = (
				D6CEA2FD2A7827250017020E /* PokemonListStoreSpy.swift */,
				D6F701C02A7C22D60053A811 /* PokemonListImageStoreSpy.swift */,
				D6CEA2FB2A78270A0017020E /* Date+Cache.swift */,
			);
			path = Helpers;
			sourceTree = "<group>";
		};
		D6CEA2F62A7826610017020E /* Cache */ = {
			isa = PBXGroup;
			children = (
				D6CEA2F92A78269F0017020E /* LocalPokemonListLoader.swift */,
				D6F701BE2A7C22B50053A811 /* LocalPokemonListImageLoader.swift */,
				D6CEA2F72A7826700017020E /* LocalPokemonList.swift */,
				D6AF1AC12A7B717B00B5C5D1 /* CachedPokemonList.swift */,
			);
			path = Cache;
			sourceTree = "<group>";
		};
		F7FC0D9A2A0FC5A6009FD50B = {
			isa = PBXGroup;
			children = (
				D6E721C82A12A17F0092C5E6 /* CI-macOS-TP.xctestplan */,
				D6E721C92A12A17F0092C5E6 /* Pokepedia-TP.xctestplan */,
				F7FC0DA62A0FC5A6009FD50B /* Pokepedia */,
				F7FC0DB02A0FC5A6009FD50B /* PokepediaTests */,
				F7FC0DA52A0FC5A6009FD50B /* Products */,
			);
			sourceTree = "<group>";
		};
		F7FC0DA52A0FC5A6009FD50B /* Products */ = {
			isa = PBXGroup;
			children = (
				F7FC0DA42A0FC5A6009FD50B /* Pokepedia.framework */,
				F7FC0DAC2A0FC5A6009FD50B /* PokepediaTests.xctest */,
			);
			name = Products;
			sourceTree = "<group>";
		};
		F7FC0DA62A0FC5A6009FD50B /* Pokepedia */ = {
			isa = PBXGroup;
			children = (
				D65229512A70321000C81F05 /* Pokemon Detail Feature */,
				D66D7C742A13EA4400F360EF /* Pokemon List Feature */,
				D62098F72A1C5D6D00AA2249 /* Shared Presentation */,
				D66D7C712A13DC5F00F360EF /* Shared API */,
				F7FC0DBC2A0FC7C4009FD50B /* Shared API Infra */,
			);
			path = Pokepedia;
			sourceTree = "<group>";
		};
		F7FC0DB02A0FC5A6009FD50B /* PokepediaTests */ = {
			isa = PBXGroup;
			children = (
				D65229572A70399A00C81F05 /* Pokemon Detail Feature */,
				D66D7C762A13EA6F00F360EF /* Pokemon List Feature */,
				D62098EE2A1BAA1200AA2249 /* Shared Presentation */,
				D66D7C6D2A13DA9D00F360EF /* Shared API */,
				F7FC0DBD2A0FC7D0009FD50B /* Shared API Infra */,
				F7FC0DC72A0FCAC3009FD50B /* Helpers */,
			);
			path = PokepediaTests;
			sourceTree = "<group>";
		};
		F7FC0DBC2A0FC7C4009FD50B /* Shared API Infra */ = {
			isa = PBXGroup;
			children = (
				F7FC0DC02A0FC803009FD50B /* URLSessionHTTPClient.swift */,
			);
			path = "Shared API Infra";
			sourceTree = "<group>";
		};
		F7FC0DBD2A0FC7D0009FD50B /* Shared API Infra */ = {
			isa = PBXGroup;
			children = (
				F7FC0DC42A0FC9B7009FD50B /* Helpers */,
				F7FC0DBE2A0FC7EF009FD50B /* URLSessionHTTPClientTests.swift */,
			);
			path = "Shared API Infra";
			sourceTree = "<group>";
		};
		F7FC0DC42A0FC9B7009FD50B /* Helpers */ = {
			isa = PBXGroup;
			children = (
				F7FC0DC52A0FCA13009FD50B /* URLProtocolStub.swift */,
			);
			path = Helpers;
			sourceTree = "<group>";
		};
		F7FC0DC72A0FCAC3009FD50B /* Helpers */ = {
			isa = PBXGroup;
			children = (
				F7FC0DC22A0FC97D009FD50B /* SharedTestHelpers.swift */,
				D6360FED2A234FEE00A28F11 /* LocalizationHelpers.swift */,
				F7FC0DC82A0FCB00009FD50B /* XCTestCase+MemoryLeakTracking.swift */,
			);
			path = Helpers;
			sourceTree = "<group>";
		};
/* End PBXGroup section */

/* Begin PBXHeadersBuildPhase section */
		F7FC0D9F2A0FC5A6009FD50B /* Headers */ = {
			isa = PBXHeadersBuildPhase;
			buildActionMask = 2147483647;
			files = (
			);
			runOnlyForDeploymentPostprocessing = 0;
		};
/* End PBXHeadersBuildPhase section */

/* Begin PBXNativeTarget section */
		F7FC0DA32A0FC5A6009FD50B /* Pokepedia */ = {
			isa = PBXNativeTarget;
			buildConfigurationList = F7FC0DB62A0FC5A6009FD50B /* Build configuration list for PBXNativeTarget "Pokepedia" */;
			buildPhases = (
				F7FC0D9F2A0FC5A6009FD50B /* Headers */,
				F7FC0DA02A0FC5A6009FD50B /* Sources */,
				F7FC0DA12A0FC5A6009FD50B /* Frameworks */,
				F7FC0DA22A0FC5A6009FD50B /* Resources */,
			);
			buildRules = (
			);
			dependencies = (
			);
			name = Pokepedia;
			productName = Pokepedia;
			productReference = F7FC0DA42A0FC5A6009FD50B /* Pokepedia.framework */;
			productType = "com.apple.product-type.framework";
		};
		F7FC0DAB2A0FC5A6009FD50B /* PokepediaTests */ = {
			isa = PBXNativeTarget;
			buildConfigurationList = F7FC0DB92A0FC5A6009FD50B /* Build configuration list for PBXNativeTarget "PokepediaTests" */;
			buildPhases = (
				F7FC0DA82A0FC5A6009FD50B /* Sources */,
				F7FC0DA92A0FC5A6009FD50B /* Frameworks */,
				F7FC0DAA2A0FC5A6009FD50B /* Resources */,
			);
			buildRules = (
			);
			dependencies = (
				F7FC0DAF2A0FC5A6009FD50B /* PBXTargetDependency */,
			);
			name = PokepediaTests;
			productName = PokepediaTests;
			productReference = F7FC0DAC2A0FC5A6009FD50B /* PokepediaTests.xctest */;
			productType = "com.apple.product-type.bundle.unit-test";
		};
/* End PBXNativeTarget section */

/* Begin PBXProject section */
		F7FC0D9B2A0FC5A6009FD50B /* Project object */ = {
			isa = PBXProject;
			attributes = {
				BuildIndependentTargetsInParallel = 1;
				LastSwiftUpdateCheck = 1410;
				LastUpgradeCheck = 1430;
				TargetAttributes = {
					F7FC0DA32A0FC5A6009FD50B = {
						CreatedOnToolsVersion = 14.1;
						LastSwiftMigration = 1410;
					};
					F7FC0DAB2A0FC5A6009FD50B = {
						CreatedOnToolsVersion = 14.1;
					};
				};
			};
			buildConfigurationList = F7FC0D9E2A0FC5A6009FD50B /* Build configuration list for PBXProject "Pokepedia" */;
			compatibilityVersion = "Xcode 14.0";
			developmentRegion = en;
			hasScannedForEncodings = 0;
			knownRegions = (
				en,
				Base,
				ru,
			);
			mainGroup = F7FC0D9A2A0FC5A6009FD50B;
			productRefGroup = F7FC0DA52A0FC5A6009FD50B /* Products */;
			projectDirPath = "";
			projectRoot = "";
			targets = (
				F7FC0DA32A0FC5A6009FD50B /* Pokepedia */,
				F7FC0DAB2A0FC5A6009FD50B /* PokepediaTests */,
			);
		};
/* End PBXProject section */

/* Begin PBXResourcesBuildPhase section */
		F7FC0DA22A0FC5A6009FD50B /* Resources */ = {
			isa = PBXResourcesBuildPhase;
			buildActionMask = 2147483647;
			files = (
				D6360FF12A23529800A28F11 /* PokemonList.strings in Resources */,
				D62098F32A1C5C7D00AA2249 /* Shared.strings in Resources */,
				D6B1DAED2A73E2C300683BFD /* PokemonDetail.strings in Resources */,
			);
			runOnlyForDeploymentPostprocessing = 0;
		};
		F7FC0DAA2A0FC5A6009FD50B /* Resources */ = {
			isa = PBXResourcesBuildPhase;
			buildActionMask = 2147483647;
			files = (
			);
			runOnlyForDeploymentPostprocessing = 0;
		};
/* End PBXResourcesBuildPhase section */

/* Begin PBXSourcesBuildPhase section */
		F7FC0DA02A0FC5A6009FD50B /* Sources */ = {
			isa = PBXSourcesBuildPhase;
			buildActionMask = 2147483647;
			files = (
				D66D7C732A13DCCC00F360EF /* RemoteMapper.swift in Sources */,
				D66D7C802A13EF8900F360EF /* PokemonListRemoteMapper.swift in Sources */,
				D62098F92A1C5DB400AA2249 /* LoadingResourcePresenter.swift in Sources */,
				D652295D2A703CC800C81F05 /* DetailPokemonRemote.swift in Sources */,
				D62EF3A32A596AD100CE968B /* PokemonListCachePolicy.swift in Sources */,
				D6CEA2FA2A78269F0017020E /* LocalPokemonListLoader.swift in Sources */,
				D6AF1AC72A7B721D00B5C5D1 /* ManagedPokemonListItem.swift in Sources */,
				D654E36C2A147FA80039F033 /* RemoteDataMapper.swift in Sources */,
				F7FC0DC12A0FC803009FD50B /* URLSessionHTTPClient.swift in Sources */,
				D66D7C792A13EB3700F360EF /* PokemonList.swift in Sources */,
				D60BEF402A7D7B4900E8126E /* CoreDataPokemonListStore+PokemonListStore.swift in Sources */,
				D65229612A703FB800C81F05 /* DetailPokemon.swift in Sources */,
				D652295F2A703F8000C81F05 /* DetailPokemonRemoteMapper.swift in Sources */,
				D66D7C7B2A13EE5700F360EF /* PokemonListRemote.swift in Sources */,
				D60BEF422A7D7C5F00E8126E /* CoreDataPokemonListStore+PokemonListImageStore.swift in Sources */,
				D6AF1ABD2A7B6BA800B5C5D1 /* CoreDataPokemonListStore.swift in Sources */,
				D6F701BF2A7C22B50053A811 /* LocalPokemonListImageLoader.swift in Sources */,
				D6AF1AC02A7B6BD600B5C5D1 /* PokemonListStore.xcdatamodeld in Sources */,
				D62098FB2A1C628800AA2249 /* ResourceView.swift in Sources */,
				D6360FE72A234B3800A28F11 /* PokemonListPresenter.swift in Sources */,
				D66787DB2A29FC2900F8CC3C /* ListPokemonItemImage.swift in Sources */,
				D6BF59702A722939008175E5 /* DetailPokemonImage.swift in Sources */,
				D65229672A7053F400C81F05 /* PokemonDetailInfoViewModel.swift in Sources */,
				D6AF1AC82A7B721D00B5C5D1 /* ManagedPokemonListCache.swift in Sources */,
				D66787CF2A29CC8800F8CC3C /* PokemonListViewModel.swift in Sources */,
				D6CEA2F82A7826700017020E /* LocalPokemonList.swift in Sources */,
				D654E36E2A1482040039F033 /* HTTPURLResponse+CodeChecking.swift in Sources */,
				D6AF1ACC2A7B7AAE00B5C5D1 /* CoreDataHelpers.swift in Sources */,
				D652296B2A70593900C81F05 /* DetailPokemonPresenter.swift in Sources */,
				D6AF1AC22A7B717B00B5C5D1 /* CachedPokemonList.swift in Sources */,
			);
			runOnlyForDeploymentPostprocessing = 0;
		};
		F7FC0DA82A0FC5A6009FD50B /* Sources */ = {
			isa = PBXSourcesBuildPhase;
			buildActionMask = 2147483647;
			files = (
				D6F701C12A7C22D60053A811 /* PokemonListImageStoreSpy.swift in Sources */,
				D62099002A1C689900AA2249 /* SharedLocalizationTests.swift in Sources */,
				D6F701BD2A7C17C80053A811 /* LoadPokemonListImageFromCacheUseCaseTests.swift in Sources */,
				D6CEA2FE2A7827250017020E /* PokemonListStoreSpy.swift in Sources */,
				D60BEF3E2A7D70FA00E8126E /* CoreDataPokemonListImageStoreTests.swift in Sources */,
				D66D7C702A13DB2E00F360EF /* RemoteMapperTests.swift in Sources */,
				D6CEA2FC2A78270A0017020E /* Date+Cache.swift in Sources */,
				D65229642A7052CF00C81F05 /* DetailPokemonPresenterTests.swift in Sources */,
				D652295A2A7039EF00C81F05 /* DetailPokemonRemoteMapperTests.swift in Sources */,
				D60BEF472A7E80CC00E8126E /* NSManagedObjectContext+Stub.swift in Sources */,
				D60BEF392A7D5FE500E8126E /* CachePokemonListImageUseCaseTests.swift in Sources */,
				D6360FEC2A234E4C00A28F11 /* PokemonListPresenterTests.swift in Sources */,
				D60141062A794E15007B2F46 /* CachePokemonListUseCaseTests.swift in Sources */,
				D654E36A2A147F220039F033 /* RemoteDataMapperTests.swift in Sources */,
				D6CEA2F42A780DF80017020E /* LoadPokemonListFromCacheUseCaseTests.swift in Sources */,
				F7FC0DBF2A0FC7EF009FD50B /* URLSessionHTTPClientTests.swift in Sources */,
				D6360FEE2A234FEE00A28F11 /* LocalizationHelpers.swift in Sources */,
				D601410A2A795985007B2F46 /* ValidatePokemonListCacheUseCaseTests.swift in Sources */,
				F7FC0DC92A0FCB00009FD50B /* XCTestCase+MemoryLeakTracking.swift in Sources */,
				D6AF1ABA2A7AD31300B5C5D1 /* CoreDataPokemonListStoreTests.swift in Sources */,
				F7FC0DC62A0FCA13009FD50B /* URLProtocolStub.swift in Sources */,
				D60141082A794FB8007B2F46 /* LocalPokemonListCreation.swift in Sources */,
				D6679FA02A7F5F81003F079B /* PokemonListStoreSpecs.swift in Sources */,
				D62098F02A1BAAF400AA2249 /* LoadingResourcePresenterTests.swift in Sources */,
				D66D7C7E2A13EF7700F360EF /* PokemonListRemoteMapperTests.swift in Sources */,
				F7FC0DC32A0FC97D009FD50B /* SharedTestHelpers.swift in Sources */,
			);
			runOnlyForDeploymentPostprocessing = 0;
		};
/* End PBXSourcesBuildPhase section */

/* Begin PBXTargetDependency section */
		F7FC0DAF2A0FC5A6009FD50B /* PBXTargetDependency */ = {
			isa = PBXTargetDependency;
			target = F7FC0DA32A0FC5A6009FD50B /* Pokepedia */;
			targetProxy = F7FC0DAE2A0FC5A6009FD50B /* PBXContainerItemProxy */;
		};
/* End PBXTargetDependency section */

/* Begin PBXVariantGroup section */
		D62098F52A1C5C7D00AA2249 /* Shared.strings */ = {
			isa = PBXVariantGroup;
			children = (
				D62098F42A1C5C7D00AA2249 /* en */,
				D62098F62A1C5CB900AA2249 /* ru */,
			);
			name = Shared.strings;
			sourceTree = "<group>";
		};
		D6360FF32A23529800A28F11 /* PokemonList.strings */ = {
			isa = PBXVariantGroup;
			children = (
				D6360FF22A23529800A28F11 /* en */,
				D6360FF42A23529B00A28F11 /* ru */,
			);
			name = PokemonList.strings;
			sourceTree = "<group>";
		};
		D6B1DAEF2A73E2C300683BFD /* PokemonDetail.strings */ = {
			isa = PBXVariantGroup;
			children = (
				D6B1DAEE2A73E2C300683BFD /* en */,
				D6B1DAF02A73E2C800683BFD /* ru */,
			);
			name = PokemonDetail.strings;
			sourceTree = "<group>";
		};
/* End PBXVariantGroup section */

/* Begin XCBuildConfiguration section */
		F7FC0DB42A0FC5A6009FD50B /* Debug */ = {
			isa = XCBuildConfiguration;
			buildSettings = {
				ALLOW_TARGET_PLATFORM_SPECIALIZATION = YES;
				ALWAYS_SEARCH_USER_PATHS = NO;
				CLANG_ANALYZER_LOCALIZABILITY_NONLOCALIZED = YES;
				CLANG_ANALYZER_NONNULL = YES;
				CLANG_ANALYZER_NUMBER_OBJECT_CONVERSION = YES_AGGRESSIVE;
				CLANG_CXX_LANGUAGE_STANDARD = "gnu++20";
				CLANG_ENABLE_MODULES = YES;
				CLANG_ENABLE_OBJC_ARC = YES;
				CLANG_ENABLE_OBJC_WEAK = YES;
				CLANG_WARN_BLOCK_CAPTURE_AUTORELEASING = YES;
				CLANG_WARN_BOOL_CONVERSION = YES;
				CLANG_WARN_COMMA = YES;
				CLANG_WARN_CONSTANT_CONVERSION = YES;
				CLANG_WARN_DEPRECATED_OBJC_IMPLEMENTATIONS = YES;
				CLANG_WARN_DIRECT_OBJC_ISA_USAGE = YES_ERROR;
				CLANG_WARN_DOCUMENTATION_COMMENTS = YES;
				CLANG_WARN_EMPTY_BODY = YES;
				CLANG_WARN_ENUM_CONVERSION = YES;
				CLANG_WARN_INFINITE_RECURSION = YES;
				CLANG_WARN_INT_CONVERSION = YES;
				CLANG_WARN_NON_LITERAL_NULL_CONVERSION = YES;
				CLANG_WARN_OBJC_IMPLICIT_RETAIN_SELF = YES;
				CLANG_WARN_OBJC_LITERAL_CONVERSION = YES;
				CLANG_WARN_OBJC_ROOT_CLASS = YES_ERROR;
				CLANG_WARN_QUOTED_INCLUDE_IN_FRAMEWORK_HEADER = YES;
				CLANG_WARN_RANGE_LOOP_ANALYSIS = YES;
				CLANG_WARN_STRICT_PROTOTYPES = YES;
				CLANG_WARN_SUSPICIOUS_MOVE = YES;
				CLANG_WARN_UNGUARDED_AVAILABILITY = YES_AGGRESSIVE;
				CLANG_WARN_UNREACHABLE_CODE = YES;
				CLANG_WARN__DUPLICATE_METHOD_MATCH = YES;
				COPY_PHASE_STRIP = NO;
				CURRENT_PROJECT_VERSION = 1;
				DEAD_CODE_STRIPPING = YES;
				DEBUG_INFORMATION_FORMAT = dwarf;
				ENABLE_STRICT_OBJC_MSGSEND = YES;
				ENABLE_TESTABILITY = YES;
				GCC_C_LANGUAGE_STANDARD = gnu11;
				GCC_DYNAMIC_NO_PIC = NO;
				GCC_NO_COMMON_BLOCKS = YES;
				GCC_OPTIMIZATION_LEVEL = 0;
				GCC_PREPROCESSOR_DEFINITIONS = (
					"DEBUG=1",
					"$(inherited)",
				);
				GCC_WARN_64_TO_32_BIT_CONVERSION = YES;
				GCC_WARN_ABOUT_RETURN_TYPE = YES_ERROR;
				GCC_WARN_UNDECLARED_SELECTOR = YES;
				GCC_WARN_UNINITIALIZED_AUTOS = YES_AGGRESSIVE;
				GCC_WARN_UNUSED_FUNCTION = YES;
				GCC_WARN_UNUSED_VARIABLE = YES;
				MACOSX_DEPLOYMENT_TARGET = 12.6;
				MTL_ENABLE_DEBUG_INFO = INCLUDE_SOURCE;
				MTL_FAST_MATH = YES;
				ONLY_ACTIVE_ARCH = YES;
				SDKROOT = macosx;
				SUPPORTS_MACCATALYST = YES;
				SWIFT_ACTIVE_COMPILATION_CONDITIONS = DEBUG;
				SWIFT_OPTIMIZATION_LEVEL = "-Onone";
				VERSIONING_SYSTEM = "apple-generic";
				VERSION_INFO_PREFIX = "";
			};
			name = Debug;
		};
		F7FC0DB52A0FC5A6009FD50B /* Release */ = {
			isa = XCBuildConfiguration;
			buildSettings = {
				ALLOW_TARGET_PLATFORM_SPECIALIZATION = YES;
				ALWAYS_SEARCH_USER_PATHS = NO;
				CLANG_ANALYZER_LOCALIZABILITY_NONLOCALIZED = YES;
				CLANG_ANALYZER_NONNULL = YES;
				CLANG_ANALYZER_NUMBER_OBJECT_CONVERSION = YES_AGGRESSIVE;
				CLANG_CXX_LANGUAGE_STANDARD = "gnu++20";
				CLANG_ENABLE_MODULES = YES;
				CLANG_ENABLE_OBJC_ARC = YES;
				CLANG_ENABLE_OBJC_WEAK = YES;
				CLANG_WARN_BLOCK_CAPTURE_AUTORELEASING = YES;
				CLANG_WARN_BOOL_CONVERSION = YES;
				CLANG_WARN_COMMA = YES;
				CLANG_WARN_CONSTANT_CONVERSION = YES;
				CLANG_WARN_DEPRECATED_OBJC_IMPLEMENTATIONS = YES;
				CLANG_WARN_DIRECT_OBJC_ISA_USAGE = YES_ERROR;
				CLANG_WARN_DOCUMENTATION_COMMENTS = YES;
				CLANG_WARN_EMPTY_BODY = YES;
				CLANG_WARN_ENUM_CONVERSION = YES;
				CLANG_WARN_INFINITE_RECURSION = YES;
				CLANG_WARN_INT_CONVERSION = YES;
				CLANG_WARN_NON_LITERAL_NULL_CONVERSION = YES;
				CLANG_WARN_OBJC_IMPLICIT_RETAIN_SELF = YES;
				CLANG_WARN_OBJC_LITERAL_CONVERSION = YES;
				CLANG_WARN_OBJC_ROOT_CLASS = YES_ERROR;
				CLANG_WARN_QUOTED_INCLUDE_IN_FRAMEWORK_HEADER = YES;
				CLANG_WARN_RANGE_LOOP_ANALYSIS = YES;
				CLANG_WARN_STRICT_PROTOTYPES = YES;
				CLANG_WARN_SUSPICIOUS_MOVE = YES;
				CLANG_WARN_UNGUARDED_AVAILABILITY = YES_AGGRESSIVE;
				CLANG_WARN_UNREACHABLE_CODE = YES;
				CLANG_WARN__DUPLICATE_METHOD_MATCH = YES;
				COPY_PHASE_STRIP = NO;
				CURRENT_PROJECT_VERSION = 1;
				DEAD_CODE_STRIPPING = YES;
				DEBUG_INFORMATION_FORMAT = "dwarf-with-dsym";
				ENABLE_NS_ASSERTIONS = NO;
				ENABLE_STRICT_OBJC_MSGSEND = YES;
				GCC_C_LANGUAGE_STANDARD = gnu11;
				GCC_NO_COMMON_BLOCKS = YES;
				GCC_WARN_64_TO_32_BIT_CONVERSION = YES;
				GCC_WARN_ABOUT_RETURN_TYPE = YES_ERROR;
				GCC_WARN_UNDECLARED_SELECTOR = YES;
				GCC_WARN_UNINITIALIZED_AUTOS = YES_AGGRESSIVE;
				GCC_WARN_UNUSED_FUNCTION = YES;
				GCC_WARN_UNUSED_VARIABLE = YES;
				MACOSX_DEPLOYMENT_TARGET = 12.6;
				MTL_ENABLE_DEBUG_INFO = NO;
				MTL_FAST_MATH = YES;
				SDKROOT = macosx;
				SUPPORTS_MACCATALYST = YES;
				SWIFT_COMPILATION_MODE = wholemodule;
				SWIFT_OPTIMIZATION_LEVEL = "-O";
				VERSIONING_SYSTEM = "apple-generic";
				VERSION_INFO_PREFIX = "";
			};
			name = Release;
		};
		F7FC0DB72A0FC5A6009FD50B /* Debug */ = {
			isa = XCBuildConfiguration;
			buildSettings = {
				CLANG_ENABLE_MODULES = YES;
				CODE_SIGN_STYLE = Automatic;
				COMBINE_HIDPI_IMAGES = YES;
				CURRENT_PROJECT_VERSION = 1;
				DEAD_CODE_STRIPPING = YES;
				DEFINES_MODULE = YES;
				DYLIB_COMPATIBILITY_VERSION = 1;
				DYLIB_CURRENT_VERSION = 1;
				DYLIB_INSTALL_NAME_BASE = "@rpath";
				ENABLE_MODULE_VERIFIER = YES;
				GENERATE_INFOPLIST_FILE = YES;
				INFOPLIST_KEY_NSHumanReadableCopyright = "";
				INSTALL_PATH = "$(LOCAL_LIBRARY_DIR)/Frameworks";
				LD_RUNPATH_SEARCH_PATHS = (
					"$(inherited)",
					"@executable_path/../Frameworks",
					"@loader_path/Frameworks",
				);
				MARKETING_VERSION = 1.0;
				MODULE_VERIFIER_SUPPORTED_LANGUAGES = "objective-c objective-c++";
				MODULE_VERIFIER_SUPPORTED_LANGUAGE_STANDARDS = "gnu11 gnu++20";
				PRODUCT_BUNDLE_IDENTIFIER = klyotskin.Pokepedia;
				PRODUCT_NAME = "$(TARGET_NAME:c99extidentifier)";
				SKIP_INSTALL = YES;
				SUPPORTED_PLATFORMS = "iphoneos iphonesimulator macosx";
				SUPPORTS_MACCATALYST = NO;
				SUPPORTS_MAC_DESIGNED_FOR_IPHONE_IPAD = NO;
				SWIFT_EMIT_LOC_STRINGS = YES;
				SWIFT_OPTIMIZATION_LEVEL = "-Onone";
				SWIFT_VERSION = 5.0;
				TARGETED_DEVICE_FAMILY = 1;
			};
			name = Debug;
		};
		F7FC0DB82A0FC5A6009FD50B /* Release */ = {
			isa = XCBuildConfiguration;
			buildSettings = {
				CLANG_ENABLE_MODULES = YES;
				CODE_SIGN_STYLE = Automatic;
				COMBINE_HIDPI_IMAGES = YES;
				CURRENT_PROJECT_VERSION = 1;
				DEAD_CODE_STRIPPING = YES;
				DEFINES_MODULE = YES;
				DYLIB_COMPATIBILITY_VERSION = 1;
				DYLIB_CURRENT_VERSION = 1;
				DYLIB_INSTALL_NAME_BASE = "@rpath";
				ENABLE_MODULE_VERIFIER = YES;
				GENERATE_INFOPLIST_FILE = YES;
				INFOPLIST_KEY_NSHumanReadableCopyright = "";
				INSTALL_PATH = "$(LOCAL_LIBRARY_DIR)/Frameworks";
				LD_RUNPATH_SEARCH_PATHS = (
					"$(inherited)",
					"@executable_path/../Frameworks",
					"@loader_path/Frameworks",
				);
				MARKETING_VERSION = 1.0;
				MODULE_VERIFIER_SUPPORTED_LANGUAGES = "objective-c objective-c++";
				MODULE_VERIFIER_SUPPORTED_LANGUAGE_STANDARDS = "gnu11 gnu++20";
				PRODUCT_BUNDLE_IDENTIFIER = klyotskin.Pokepedia;
				PRODUCT_NAME = "$(TARGET_NAME:c99extidentifier)";
				SKIP_INSTALL = YES;
				SUPPORTED_PLATFORMS = "iphoneos iphonesimulator macosx";
				SUPPORTS_MACCATALYST = NO;
				SUPPORTS_MAC_DESIGNED_FOR_IPHONE_IPAD = NO;
				SWIFT_EMIT_LOC_STRINGS = YES;
				SWIFT_VERSION = 5.0;
				TARGETED_DEVICE_FAMILY = 1;
			};
			name = Release;
		};
		F7FC0DBA2A0FC5A6009FD50B /* Debug */ = {
			isa = XCBuildConfiguration;
			buildSettings = {
				ALWAYS_EMBED_SWIFT_STANDARD_LIBRARIES = YES;
				CODE_SIGN_STYLE = Automatic;
				CURRENT_PROJECT_VERSION = 1;
				DEAD_CODE_STRIPPING = YES;
				GENERATE_INFOPLIST_FILE = YES;
				MARKETING_VERSION = 1.0;
				PRODUCT_BUNDLE_IDENTIFIER = klyotskin.PokepediaTests;
				PRODUCT_NAME = "$(TARGET_NAME)";
				SWIFT_EMIT_LOC_STRINGS = NO;
				SWIFT_VERSION = 5.0;
			};
			name = Debug;
		};
		F7FC0DBB2A0FC5A6009FD50B /* Release */ = {
			isa = XCBuildConfiguration;
			buildSettings = {
				ALWAYS_EMBED_SWIFT_STANDARD_LIBRARIES = YES;
				CODE_SIGN_STYLE = Automatic;
				CURRENT_PROJECT_VERSION = 1;
				DEAD_CODE_STRIPPING = YES;
				GENERATE_INFOPLIST_FILE = YES;
				MARKETING_VERSION = 1.0;
				PRODUCT_BUNDLE_IDENTIFIER = klyotskin.PokepediaTests;
				PRODUCT_NAME = "$(TARGET_NAME)";
				SWIFT_EMIT_LOC_STRINGS = NO;
				SWIFT_VERSION = 5.0;
			};
			name = Release;
		};
/* End XCBuildConfiguration section */

/* Begin XCConfigurationList section */
		F7FC0D9E2A0FC5A6009FD50B /* Build configuration list for PBXProject "Pokepedia" */ = {
			isa = XCConfigurationList;
			buildConfigurations = (
				F7FC0DB42A0FC5A6009FD50B /* Debug */,
				F7FC0DB52A0FC5A6009FD50B /* Release */,
			);
			defaultConfigurationIsVisible = 0;
			defaultConfigurationName = Release;
		};
		F7FC0DB62A0FC5A6009FD50B /* Build configuration list for PBXNativeTarget "Pokepedia" */ = {
			isa = XCConfigurationList;
			buildConfigurations = (
				F7FC0DB72A0FC5A6009FD50B /* Debug */,
				F7FC0DB82A0FC5A6009FD50B /* Release */,
			);
			defaultConfigurationIsVisible = 0;
			defaultConfigurationName = Release;
		};
		F7FC0DB92A0FC5A6009FD50B /* Build configuration list for PBXNativeTarget "PokepediaTests" */ = {
			isa = XCConfigurationList;
			buildConfigurations = (
				F7FC0DBA2A0FC5A6009FD50B /* Debug */,
				F7FC0DBB2A0FC5A6009FD50B /* Release */,
			);
			defaultConfigurationIsVisible = 0;
			defaultConfigurationName = Release;
		};
/* End XCConfigurationList section */

/* Begin XCVersionGroup section */
		D6AF1ABE2A7B6BD600B5C5D1 /* PokemonListStore.xcdatamodeld */ = {
			isa = XCVersionGroup;
			children = (
				D6AF1ABF2A7B6BD600B5C5D1 /* PokemonListStore.xcdatamodel */,
			);
			currentVersion = D6AF1ABF2A7B6BD600B5C5D1 /* PokemonListStore.xcdatamodel */;
			path = PokemonListStore.xcdatamodeld;
			sourceTree = "<group>";
			versionGroupType = wrapper.xcdatamodel;
		};
/* End XCVersionGroup section */
	};
	rootObject = F7FC0D9B2A0FC5A6009FD50B /* Project object */;
}
