// !$*UTF8*$!
{
	archiveVersion = 1;
	classes = {
	};
	objectVersion = 56;
	objects = {

/* Begin PBXBuildFile section */
		D62098E52A193E8C00AA2249 /* LocalSaverTests.swift in Sources */ = {isa = PBXBuildFile; fileRef = D62098E42A193E8C00AA2249 /* LocalSaverTests.swift */; };
		D62098E72A194CF500AA2249 /* LocalSaver.swift in Sources */ = {isa = PBXBuildFile; fileRef = D62098E62A194CF500AA2249 /* LocalSaver.swift */; };
		D62098E92A1A247F00AA2249 /* LocalValidatorTests.swift in Sources */ = {isa = PBXBuildFile; fileRef = D62098E82A1A247F00AA2249 /* LocalValidatorTests.swift */; };
		D62098EB2A1A304000AA2249 /* LocalValidator.swift in Sources */ = {isa = PBXBuildFile; fileRef = D62098EA2A1A304000AA2249 /* LocalValidator.swift */; };
		D62098ED2A1A314900AA2249 /* CacheTestsHelpers.swift in Sources */ = {isa = PBXBuildFile; fileRef = D62098EC2A1A314900AA2249 /* CacheTestsHelpers.swift */; };
		D62098F02A1BAAF400AA2249 /* LoadingResourcePresenterTests.swift in Sources */ = {isa = PBXBuildFile; fileRef = D62098EF2A1BAAF400AA2249 /* LoadingResourcePresenterTests.swift */; };
		D62098F32A1C5C7D00AA2249 /* Shared.strings in Resources */ = {isa = PBXBuildFile; fileRef = D62098F52A1C5C7D00AA2249 /* Shared.strings */; };
		D62098F92A1C5DB400AA2249 /* LoadingResourcePresenter.swift in Sources */ = {isa = PBXBuildFile; fileRef = D62098F82A1C5DB400AA2249 /* LoadingResourcePresenter.swift */; };
		D63084992A1683AD0097BC5C /* LocalLoaderTests.swift in Sources */ = {isa = PBXBuildFile; fileRef = D63084982A1683AD0097BC5C /* LocalLoaderTests.swift */; };
		D645BD1A2A17EAEF00E6E145 /* LocalLoader.swift in Sources */ = {isa = PBXBuildFile; fileRef = D645BD192A17EAEF00E6E145 /* LocalLoader.swift */; };
		D645BD1D2A17EB7900E6E145 /* StoreMock.swift in Sources */ = {isa = PBXBuildFile; fileRef = D645BD1C2A17EB7900E6E145 /* StoreMock.swift */; };
		D654E36A2A147F220039F033 /* RemoteDataMapperTests.swift in Sources */ = {isa = PBXBuildFile; fileRef = D654E3692A147F220039F033 /* RemoteDataMapperTests.swift */; };
		D654E36C2A147FA80039F033 /* RemoteDataMapper.swift in Sources */ = {isa = PBXBuildFile; fileRef = D654E36B2A147FA80039F033 /* RemoteDataMapper.swift */; };
		D654E36E2A1482040039F033 /* HTTPURLResponse+CodeChecking.swift in Sources */ = {isa = PBXBuildFile; fileRef = D654E36D2A1482040039F033 /* HTTPURLResponse+CodeChecking.swift */; };
		D66D7C702A13DB2E00F360EF /* RemoteMapperTests.swift in Sources */ = {isa = PBXBuildFile; fileRef = D66D7C6F2A13DB2E00F360EF /* RemoteMapperTests.swift */; };
		D66D7C732A13DCCC00F360EF /* RemoteMapper.swift in Sources */ = {isa = PBXBuildFile; fileRef = D66D7C722A13DCCC00F360EF /* RemoteMapper.swift */; };
		D66D7C792A13EB3700F360EF /* PokemonList.swift in Sources */ = {isa = PBXBuildFile; fileRef = D66D7C782A13EB3700F360EF /* PokemonList.swift */; };
		D66D7C7B2A13EE5700F360EF /* PokemonListRemote.swift in Sources */ = {isa = PBXBuildFile; fileRef = D66D7C7A2A13EE5700F360EF /* PokemonListRemote.swift */; };
		D66D7C7E2A13EF7700F360EF /* PokemonListRemoteMapperTests.swift in Sources */ = {isa = PBXBuildFile; fileRef = D66D7C7D2A13EF7700F360EF /* PokemonListRemoteMapperTests.swift */; };
		D66D7C802A13EF8900F360EF /* PokemonListRemoteMapper.swift in Sources */ = {isa = PBXBuildFile; fileRef = D66D7C7F2A13EF8900F360EF /* PokemonListRemoteMapper.swift */; };
		F7FC0DAD2A0FC5A6009FD50B /* Pokepedia.framework in Frameworks */ = {isa = PBXBuildFile; fileRef = F7FC0DA42A0FC5A6009FD50B /* Pokepedia.framework */; };
		F7FC0DBF2A0FC7EF009FD50B /* URLSessionHTTPClientTests.swift in Sources */ = {isa = PBXBuildFile; fileRef = F7FC0DBE2A0FC7EF009FD50B /* URLSessionHTTPClientTests.swift */; };
		F7FC0DC12A0FC803009FD50B /* URLSessionHTTPClient.swift in Sources */ = {isa = PBXBuildFile; fileRef = F7FC0DC02A0FC803009FD50B /* URLSessionHTTPClient.swift */; };
		F7FC0DC32A0FC97D009FD50B /* SharedTestHelpers.swift in Sources */ = {isa = PBXBuildFile; fileRef = F7FC0DC22A0FC97D009FD50B /* SharedTestHelpers.swift */; };
		F7FC0DC62A0FCA13009FD50B /* URLProtocolStub.swift in Sources */ = {isa = PBXBuildFile; fileRef = F7FC0DC52A0FCA13009FD50B /* URLProtocolStub.swift */; };
		F7FC0DC92A0FCB00009FD50B /* XCTestCase+MemoryLeakTracking.swift in Sources */ = {isa = PBXBuildFile; fileRef = F7FC0DC82A0FCB00009FD50B /* XCTestCase+MemoryLeakTracking.swift */; };
/* End PBXBuildFile section */

/* Begin PBXContainerItemProxy section */
		F7FC0DAE2A0FC5A6009FD50B /* PBXContainerItemProxy */ = {
			isa = PBXContainerItemProxy;
			containerPortal = F7FC0D9B2A0FC5A6009FD50B /* Project object */;
			proxyType = 1;
			remoteGlobalIDString = F7FC0DA32A0FC5A6009FD50B;
			remoteInfo = Pokepedia;
		};
/* End PBXContainerItemProxy section */

/* Begin PBXFileReference section */
		D62098E42A193E8C00AA2249 /* LocalSaverTests.swift */ = {isa = PBXFileReference; lastKnownFileType = sourcecode.swift; path = LocalSaverTests.swift; sourceTree = "<group>"; };
		D62098E62A194CF500AA2249 /* LocalSaver.swift */ = {isa = PBXFileReference; lastKnownFileType = sourcecode.swift; path = LocalSaver.swift; sourceTree = "<group>"; };
		D62098E82A1A247F00AA2249 /* LocalValidatorTests.swift */ = {isa = PBXFileReference; lastKnownFileType = sourcecode.swift; path = LocalValidatorTests.swift; sourceTree = "<group>"; };
		D62098EA2A1A304000AA2249 /* LocalValidator.swift */ = {isa = PBXFileReference; lastKnownFileType = sourcecode.swift; path = LocalValidator.swift; sourceTree = "<group>"; };
		D62098EC2A1A314900AA2249 /* CacheTestsHelpers.swift */ = {isa = PBXFileReference; lastKnownFileType = sourcecode.swift; path = CacheTestsHelpers.swift; sourceTree = "<group>"; };
		D62098EF2A1BAAF400AA2249 /* LoadingResourcePresenterTests.swift */ = {isa = PBXFileReference; lastKnownFileType = sourcecode.swift; path = LoadingResourcePresenterTests.swift; sourceTree = "<group>"; };
		D62098F42A1C5C7D00AA2249 /* en */ = {isa = PBXFileReference; lastKnownFileType = text.plist.strings; name = en; path = en.lproj/Shared.strings; sourceTree = "<group>"; };
		D62098F62A1C5CB900AA2249 /* ru */ = {isa = PBXFileReference; lastKnownFileType = text.plist.strings; name = ru; path = ru.lproj/Shared.strings; sourceTree = "<group>"; };
		D62098F82A1C5DB400AA2249 /* LoadingResourcePresenter.swift */ = {isa = PBXFileReference; lastKnownFileType = sourcecode.swift; path = LoadingResourcePresenter.swift; sourceTree = "<group>"; };
		D63084982A1683AD0097BC5C /* LocalLoaderTests.swift */ = {isa = PBXFileReference; lastKnownFileType = sourcecode.swift; path = LocalLoaderTests.swift; sourceTree = "<group>"; };
		D645BD192A17EAEF00E6E145 /* LocalLoader.swift */ = {isa = PBXFileReference; lastKnownFileType = sourcecode.swift; path = LocalLoader.swift; sourceTree = "<group>"; };
		D645BD1C2A17EB7900E6E145 /* StoreMock.swift */ = {isa = PBXFileReference; lastKnownFileType = sourcecode.swift; path = StoreMock.swift; sourceTree = "<group>"; };
		D654E3692A147F220039F033 /* RemoteDataMapperTests.swift */ = {isa = PBXFileReference; lastKnownFileType = sourcecode.swift; path = RemoteDataMapperTests.swift; sourceTree = "<group>"; };
		D654E36B2A147FA80039F033 /* RemoteDataMapper.swift */ = {isa = PBXFileReference; lastKnownFileType = sourcecode.swift; path = RemoteDataMapper.swift; sourceTree = "<group>"; };
		D654E36D2A1482040039F033 /* HTTPURLResponse+CodeChecking.swift */ = {isa = PBXFileReference; lastKnownFileType = sourcecode.swift; path = "HTTPURLResponse+CodeChecking.swift"; sourceTree = "<group>"; };
		D66D7C6F2A13DB2E00F360EF /* RemoteMapperTests.swift */ = {isa = PBXFileReference; lastKnownFileType = sourcecode.swift; path = RemoteMapperTests.swift; sourceTree = "<group>"; };
		D66D7C722A13DCCC00F360EF /* RemoteMapper.swift */ = {isa = PBXFileReference; lastKnownFileType = sourcecode.swift; path = RemoteMapper.swift; sourceTree = "<group>"; };
		D66D7C782A13EB3700F360EF /* PokemonList.swift */ = {isa = PBXFileReference; lastKnownFileType = sourcecode.swift; path = PokemonList.swift; sourceTree = "<group>"; };
		D66D7C7A2A13EE5700F360EF /* PokemonListRemote.swift */ = {isa = PBXFileReference; lastKnownFileType = sourcecode.swift; path = PokemonListRemote.swift; sourceTree = "<group>"; };
		D66D7C7D2A13EF7700F360EF /* PokemonListRemoteMapperTests.swift */ = {isa = PBXFileReference; lastKnownFileType = sourcecode.swift; path = PokemonListRemoteMapperTests.swift; sourceTree = "<group>"; };
		D66D7C7F2A13EF8900F360EF /* PokemonListRemoteMapper.swift */ = {isa = PBXFileReference; lastKnownFileType = sourcecode.swift; path = PokemonListRemoteMapper.swift; sourceTree = "<group>"; };
		D6E721C82A12A17F0092C5E6 /* CI_macOS_TP.xctestplan */ = {isa = PBXFileReference; lastKnownFileType = text; path = CI_macOS_TP.xctestplan; sourceTree = "<group>"; };
		D6E721C92A12A17F0092C5E6 /* Pokepedia_TP.xctestplan */ = {isa = PBXFileReference; lastKnownFileType = text; path = Pokepedia_TP.xctestplan; sourceTree = "<group>"; };
		F7FC0DA42A0FC5A6009FD50B /* Pokepedia.framework */ = {isa = PBXFileReference; explicitFileType = wrapper.framework; includeInIndex = 0; path = Pokepedia.framework; sourceTree = BUILT_PRODUCTS_DIR; };
		F7FC0DAC2A0FC5A6009FD50B /* PokepediaTests.xctest */ = {isa = PBXFileReference; explicitFileType = wrapper.cfbundle; includeInIndex = 0; path = PokepediaTests.xctest; sourceTree = BUILT_PRODUCTS_DIR; };
		F7FC0DBE2A0FC7EF009FD50B /* URLSessionHTTPClientTests.swift */ = {isa = PBXFileReference; lastKnownFileType = sourcecode.swift; path = URLSessionHTTPClientTests.swift; sourceTree = "<group>"; };
		F7FC0DC02A0FC803009FD50B /* URLSessionHTTPClient.swift */ = {isa = PBXFileReference; lastKnownFileType = sourcecode.swift; path = URLSessionHTTPClient.swift; sourceTree = "<group>"; };
		F7FC0DC22A0FC97D009FD50B /* SharedTestHelpers.swift */ = {isa = PBXFileReference; lastKnownFileType = sourcecode.swift; path = SharedTestHelpers.swift; sourceTree = "<group>"; };
		F7FC0DC52A0FCA13009FD50B /* URLProtocolStub.swift */ = {isa = PBXFileReference; lastKnownFileType = sourcecode.swift; path = URLProtocolStub.swift; sourceTree = "<group>"; };
		F7FC0DC82A0FCB00009FD50B /* XCTestCase+MemoryLeakTracking.swift */ = {isa = PBXFileReference; lastKnownFileType = sourcecode.swift; path = "XCTestCase+MemoryLeakTracking.swift"; sourceTree = "<group>"; };
/* End PBXFileReference section */

/* Begin PBXFrameworksBuildPhase section */
		F7FC0DA12A0FC5A6009FD50B /* Frameworks */ = {
			isa = PBXFrameworksBuildPhase;
			buildActionMask = 2147483647;
			files = (
			);
			runOnlyForDeploymentPostprocessing = 0;
		};
		F7FC0DA92A0FC5A6009FD50B /* Frameworks */ = {
			isa = PBXFrameworksBuildPhase;
			buildActionMask = 2147483647;
			files = (
				F7FC0DAD2A0FC5A6009FD50B /* Pokepedia.framework in Frameworks */,
			);
			runOnlyForDeploymentPostprocessing = 0;
		};
/* End PBXFrameworksBuildPhase section */

/* Begin PBXGroup section */
		D62098EE2A1BAA1200AA2249 /* Shared Presentation */ = {
			isa = PBXGroup;
			children = (
				D62098EF2A1BAAF400AA2249 /* LoadingResourcePresenterTests.swift */,
			);
			path = "Shared Presentation";
			sourceTree = "<group>";
		};
		D62098F72A1C5D6D00AA2249 /* Shared Presentation */ = {
			isa = PBXGroup;
			children = (
				D62098F52A1C5C7D00AA2249 /* Shared.strings */,
				D62098F82A1C5DB400AA2249 /* LoadingResourcePresenter.swift */,
			);
			path = "Shared Presentation";
			sourceTree = "<group>";
		};
		D63084962A1682BD0097BC5C /* Shared Cache */ = {
			isa = PBXGroup;
			children = (
				D645BD1B2A17EB5B00E6E145 /* Helpers */,
				D63084982A1683AD0097BC5C /* LocalLoaderTests.swift */,
				D62098E42A193E8C00AA2249 /* LocalSaverTests.swift */,
				D62098E82A1A247F00AA2249 /* LocalValidatorTests.swift */,
			);
			path = "Shared Cache";
			sourceTree = "<group>";
		};
		D645BD182A17EAD900E6E145 /* Shared Cache */ = {
			isa = PBXGroup;
			children = (
				D645BD192A17EAEF00E6E145 /* LocalLoader.swift */,
				D62098E62A194CF500AA2249 /* LocalSaver.swift */,
				D62098EA2A1A304000AA2249 /* LocalValidator.swift */,
			);
			path = "Shared Cache";
			sourceTree = "<group>";
		};
		D645BD1B2A17EB5B00E6E145 /* Helpers */ = {
			isa = PBXGroup;
			children = (
				D645BD1C2A17EB7900E6E145 /* StoreMock.swift */,
				D62098EC2A1A314900AA2249 /* CacheTestsHelpers.swift */,
			);
			path = Helpers;
			sourceTree = "<group>";
		};
		D66D7C6D2A13DA9D00F360EF /* Shared API */ = {
			isa = PBXGroup;
			children = (
				D66D7C6F2A13DB2E00F360EF /* RemoteMapperTests.swift */,
				D654E3692A147F220039F033 /* RemoteDataMapperTests.swift */,
			);
			path = "Shared API";
			sourceTree = "<group>";
		};
		D66D7C712A13DC5F00F360EF /* Shared API */ = {
			isa = PBXGroup;
			children = (
				D66D7C722A13DCCC00F360EF /* RemoteMapper.swift */,
				D654E36B2A147FA80039F033 /* RemoteDataMapper.swift */,
				D654E36D2A1482040039F033 /* HTTPURLResponse+CodeChecking.swift */,
			);
			path = "Shared API";
			sourceTree = "<group>";
		};
		D66D7C742A13EA4400F360EF /* Pokemon List Feature */ = {
			isa = PBXGroup;
			children = (
				D66D7C772A13EA9100F360EF /* Domain */,
				D66D7C752A13EA5600F360EF /* API */,
			);
			path = "Pokemon List Feature";
			sourceTree = "<group>";
		};
		D66D7C752A13EA5600F360EF /* API */ = {
			isa = PBXGroup;
			children = (
				D66D7C7A2A13EE5700F360EF /* PokemonListRemote.swift */,
				D66D7C7F2A13EF8900F360EF /* PokemonListRemoteMapper.swift */,
			);
			path = API;
			sourceTree = "<group>";
		};
		D66D7C762A13EA6F00F360EF /* Pokemon List Feature */ = {
			isa = PBXGroup;
			children = (
				D66D7C7C2A13EF5900F360EF /* API */,
			);
			path = "Pokemon List Feature";
			sourceTree = "<group>";
		};
		D66D7C772A13EA9100F360EF /* Domain */ = {
			isa = PBXGroup;
			children = (
				D66D7C782A13EB3700F360EF /* PokemonList.swift */,
			);
			path = Domain;
			sourceTree = "<group>";
		};
		D66D7C7C2A13EF5900F360EF /* API */ = {
			isa = PBXGroup;
			children = (
				D66D7C7D2A13EF7700F360EF /* PokemonListRemoteMapperTests.swift */,
			);
			path = API;
			sourceTree = "<group>";
		};
		F7FC0D9A2A0FC5A6009FD50B = {
			isa = PBXGroup;
			children = (
				D6E721C82A12A17F0092C5E6 /* CI_macOS_TP.xctestplan */,
				D6E721C92A12A17F0092C5E6 /* Pokepedia_TP.xctestplan */,
				F7FC0DA62A0FC5A6009FD50B /* Pokepedia */,
				F7FC0DB02A0FC5A6009FD50B /* PokepediaTests */,
				F7FC0DA52A0FC5A6009FD50B /* Products */,
			);
			sourceTree = "<group>";
		};
		F7FC0DA52A0FC5A6009FD50B /* Products */ = {
			isa = PBXGroup;
			children = (
				F7FC0DA42A0FC5A6009FD50B /* Pokepedia.framework */,
				F7FC0DAC2A0FC5A6009FD50B /* PokepediaTests.xctest */,
			);
			name = Products;
			sourceTree = "<group>";
		};
		F7FC0DA62A0FC5A6009FD50B /* Pokepedia */ = {
			isa = PBXGroup;
			children = (
				D66D7C742A13EA4400F360EF /* Pokemon List Feature */,
				D66D7C712A13DC5F00F360EF /* Shared API */,
				F7FC0DBC2A0FC7C4009FD50B /* Shared API Infra */,
				D645BD182A17EAD900E6E145 /* Shared Cache */,
				D62098F72A1C5D6D00AA2249 /* Shared Presentation */,
			);
			path = Pokepedia;
			sourceTree = "<group>";
		};
		F7FC0DB02A0FC5A6009FD50B /* PokepediaTests */ = {
			isa = PBXGroup;
			children = (
				D66D7C762A13EA6F00F360EF /* Pokemon List Feature */,
				D66D7C6D2A13DA9D00F360EF /* Shared API */,
				F7FC0DBD2A0FC7D0009FD50B /* Shared API Infra */,
				D63084962A1682BD0097BC5C /* Shared Cache */,
				D62098EE2A1BAA1200AA2249 /* Shared Presentation */,
				F7FC0DC72A0FCAC3009FD50B /* Helpers */,
			);
			path = PokepediaTests;
			sourceTree = "<group>";
		};
		F7FC0DBC2A0FC7C4009FD50B /* Shared API Infra */ = {
			isa = PBXGroup;
			children = (
				F7FC0DC02A0FC803009FD50B /* URLSessionHTTPClient.swift */,
			);
			path = "Shared API Infra";
			sourceTree = "<group>";
		};
		F7FC0DBD2A0FC7D0009FD50B /* Shared API Infra */ = {
			isa = PBXGroup;
			children = (
				F7FC0DC42A0FC9B7009FD50B /* Helpers */,
				F7FC0DBE2A0FC7EF009FD50B /* URLSessionHTTPClientTests.swift */,
			);
			path = "Shared API Infra";
			sourceTree = "<group>";
		};
		F7FC0DC42A0FC9B7009FD50B /* Helpers */ = {
			isa = PBXGroup;
			children = (
				F7FC0DC52A0FCA13009FD50B /* URLProtocolStub.swift */,
			);
			path = Helpers;
			sourceTree = "<group>";
		};
		F7FC0DC72A0FCAC3009FD50B /* Helpers */ = {
			isa = PBXGroup;
			children = (
				F7FC0DC22A0FC97D009FD50B /* SharedTestHelpers.swift */,
				F7FC0DC82A0FCB00009FD50B /* XCTestCase+MemoryLeakTracking.swift */,
			);
			path = Helpers;
			sourceTree = "<group>";
		};
/* End PBXGroup section */

/* Begin PBXHeadersBuildPhase section */
		F7FC0D9F2A0FC5A6009FD50B /* Headers */ = {
			isa = PBXHeadersBuildPhase;
			buildActionMask = 2147483647;
			files = (
			);
			runOnlyForDeploymentPostprocessing = 0;
		};
/* End PBXHeadersBuildPhase section */

/* Begin PBXNativeTarget section */
		F7FC0DA32A0FC5A6009FD50B /* Pokepedia */ = {
			isa = PBXNativeTarget;
			buildConfigurationList = F7FC0DB62A0FC5A6009FD50B /* Build configuration list for PBXNativeTarget "Pokepedia" */;
			buildPhases = (
				F7FC0D9F2A0FC5A6009FD50B /* Headers */,
				F7FC0DA02A0FC5A6009FD50B /* Sources */,
				F7FC0DA12A0FC5A6009FD50B /* Frameworks */,
				F7FC0DA22A0FC5A6009FD50B /* Resources */,
			);
			buildRules = (
			);
			dependencies = (
			);
			name = Pokepedia;
			productName = Pokepedia;
			productReference = F7FC0DA42A0FC5A6009FD50B /* Pokepedia.framework */;
			productType = "com.apple.product-type.framework";
		};
		F7FC0DAB2A0FC5A6009FD50B /* PokepediaTests */ = {
			isa = PBXNativeTarget;
			buildConfigurationList = F7FC0DB92A0FC5A6009FD50B /* Build configuration list for PBXNativeTarget "PokepediaTests" */;
			buildPhases = (
				F7FC0DA82A0FC5A6009FD50B /* Sources */,
				F7FC0DA92A0FC5A6009FD50B /* Frameworks */,
				F7FC0DAA2A0FC5A6009FD50B /* Resources */,
			);
			buildRules = (
			);
			dependencies = (
				F7FC0DAF2A0FC5A6009FD50B /* PBXTargetDependency */,
			);
			name = PokepediaTests;
			productName = PokepediaTests;
			productReference = F7FC0DAC2A0FC5A6009FD50B /* PokepediaTests.xctest */;
			productType = "com.apple.product-type.bundle.unit-test";
		};
/* End PBXNativeTarget section */

/* Begin PBXProject section */
		F7FC0D9B2A0FC5A6009FD50B /* Project object */ = {
			isa = PBXProject;
			attributes = {
				BuildIndependentTargetsInParallel = 1;
				LastSwiftUpdateCheck = 1410;
				LastUpgradeCheck = 1430;
				TargetAttributes = {
					F7FC0DA32A0FC5A6009FD50B = {
						CreatedOnToolsVersion = 14.1;
						LastSwiftMigration = 1410;
					};
					F7FC0DAB2A0FC5A6009FD50B = {
						CreatedOnToolsVersion = 14.1;
					};
				};
			};
			buildConfigurationList = F7FC0D9E2A0FC5A6009FD50B /* Build configuration list for PBXProject "Pokepedia" */;
			compatibilityVersion = "Xcode 14.0";
			developmentRegion = en;
			hasScannedForEncodings = 0;
			knownRegions = (
				en,
				Base,
				ru,
			);
			mainGroup = F7FC0D9A2A0FC5A6009FD50B;
			productRefGroup = F7FC0DA52A0FC5A6009FD50B /* Products */;
			projectDirPath = "";
			projectRoot = "";
			targets = (
				F7FC0DA32A0FC5A6009FD50B /* Pokepedia */,
				F7FC0DAB2A0FC5A6009FD50B /* PokepediaTests */,
			);
		};
/* End PBXProject section */

/* Begin PBXResourcesBuildPhase section */
		F7FC0DA22A0FC5A6009FD50B /* Resources */ = {
			isa = PBXResourcesBuildPhase;
			buildActionMask = 2147483647;
			files = (
				D62098F32A1C5C7D00AA2249 /* Shared.strings in Resources */,
			);
			runOnlyForDeploymentPostprocessing = 0;
		};
		F7FC0DAA2A0FC5A6009FD50B /* Resources */ = {
			isa = PBXResourcesBuildPhase;
			buildActionMask = 2147483647;
			files = (
			);
			runOnlyForDeploymentPostprocessing = 0;
		};
/* End PBXResourcesBuildPhase section */

/* Begin PBXSourcesBuildPhase section */
		F7FC0DA02A0FC5A6009FD50B /* Sources */ = {
			isa = PBXSourcesBuildPhase;
			buildActionMask = 2147483647;
			files = (
				D66D7C732A13DCCC00F360EF /* RemoteMapper.swift in Sources */,
				D66D7C802A13EF8900F360EF /* PokemonListRemoteMapper.swift in Sources */,
				D62098F92A1C5DB400AA2249 /* LoadingResourcePresenter.swift in Sources */,
				D654E36C2A147FA80039F033 /* RemoteDataMapper.swift in Sources */,
				F7FC0DC12A0FC803009FD50B /* URLSessionHTTPClient.swift in Sources */,
				D62098E72A194CF500AA2249 /* LocalSaver.swift in Sources */,
				D66D7C792A13EB3700F360EF /* PokemonList.swift in Sources */,
				D66D7C7B2A13EE5700F360EF /* PokemonListRemote.swift in Sources */,
				D645BD1A2A17EAEF00E6E145 /* LocalLoader.swift in Sources */,
				D62098EB2A1A304000AA2249 /* LocalValidator.swift in Sources */,
				D654E36E2A1482040039F033 /* HTTPURLResponse+CodeChecking.swift in Sources */,
			);
			runOnlyForDeploymentPostprocessing = 0;
		};
		F7FC0DA82A0FC5A6009FD50B /* Sources */ = {
			isa = PBXSourcesBuildPhase;
			buildActionMask = 2147483647;
			files = (
				D62098ED2A1A314900AA2249 /* CacheTestsHelpers.swift in Sources */,
				D66D7C702A13DB2E00F360EF /* RemoteMapperTests.swift in Sources */,
				D654E36A2A147F220039F033 /* RemoteDataMapperTests.swift in Sources */,
				F7FC0DBF2A0FC7EF009FD50B /* URLSessionHTTPClientTests.swift in Sources */,
				F7FC0DC92A0FCB00009FD50B /* XCTestCase+MemoryLeakTracking.swift in Sources */,
				F7FC0DC62A0FCA13009FD50B /* URLProtocolStub.swift in Sources */,
				D62098F02A1BAAF400AA2249 /* LoadingResourcePresenterTests.swift in Sources */,
				D62098E52A193E8C00AA2249 /* LocalSaverTests.swift in Sources */,
				D645BD1D2A17EB7900E6E145 /* StoreMock.swift in Sources */,
				D66D7C7E2A13EF7700F360EF /* PokemonListRemoteMapperTests.swift in Sources */,
				D63084992A1683AD0097BC5C /* LocalLoaderTests.swift in Sources */,
				D62098E92A1A247F00AA2249 /* LocalValidatorTests.swift in Sources */,
				F7FC0DC32A0FC97D009FD50B /* SharedTestHelpers.swift in Sources */,
			);
			runOnlyForDeploymentPostprocessing = 0;
		};
/* End PBXSourcesBuildPhase section */

/* Begin PBXTargetDependency section */
		F7FC0DAF2A0FC5A6009FD50B /* PBXTargetDependency */ = {
			isa = PBXTargetDependency;
			target = F7FC0DA32A0FC5A6009FD50B /* Pokepedia */;
			targetProxy = F7FC0DAE2A0FC5A6009FD50B /* PBXContainerItemProxy */;
		};
/* End PBXTargetDependency section */

/* Begin PBXVariantGroup section */
		D62098F52A1C5C7D00AA2249 /* Shared.strings */ = {
			isa = PBXVariantGroup;
			children = (
				D62098F42A1C5C7D00AA2249 /* en */,
				D62098F62A1C5CB900AA2249 /* ru */,
			);
			name = Shared.strings;
			sourceTree = "<group>";
		};
/* End PBXVariantGroup section */

/* Begin XCBuildConfiguration section */
		F7FC0DB42A0FC5A6009FD50B /* Debug */ = {
			isa = XCBuildConfiguration;
			buildSettings = {
				ALWAYS_SEARCH_USER_PATHS = NO;
				CLANG_ANALYZER_LOCALIZABILITY_NONLOCALIZED = YES;
				CLANG_ANALYZER_NONNULL = YES;
				CLANG_ANALYZER_NUMBER_OBJECT_CONVERSION = YES_AGGRESSIVE;
				CLANG_CXX_LANGUAGE_STANDARD = "gnu++20";
				CLANG_ENABLE_MODULES = YES;
				CLANG_ENABLE_OBJC_ARC = YES;
				CLANG_ENABLE_OBJC_WEAK = YES;
				CLANG_WARN_BLOCK_CAPTURE_AUTORELEASING = YES;
				CLANG_WARN_BOOL_CONVERSION = YES;
				CLANG_WARN_COMMA = YES;
				CLANG_WARN_CONSTANT_CONVERSION = YES;
				CLANG_WARN_DEPRECATED_OBJC_IMPLEMENTATIONS = YES;
				CLANG_WARN_DIRECT_OBJC_ISA_USAGE = YES_ERROR;
				CLANG_WARN_DOCUMENTATION_COMMENTS = YES;
				CLANG_WARN_EMPTY_BODY = YES;
				CLANG_WARN_ENUM_CONVERSION = YES;
				CLANG_WARN_INFINITE_RECURSION = YES;
				CLANG_WARN_INT_CONVERSION = YES;
				CLANG_WARN_NON_LITERAL_NULL_CONVERSION = YES;
				CLANG_WARN_OBJC_IMPLICIT_RETAIN_SELF = YES;
				CLANG_WARN_OBJC_LITERAL_CONVERSION = YES;
				CLANG_WARN_OBJC_ROOT_CLASS = YES_ERROR;
				CLANG_WARN_QUOTED_INCLUDE_IN_FRAMEWORK_HEADER = YES;
				CLANG_WARN_RANGE_LOOP_ANALYSIS = YES;
				CLANG_WARN_STRICT_PROTOTYPES = YES;
				CLANG_WARN_SUSPICIOUS_MOVE = YES;
				CLANG_WARN_UNGUARDED_AVAILABILITY = YES_AGGRESSIVE;
				CLANG_WARN_UNREACHABLE_CODE = YES;
				CLANG_WARN__DUPLICATE_METHOD_MATCH = YES;
				COPY_PHASE_STRIP = NO;
				CURRENT_PROJECT_VERSION = 1;
				DEAD_CODE_STRIPPING = YES;
				DEBUG_INFORMATION_FORMAT = dwarf;
				ENABLE_STRICT_OBJC_MSGSEND = YES;
				ENABLE_TESTABILITY = YES;
				GCC_C_LANGUAGE_STANDARD = gnu11;
				GCC_DYNAMIC_NO_PIC = NO;
				GCC_NO_COMMON_BLOCKS = YES;
				GCC_OPTIMIZATION_LEVEL = 0;
				GCC_PREPROCESSOR_DEFINITIONS = (
					"DEBUG=1",
					"$(inherited)",
				);
				GCC_WARN_64_TO_32_BIT_CONVERSION = YES;
				GCC_WARN_ABOUT_RETURN_TYPE = YES_ERROR;
				GCC_WARN_UNDECLARED_SELECTOR = YES;
				GCC_WARN_UNINITIALIZED_AUTOS = YES_AGGRESSIVE;
				GCC_WARN_UNUSED_FUNCTION = YES;
				GCC_WARN_UNUSED_VARIABLE = YES;
				MACOSX_DEPLOYMENT_TARGET = 12.6;
				MTL_ENABLE_DEBUG_INFO = INCLUDE_SOURCE;
				MTL_FAST_MATH = YES;
				ONLY_ACTIVE_ARCH = YES;
				SDKROOT = macosx;
				SWIFT_ACTIVE_COMPILATION_CONDITIONS = DEBUG;
				SWIFT_OPTIMIZATION_LEVEL = "-Onone";
				VERSIONING_SYSTEM = "apple-generic";
				VERSION_INFO_PREFIX = "";
			};
			name = Debug;
		};
		F7FC0DB52A0FC5A6009FD50B /* Release */ = {
			isa = XCBuildConfiguration;
			buildSettings = {
				ALWAYS_SEARCH_USER_PATHS = NO;
				CLANG_ANALYZER_LOCALIZABILITY_NONLOCALIZED = YES;
				CLANG_ANALYZER_NONNULL = YES;
				CLANG_ANALYZER_NUMBER_OBJECT_CONVERSION = YES_AGGRESSIVE;
				CLANG_CXX_LANGUAGE_STANDARD = "gnu++20";
				CLANG_ENABLE_MODULES = YES;
				CLANG_ENABLE_OBJC_ARC = YES;
				CLANG_ENABLE_OBJC_WEAK = YES;
				CLANG_WARN_BLOCK_CAPTURE_AUTORELEASING = YES;
				CLANG_WARN_BOOL_CONVERSION = YES;
				CLANG_WARN_COMMA = YES;
				CLANG_WARN_CONSTANT_CONVERSION = YES;
				CLANG_WARN_DEPRECATED_OBJC_IMPLEMENTATIONS = YES;
				CLANG_WARN_DIRECT_OBJC_ISA_USAGE = YES_ERROR;
				CLANG_WARN_DOCUMENTATION_COMMENTS = YES;
				CLANG_WARN_EMPTY_BODY = YES;
				CLANG_WARN_ENUM_CONVERSION = YES;
				CLANG_WARN_INFINITE_RECURSION = YES;
				CLANG_WARN_INT_CONVERSION = YES;
				CLANG_WARN_NON_LITERAL_NULL_CONVERSION = YES;
				CLANG_WARN_OBJC_IMPLICIT_RETAIN_SELF = YES;
				CLANG_WARN_OBJC_LITERAL_CONVERSION = YES;
				CLANG_WARN_OBJC_ROOT_CLASS = YES_ERROR;
				CLANG_WARN_QUOTED_INCLUDE_IN_FRAMEWORK_HEADER = YES;
				CLANG_WARN_RANGE_LOOP_ANALYSIS = YES;
				CLANG_WARN_STRICT_PROTOTYPES = YES;
				CLANG_WARN_SUSPICIOUS_MOVE = YES;
				CLANG_WARN_UNGUARDED_AVAILABILITY = YES_AGGRESSIVE;
				CLANG_WARN_UNREACHABLE_CODE = YES;
				CLANG_WARN__DUPLICATE_METHOD_MATCH = YES;
				COPY_PHASE_STRIP = NO;
				CURRENT_PROJECT_VERSION = 1;
				DEAD_CODE_STRIPPING = YES;
				DEBUG_INFORMATION_FORMAT = "dwarf-with-dsym";
				ENABLE_NS_ASSERTIONS = NO;
				ENABLE_STRICT_OBJC_MSGSEND = YES;
				GCC_C_LANGUAGE_STANDARD = gnu11;
				GCC_NO_COMMON_BLOCKS = YES;
				GCC_WARN_64_TO_32_BIT_CONVERSION = YES;
				GCC_WARN_ABOUT_RETURN_TYPE = YES_ERROR;
				GCC_WARN_UNDECLARED_SELECTOR = YES;
				GCC_WARN_UNINITIALIZED_AUTOS = YES_AGGRESSIVE;
				GCC_WARN_UNUSED_FUNCTION = YES;
				GCC_WARN_UNUSED_VARIABLE = YES;
				MACOSX_DEPLOYMENT_TARGET = 12.6;
				MTL_ENABLE_DEBUG_INFO = NO;
				MTL_FAST_MATH = YES;
				SDKROOT = macosx;
				SWIFT_COMPILATION_MODE = wholemodule;
				SWIFT_OPTIMIZATION_LEVEL = "-O";
				VERSIONING_SYSTEM = "apple-generic";
				VERSION_INFO_PREFIX = "";
			};
			name = Release;
		};
		F7FC0DB72A0FC5A6009FD50B /* Debug */ = {
			isa = XCBuildConfiguration;
			buildSettings = {
				CLANG_ENABLE_MODULES = YES;
				CODE_SIGN_STYLE = Automatic;
				COMBINE_HIDPI_IMAGES = YES;
				CURRENT_PROJECT_VERSION = 1;
				DEAD_CODE_STRIPPING = YES;
				DEFINES_MODULE = YES;
				DYLIB_COMPATIBILITY_VERSION = 1;
				DYLIB_CURRENT_VERSION = 1;
				DYLIB_INSTALL_NAME_BASE = "@rpath";
				ENABLE_MODULE_VERIFIER = YES;
				GENERATE_INFOPLIST_FILE = YES;
				INFOPLIST_KEY_NSHumanReadableCopyright = "";
				INSTALL_PATH = "$(LOCAL_LIBRARY_DIR)/Frameworks";
				LD_RUNPATH_SEARCH_PATHS = (
					"$(inherited)",
					"@executable_path/../Frameworks",
					"@loader_path/Frameworks",
				);
				MARKETING_VERSION = 1.0;
				MODULE_VERIFIER_SUPPORTED_LANGUAGES = "objective-c objective-c++";
				MODULE_VERIFIER_SUPPORTED_LANGUAGE_STANDARDS = "gnu11 gnu++20";
				PRODUCT_BUNDLE_IDENTIFIER = klyotskin.Pokepedia;
				PRODUCT_NAME = "$(TARGET_NAME:c99extidentifier)";
				SKIP_INSTALL = YES;
				SWIFT_EMIT_LOC_STRINGS = YES;
				SWIFT_OPTIMIZATION_LEVEL = "-Onone";
				SWIFT_VERSION = 5.0;
			};
			name = Debug;
		};
		F7FC0DB82A0FC5A6009FD50B /* Release */ = {
			isa = XCBuildConfiguration;
			buildSettings = {
				CLANG_ENABLE_MODULES = YES;
				CODE_SIGN_STYLE = Automatic;
				COMBINE_HIDPI_IMAGES = YES;
				CURRENT_PROJECT_VERSION = 1;
				DEAD_CODE_STRIPPING = YES;
				DEFINES_MODULE = YES;
				DYLIB_COMPATIBILITY_VERSION = 1;
				DYLIB_CURRENT_VERSION = 1;
				DYLIB_INSTALL_NAME_BASE = "@rpath";
				ENABLE_MODULE_VERIFIER = YES;
				GENERATE_INFOPLIST_FILE = YES;
				INFOPLIST_KEY_NSHumanReadableCopyright = "";
				INSTALL_PATH = "$(LOCAL_LIBRARY_DIR)/Frameworks";
				LD_RUNPATH_SEARCH_PATHS = (
					"$(inherited)",
					"@executable_path/../Frameworks",
					"@loader_path/Frameworks",
				);
				MARKETING_VERSION = 1.0;
				MODULE_VERIFIER_SUPPORTED_LANGUAGES = "objective-c objective-c++";
				MODULE_VERIFIER_SUPPORTED_LANGUAGE_STANDARDS = "gnu11 gnu++20";
				PRODUCT_BUNDLE_IDENTIFIER = klyotskin.Pokepedia;
				PRODUCT_NAME = "$(TARGET_NAME:c99extidentifier)";
				SKIP_INSTALL = YES;
				SWIFT_EMIT_LOC_STRINGS = YES;
				SWIFT_VERSION = 5.0;
			};
			name = Release;
		};
		F7FC0DBA2A0FC5A6009FD50B /* Debug */ = {
			isa = XCBuildConfiguration;
			buildSettings = {
				ALWAYS_EMBED_SWIFT_STANDARD_LIBRARIES = YES;
				CODE_SIGN_STYLE = Automatic;
				CURRENT_PROJECT_VERSION = 1;
				DEAD_CODE_STRIPPING = YES;
				GENERATE_INFOPLIST_FILE = YES;
				MARKETING_VERSION = 1.0;
				PRODUCT_BUNDLE_IDENTIFIER = klyotskin.PokepediaTests;
				PRODUCT_NAME = "$(TARGET_NAME)";
				SWIFT_EMIT_LOC_STRINGS = NO;
				SWIFT_VERSION = 5.0;
			};
			name = Debug;
		};
		F7FC0DBB2A0FC5A6009FD50B /* Release */ = {
			isa = XCBuildConfiguration;
			buildSettings = {
				ALWAYS_EMBED_SWIFT_STANDARD_LIBRARIES = YES;
				CODE_SIGN_STYLE = Automatic;
				CURRENT_PROJECT_VERSION = 1;
				DEAD_CODE_STRIPPING = YES;
				GENERATE_INFOPLIST_FILE = YES;
				MARKETING_VERSION = 1.0;
				PRODUCT_BUNDLE_IDENTIFIER = klyotskin.PokepediaTests;
				PRODUCT_NAME = "$(TARGET_NAME)";
				SWIFT_EMIT_LOC_STRINGS = NO;
				SWIFT_VERSION = 5.0;
			};
			name = Release;
		};
/* End XCBuildConfiguration section */

/* Begin XCConfigurationList section */
		F7FC0D9E2A0FC5A6009FD50B /* Build configuration list for PBXProject "Pokepedia" */ = {
			isa = XCConfigurationList;
			buildConfigurations = (
				F7FC0DB42A0FC5A6009FD50B /* Debug */,
				F7FC0DB52A0FC5A6009FD50B /* Release */,
			);
			defaultConfigurationIsVisible = 0;
			defaultConfigurationName = Release;
		};
		F7FC0DB62A0FC5A6009FD50B /* Build configuration list for PBXNativeTarget "Pokepedia" */ = {
			isa = XCConfigurationList;
			buildConfigurations = (
				F7FC0DB72A0FC5A6009FD50B /* Debug */,
				F7FC0DB82A0FC5A6009FD50B /* Release */,
			);
			defaultConfigurationIsVisible = 0;
			defaultConfigurationName = Release;
		};
		F7FC0DB92A0FC5A6009FD50B /* Build configuration list for PBXNativeTarget "PokepediaTests" */ = {
			isa = XCConfigurationList;
			buildConfigurations = (
				F7FC0DBA2A0FC5A6009FD50B /* Debug */,
				F7FC0DBB2A0FC5A6009FD50B /* Release */,
			);
			defaultConfigurationIsVisible = 0;
			defaultConfigurationName = Release;
		};
/* End XCConfigurationList section */
	};
	rootObject = F7FC0D9B2A0FC5A6009FD50B /* Project object */;
}
