// !$*UTF8*$!
{
	archiveVersion = 1;
	classes = {
	};
	objectVersion = 56;
	objects = {

/* Begin PBXBuildFile section */
		D6360FE22A234ABA00A28F11 /* Pokepedia.framework in Frameworks */ = {isa = PBXBuildFile; fileRef = D6360FE12A234ABA00A28F11 /* Pokepedia.framework */; };
		D6360FE32A234ABA00A28F11 /* Pokepedia.framework in Embed Frameworks */ = {isa = PBXBuildFile; fileRef = D6360FE12A234ABA00A28F11 /* Pokepedia.framework */; settings = {ATTRIBUTES = (CodeSignOnCopy, RemoveHeadersOnCopy, ); }; };
		D6360FE92A234C1200A28F11 /* PokemonListUIComposer.swift in Sources */ = {isa = PBXBuildFile; fileRef = D6360FE82A234C1200A28F11 /* PokemonListUIComposer.swift */; };
		D65A2E142A2342D000C9168F /* PokemonListUIIntegrationTests.swift in Sources */ = {isa = PBXBuildFile; fileRef = D65A2E132A2342D000C9168F /* PokemonListUIIntegrationTests.swift */; };
		D6A4C8EA2A2129AB0065ECF4 /* AppDelegate.swift in Sources */ = {isa = PBXBuildFile; fileRef = D6A4C8E92A2129AB0065ECF4 /* AppDelegate.swift */; };
		D6A4C8EC2A2129AB0065ECF4 /* SceneDelegate.swift in Sources */ = {isa = PBXBuildFile; fileRef = D6A4C8EB2A2129AB0065ECF4 /* SceneDelegate.swift */; };
		D6A4C8EE2A2129AB0065ECF4 /* ViewController.swift in Sources */ = {isa = PBXBuildFile; fileRef = D6A4C8ED2A2129AB0065ECF4 /* ViewController.swift */; };
		D6A4C8F12A2129AB0065ECF4 /* Main.storyboard in Resources */ = {isa = PBXBuildFile; fileRef = D6A4C8EF2A2129AB0065ECF4 /* Main.storyboard */; };
		D6A4C8F32A2129AB0065ECF4 /* Assets.xcassets in Resources */ = {isa = PBXBuildFile; fileRef = D6A4C8F22A2129AB0065ECF4 /* Assets.xcassets */; };
		D6A4C8F62A2129AB0065ECF4 /* LaunchScreen.storyboard in Resources */ = {isa = PBXBuildFile; fileRef = D6A4C8F42A2129AB0065ECF4 /* LaunchScreen.storyboard */; };
		D6E445432A25CBEA00E388A7 /* XCTestCase+MemoryLeakTracking.swift in Sources */ = {isa = PBXBuildFile; fileRef = D6E445422A25CBEA00E388A7 /* XCTestCase+MemoryLeakTracking.swift */; };
		D6E445642A25CE8700E388A7 /* Pokepedia_iOS.framework in Frameworks */ = {isa = PBXBuildFile; fileRef = D6E445632A25CE8700E388A7 /* Pokepedia_iOS.framework */; };
		D6E445652A25CE8700E388A7 /* Pokepedia_iOS.framework in Embed Frameworks */ = {isa = PBXBuildFile; fileRef = D6E445632A25CE8700E388A7 /* Pokepedia_iOS.framework */; settings = {ATTRIBUTES = (CodeSignOnCopy, RemoveHeadersOnCopy, ); }; };
		D6EC8BAF2A264997004A525E /* SharedTestHelpers.swift in Sources */ = {isa = PBXBuildFile; fileRef = D6EC8BAE2A264997004A525E /* SharedTestHelpers.swift */; };
		D6EC8BB22A264FD2004A525E /* PokemonListAdapters.swift in Sources */ = {isa = PBXBuildFile; fileRef = D6EC8BB12A264FD2004A525E /* PokemonListAdapters.swift */; };
		D6EC8BB52A265018004A525E /* WeakProxy.swift in Sources */ = {isa = PBXBuildFile; fileRef = D6EC8BB42A265018004A525E /* WeakProxy.swift */; };
/* End PBXBuildFile section */

/* Begin PBXContainerItemProxy section */
		D65A2E152A2342D000C9168F /* PBXContainerItemProxy */ = {
			isa = PBXContainerItemProxy;
			containerPortal = D6A4C8DE2A2129AB0065ECF4 /* Project object */;
			proxyType = 1;
			remoteGlobalIDString = D6A4C8E52A2129AB0065ECF4;
			remoteInfo = "Pokepedia-iOS-App";
		};
/* End PBXContainerItemProxy section */

/* Begin PBXCopyFilesBuildPhase section */
		D6360FE42A234ABA00A28F11 /* Embed Frameworks */ = {
			isa = PBXCopyFilesBuildPhase;
			buildActionMask = 2147483647;
			dstPath = "";
			dstSubfolderSpec = 10;
			files = (
				D6360FE32A234ABA00A28F11 /* Pokepedia.framework in Embed Frameworks */,
				D6E445652A25CE8700E388A7 /* Pokepedia_iOS.framework in Embed Frameworks */,
			);
			name = "Embed Frameworks";
			runOnlyForDeploymentPostprocessing = 0;
		};
/* End PBXCopyFilesBuildPhase section */

/* Begin PBXFileReference section */
		D6360FDF2A23434B00A28F11 /* Pokepedia-iOS-App-TP.xctestplan */ = {isa = PBXFileReference; lastKnownFileType = text; name = "Pokepedia-iOS-App-TP.xctestplan"; path = "../Pokepedia-iOS-App-TP.xctestplan"; sourceTree = "<group>"; };
		D6360FE12A234ABA00A28F11 /* Pokepedia.framework */ = {isa = PBXFileReference; explicitFileType = wrapper.framework; path = Pokepedia.framework; sourceTree = BUILT_PRODUCTS_DIR; };
		D6360FE82A234C1200A28F11 /* PokemonListUIComposer.swift */ = {isa = PBXFileReference; lastKnownFileType = sourcecode.swift; path = PokemonListUIComposer.swift; sourceTree = "<group>"; };
		D65A2E112A2342D000C9168F /* Pokepedia-iOS-AppTests.xctest */ = {isa = PBXFileReference; explicitFileType = wrapper.cfbundle; includeInIndex = 0; path = "Pokepedia-iOS-AppTests.xctest"; sourceTree = BUILT_PRODUCTS_DIR; };
		D65A2E132A2342D000C9168F /* PokemonListUIIntegrationTests.swift */ = {isa = PBXFileReference; lastKnownFileType = sourcecode.swift; path = PokemonListUIIntegrationTests.swift; sourceTree = "<group>"; };
		D6A4C8E62A2129AB0065ECF4 /* Pokepedia-iOS-App.app */ = {isa = PBXFileReference; explicitFileType = wrapper.application; includeInIndex = 0; path = "Pokepedia-iOS-App.app"; sourceTree = BUILT_PRODUCTS_DIR; };
		D6A4C8E92A2129AB0065ECF4 /* AppDelegate.swift */ = {isa = PBXFileReference; lastKnownFileType = sourcecode.swift; path = AppDelegate.swift; sourceTree = "<group>"; };
		D6A4C8EB2A2129AB0065ECF4 /* SceneDelegate.swift */ = {isa = PBXFileReference; lastKnownFileType = sourcecode.swift; path = SceneDelegate.swift; sourceTree = "<group>"; };
		D6A4C8ED2A2129AB0065ECF4 /* ViewController.swift */ = {isa = PBXFileReference; lastKnownFileType = sourcecode.swift; path = ViewController.swift; sourceTree = "<group>"; };
		D6A4C8F02A2129AB0065ECF4 /* Base */ = {isa = PBXFileReference; lastKnownFileType = file.storyboard; name = Base; path = Base.lproj/Main.storyboard; sourceTree = "<group>"; };
		D6A4C8F22A2129AB0065ECF4 /* Assets.xcassets */ = {isa = PBXFileReference; lastKnownFileType = folder.assetcatalog; path = Assets.xcassets; sourceTree = "<group>"; };
		D6A4C8F52A2129AB0065ECF4 /* Base */ = {isa = PBXFileReference; lastKnownFileType = file.storyboard; name = Base; path = Base.lproj/LaunchScreen.storyboard; sourceTree = "<group>"; };
		D6A4C8F72A2129AB0065ECF4 /* Info.plist */ = {isa = PBXFileReference; lastKnownFileType = text.plist.xml; path = Info.plist; sourceTree = "<group>"; };
		D6E445422A25CBEA00E388A7 /* XCTestCase+MemoryLeakTracking.swift */ = {isa = PBXFileReference; lastKnownFileType = sourcecode.swift; path = "XCTestCase+MemoryLeakTracking.swift"; sourceTree = "<group>"; };
		D6E445632A25CE8700E388A7 /* Pokepedia_iOS.framework */ = {isa = PBXFileReference; explicitFileType = wrapper.framework; path = Pokepedia_iOS.framework; sourceTree = BUILT_PRODUCTS_DIR; };
		D6EC8BAE2A264997004A525E /* SharedTestHelpers.swift */ = {isa = PBXFileReference; lastKnownFileType = sourcecode.swift; path = SharedTestHelpers.swift; sourceTree = "<group>"; };
		D6EC8BB12A264FD2004A525E /* PokemonListAdapters.swift */ = {isa = PBXFileReference; lastKnownFileType = sourcecode.swift; path = PokemonListAdapters.swift; sourceTree = "<group>"; };
		D6EC8BB42A265018004A525E /* WeakProxy.swift */ = {isa = PBXFileReference; lastKnownFileType = sourcecode.swift; path = WeakProxy.swift; sourceTree = "<group>"; };
/* End PBXFileReference section */

/* Begin PBXFrameworksBuildPhase section */
		D65A2E0E2A2342D000C9168F /* Frameworks */ = {
			isa = PBXFrameworksBuildPhase;
			buildActionMask = 2147483647;
			files = (
			);
			runOnlyForDeploymentPostprocessing = 0;
		};
		D6A4C8E32A2129AB0065ECF4 /* Frameworks */ = {
			isa = PBXFrameworksBuildPhase;
			buildActionMask = 2147483647;
			files = (
				D6360FE22A234ABA00A28F11 /* Pokepedia.framework in Frameworks */,
				D6E445642A25CE8700E388A7 /* Pokepedia_iOS.framework in Frameworks */,
			);
			runOnlyForDeploymentPostprocessing = 0;
		};
/* End PBXFrameworksBuildPhase section */

/* Begin PBXGroup section */
		D6360FE02A234ABA00A28F11 /* Frameworks */ = {
			isa = PBXGroup;
			children = (
				D6E445632A25CE8700E388A7 /* Pokepedia_iOS.framework */,
				D6360FE12A234ABA00A28F11 /* Pokepedia.framework */,
			);
			name = Frameworks;
			sourceTree = "<group>";
		};
		D65A2E122A2342D000C9168F /* Pokepedia-iOS-AppTests */ = {
			isa = PBXGroup;
			children = (
				D6E445442A25CBEF00E388A7 /* Helpers */,
				D65A2E132A2342D000C9168F /* PokemonListUIIntegrationTests.swift */,
			);
			path = "Pokepedia-iOS-AppTests";
			sourceTree = "<group>";
		};
		D6A4C8DD2A2129AB0065ECF4 = {
			isa = PBXGroup;
			children = (
				D6360FDF2A23434B00A28F11 /* Pokepedia-iOS-App-TP.xctestplan */,
				D6A4C8E82A2129AB0065ECF4 /* Pokepedia-iOS-App */,
				D65A2E122A2342D000C9168F /* Pokepedia-iOS-AppTests */,
				D6A4C8E72A2129AB0065ECF4 /* Products */,
				D6360FE02A234ABA00A28F11 /* Frameworks */,
			);
			sourceTree = "<group>";
		};
		D6A4C8E72A2129AB0065ECF4 /* Products */ = {
			isa = PBXGroup;
			children = (
				D6A4C8E62A2129AB0065ECF4 /* Pokepedia-iOS-App.app */,
				D65A2E112A2342D000C9168F /* Pokepedia-iOS-AppTests.xctest */,
			);
			name = Products;
			sourceTree = "<group>";
		};
		D6A4C8E82A2129AB0065ECF4 /* Pokepedia-iOS-App */ = {
			isa = PBXGroup;
			children = (
				D6EC8BB32A26500B004A525E /* Helpers */,
				D6EC8BB02A264FBB004A525E /* Pokemon List Feature */,
				D6A4C8E92A2129AB0065ECF4 /* AppDelegate.swift */,
				D6A4C8EB2A2129AB0065ECF4 /* SceneDelegate.swift */,
				D6A4C8ED2A2129AB0065ECF4 /* ViewController.swift */,
				D6A4C8EF2A2129AB0065ECF4 /* Main.storyboard */,
				D6A4C8F22A2129AB0065ECF4 /* Assets.xcassets */,
				D6A4C8F42A2129AB0065ECF4 /* LaunchScreen.storyboard */,
				D6A4C8F72A2129AB0065ECF4 /* Info.plist */,
			);
			path = "Pokepedia-iOS-App";
			sourceTree = "<group>";
		};
		D6E445442A25CBEF00E388A7 /* Helpers */ = {
			isa = PBXGroup;
			children = (
				D6E445422A25CBEA00E388A7 /* XCTestCase+MemoryLeakTracking.swift */,
				D6EC8BAE2A264997004A525E /* SharedTestHelpers.swift */,
			);
			path = Helpers;
			sourceTree = "<group>";
		};
		D6EC8BB02A264FBB004A525E /* Pokemon List Feature */ = {
			isa = PBXGroup;
			children = (
				D6360FE82A234C1200A28F11 /* PokemonListUIComposer.swift */,
				D6EC8BB12A264FD2004A525E /* PokemonListAdapters.swift */,
			);
			path = "Pokemon List Feature";
			sourceTree = "<group>";
		};
		D6EC8BB32A26500B004A525E /* Helpers */ = {
			isa = PBXGroup;
			children = (
				D6EC8BB42A265018004A525E /* WeakProxy.swift */,
			);
			path = Helpers;
			sourceTree = "<group>";
		};
/* End PBXGroup section */

/* Begin PBXNativeTarget section */
		D65A2E102A2342D000C9168F /* Pokepedia-iOS-AppTests */ = {
			isa = PBXNativeTarget;
			buildConfigurationList = D65A2E172A2342D000C9168F /* Build configuration list for PBXNativeTarget "Pokepedia-iOS-AppTests" */;
			buildPhases = (
				D65A2E0D2A2342D000C9168F /* Sources */,
				D65A2E0E2A2342D000C9168F /* Frameworks */,
				D65A2E0F2A2342D000C9168F /* Resources */,
			);
			buildRules = (
			);
			dependencies = (
				D65A2E162A2342D000C9168F /* PBXTargetDependency */,
			);
			name = "Pokepedia-iOS-AppTests";
			productName = "Pokepedia-iOS-AppTests";
			productReference = D65A2E112A2342D000C9168F /* Pokepedia-iOS-AppTests.xctest */;
			productType = "com.apple.product-type.bundle.unit-test";
		};
		D6A4C8E52A2129AB0065ECF4 /* Pokepedia-iOS-App */ = {
			isa = PBXNativeTarget;
			buildConfigurationList = D6A4C8FA2A2129AB0065ECF4 /* Build configuration list for PBXNativeTarget "Pokepedia-iOS-App" */;
			buildPhases = (
				D6A4C8E22A2129AB0065ECF4 /* Sources */,
				D6A4C8E32A2129AB0065ECF4 /* Frameworks */,
				D6A4C8E42A2129AB0065ECF4 /* Resources */,
				D6360FE42A234ABA00A28F11 /* Embed Frameworks */,
			);
			buildRules = (
			);
			dependencies = (
			);
			name = "Pokepedia-iOS-App";
			productName = "Pokepedia-iOS-App";
			productReference = D6A4C8E62A2129AB0065ECF4 /* Pokepedia-iOS-App.app */;
			productType = "com.apple.product-type.application";
		};
/* End PBXNativeTarget section */

/* Begin PBXProject section */
		D6A4C8DE2A2129AB0065ECF4 /* Project object */ = {
			isa = PBXProject;
			attributes = {
				BuildIndependentTargetsInParallel = 1;
				LastSwiftUpdateCheck = 1430;
				LastUpgradeCheck = 1430;
				TargetAttributes = {
					D65A2E102A2342D000C9168F = {
						CreatedOnToolsVersion = 14.3;
						TestTargetID = D6A4C8E52A2129AB0065ECF4;
					};
					D6A4C8E52A2129AB0065ECF4 = {
						CreatedOnToolsVersion = 14.3;
					};
				};
			};
			buildConfigurationList = D6A4C8E12A2129AB0065ECF4 /* Build configuration list for PBXProject "Pokepedia-iOS-App" */;
			compatibilityVersion = "Xcode 14.0";
			developmentRegion = en;
			hasScannedForEncodings = 0;
			knownRegions = (
				en,
				Base,
			);
			mainGroup = D6A4C8DD2A2129AB0065ECF4;
			productRefGroup = D6A4C8E72A2129AB0065ECF4 /* Products */;
			projectDirPath = "";
			projectRoot = "";
			targets = (
				D6A4C8E52A2129AB0065ECF4 /* Pokepedia-iOS-App */,
				D65A2E102A2342D000C9168F /* Pokepedia-iOS-AppTests */,
			);
		};
/* End PBXProject section */

/* Begin PBXResourcesBuildPhase section */
		D65A2E0F2A2342D000C9168F /* Resources */ = {
			isa = PBXResourcesBuildPhase;
			buildActionMask = 2147483647;
			files = (
			);
			runOnlyForDeploymentPostprocessing = 0;
		};
		D6A4C8E42A2129AB0065ECF4 /* Resources */ = {
			isa = PBXResourcesBuildPhase;
			buildActionMask = 2147483647;
			files = (
				D6A4C8F62A2129AB0065ECF4 /* LaunchScreen.storyboard in Resources */,
				D6A4C8F32A2129AB0065ECF4 /* Assets.xcassets in Resources */,
				D6A4C8F12A2129AB0065ECF4 /* Main.storyboard in Resources */,
			);
			runOnlyForDeploymentPostprocessing = 0;
		};
/* End PBXResourcesBuildPhase section */

/* Begin PBXSourcesBuildPhase section */
		D65A2E0D2A2342D000C9168F /* Sources */ = {
			isa = PBXSourcesBuildPhase;
			buildActionMask = 2147483647;
			files = (
				D65A2E142A2342D000C9168F /* PokemonListUIIntegrationTests.swift in Sources */,
				D6E445432A25CBEA00E388A7 /* XCTestCase+MemoryLeakTracking.swift in Sources */,
				D6EC8BAF2A264997004A525E /* SharedTestHelpers.swift in Sources */,
			);
			runOnlyForDeploymentPostprocessing = 0;
		};
		D6A4C8E22A2129AB0065ECF4 /* Sources */ = {
			isa = PBXSourcesBuildPhase;
			buildActionMask = 2147483647;
			files = (
				D6EC8BB52A265018004A525E /* WeakProxy.swift in Sources */,
				D6A4C8EE2A2129AB0065ECF4 /* ViewController.swift in Sources */,
				D6EC8BB22A264FD2004A525E /* PokemonListAdapters.swift in Sources */,
				D6360FE92A234C1200A28F11 /* PokemonListUIComposer.swift in Sources */,
				D6A4C8EA2A2129AB0065ECF4 /* AppDelegate.swift in Sources */,
				D6A4C8EC2A2129AB0065ECF4 /* SceneDelegate.swift in Sources */,
			);
			runOnlyForDeploymentPostprocessing = 0;
		};
/* End PBXSourcesBuildPhase section */

/* Begin PBXTargetDependency section */
		D65A2E162A2342D000C9168F /* PBXTargetDependency */ = {
			isa = PBXTargetDependency;
			target = D6A4C8E52A2129AB0065ECF4 /* Pokepedia-iOS-App */;
			targetProxy = D65A2E152A2342D000C9168F /* PBXContainerItemProxy */;
		};
/* End PBXTargetDependency section */

/* Begin PBXVariantGroup section */
		D6A4C8EF2A2129AB0065ECF4 /* Main.storyboard */ = {
			isa = PBXVariantGroup;
			children = (
				D6A4C8F02A2129AB0065ECF4 /* Base */,
			);
			name = Main.storyboard;
			sourceTree = "<group>";
		};
		D6A4C8F42A2129AB0065ECF4 /* LaunchScreen.storyboard */ = {
			isa = PBXVariantGroup;
			children = (
				D6A4C8F52A2129AB0065ECF4 /* Base */,
			);
			name = LaunchScreen.storyboard;
			sourceTree = "<group>";
		};
/* End PBXVariantGroup section */

/* Begin XCBuildConfiguration section */
		D65A2E182A2342D000C9168F /* Debug */ = {
			isa = XCBuildConfiguration;
			buildSettings = {
				BUNDLE_LOADER = "$(TEST_HOST)";
				CODE_SIGN_STYLE = Automatic;
				CURRENT_PROJECT_VERSION = 1;
				DEVELOPMENT_TEAM = G9R86P7VXT;
				GENERATE_INFOPLIST_FILE = YES;
				IPHONEOS_DEPLOYMENT_TARGET = 16.4;
				MACOSX_DEPLOYMENT_TARGET = 13.3;
				MARKETING_VERSION = 1.0;
				PRODUCT_BUNDLE_IDENTIFIER = "klyotskin.Pokepedia-iOS-AppTests";
				PRODUCT_NAME = "$(TARGET_NAME)";
				SDKROOT = auto;
				SUPPORTED_PLATFORMS = "iphoneos iphonesimulator";
				SUPPORTS_MACCATALYST = NO;
				SUPPORTS_MAC_DESIGNED_FOR_IPHONE_IPAD = NO;
				SWIFT_EMIT_LOC_STRINGS = NO;
				SWIFT_VERSION = 5.0;
				TARGETED_DEVICE_FAMILY = 1;
				TEST_HOST = "$(BUILT_PRODUCTS_DIR)/Pokepedia-iOS-App.app/$(BUNDLE_EXECUTABLE_FOLDER_PATH)/Pokepedia-iOS-App";
			};
			name = Debug;
		};
		D65A2E192A2342D000C9168F /* Release */ = {
			isa = XCBuildConfiguration;
			buildSettings = {
				BUNDLE_LOADER = "$(TEST_HOST)";
				CODE_SIGN_STYLE = Automatic;
				CURRENT_PROJECT_VERSION = 1;
				DEVELOPMENT_TEAM = G9R86P7VXT;
				GENERATE_INFOPLIST_FILE = YES;
				IPHONEOS_DEPLOYMENT_TARGET = 16.4;
				MACOSX_DEPLOYMENT_TARGET = 13.3;
				MARKETING_VERSION = 1.0;
				PRODUCT_BUNDLE_IDENTIFIER = "klyotskin.Pokepedia-iOS-AppTests";
				PRODUCT_NAME = "$(TARGET_NAME)";
				SDKROOT = auto;
				SUPPORTED_PLATFORMS = "iphoneos iphonesimulator";
				SUPPORTS_MACCATALYST = NO;
				SUPPORTS_MAC_DESIGNED_FOR_IPHONE_IPAD = NO;
				SWIFT_EMIT_LOC_STRINGS = NO;
				SWIFT_VERSION = 5.0;
				TARGETED_DEVICE_FAMILY = 1;
				TEST_HOST = "$(BUILT_PRODUCTS_DIR)/Pokepedia-iOS-App.app/$(BUNDLE_EXECUTABLE_FOLDER_PATH)/Pokepedia-iOS-App";
			};
			name = Release;
		};
		D6A4C8F82A2129AB0065ECF4 /* Debug */ = {
			isa = XCBuildConfiguration;
			buildSettings = {
				ALWAYS_SEARCH_USER_PATHS = NO;
				CLANG_ANALYZER_NONNULL = YES;
				CLANG_ANALYZER_NUMBER_OBJECT_CONVERSION = YES_AGGRESSIVE;
				CLANG_CXX_LANGUAGE_STANDARD = "gnu++20";
				CLANG_ENABLE_MODULES = YES;
				CLANG_ENABLE_OBJC_ARC = YES;
				CLANG_ENABLE_OBJC_WEAK = YES;
				CLANG_WARN_BLOCK_CAPTURE_AUTORELEASING = YES;
				CLANG_WARN_BOOL_CONVERSION = YES;
				CLANG_WARN_COMMA = YES;
				CLANG_WARN_CONSTANT_CONVERSION = YES;
				CLANG_WARN_DEPRECATED_OBJC_IMPLEMENTATIONS = YES;
				CLANG_WARN_DIRECT_OBJC_ISA_USAGE = YES_ERROR;
				CLANG_WARN_DOCUMENTATION_COMMENTS = YES;
				CLANG_WARN_EMPTY_BODY = YES;
				CLANG_WARN_ENUM_CONVERSION = YES;
				CLANG_WARN_INFINITE_RECURSION = YES;
				CLANG_WARN_INT_CONVERSION = YES;
				CLANG_WARN_NON_LITERAL_NULL_CONVERSION = YES;
				CLANG_WARN_OBJC_IMPLICIT_RETAIN_SELF = YES;
				CLANG_WARN_OBJC_LITERAL_CONVERSION = YES;
				CLANG_WARN_OBJC_ROOT_CLASS = YES_ERROR;
				CLANG_WARN_QUOTED_INCLUDE_IN_FRAMEWORK_HEADER = YES;
				CLANG_WARN_RANGE_LOOP_ANALYSIS = YES;
				CLANG_WARN_STRICT_PROTOTYPES = YES;
				CLANG_WARN_SUSPICIOUS_MOVE = YES;
				CLANG_WARN_UNGUARDED_AVAILABILITY = YES_AGGRESSIVE;
				CLANG_WARN_UNREACHABLE_CODE = YES;
				CLANG_WARN__DUPLICATE_METHOD_MATCH = YES;
				COPY_PHASE_STRIP = NO;
				DEBUG_INFORMATION_FORMAT = dwarf;
				ENABLE_STRICT_OBJC_MSGSEND = YES;
				ENABLE_TESTABILITY = YES;
				GCC_C_LANGUAGE_STANDARD = gnu11;
				GCC_DYNAMIC_NO_PIC = NO;
				GCC_NO_COMMON_BLOCKS = YES;
				GCC_OPTIMIZATION_LEVEL = 0;
				GCC_PREPROCESSOR_DEFINITIONS = (
					"DEBUG=1",
					"$(inherited)",
				);
				GCC_WARN_64_TO_32_BIT_CONVERSION = YES;
				GCC_WARN_ABOUT_RETURN_TYPE = YES_ERROR;
				GCC_WARN_UNDECLARED_SELECTOR = YES;
				GCC_WARN_UNINITIALIZED_AUTOS = YES_AGGRESSIVE;
				GCC_WARN_UNUSED_FUNCTION = YES;
				GCC_WARN_UNUSED_VARIABLE = YES;
				IPHONEOS_DEPLOYMENT_TARGET = 16.4;
				MTL_ENABLE_DEBUG_INFO = INCLUDE_SOURCE;
				MTL_FAST_MATH = YES;
				ONLY_ACTIVE_ARCH = YES;
				SDKROOT = iphoneos;
				SWIFT_ACTIVE_COMPILATION_CONDITIONS = DEBUG;
				SWIFT_OPTIMIZATION_LEVEL = "-Onone";
			};
			name = Debug;
		};
		D6A4C8F92A2129AB0065ECF4 /* Release */ = {
			isa = XCBuildConfiguration;
			buildSettings = {
				ALWAYS_SEARCH_USER_PATHS = NO;
				CLANG_ANALYZER_NONNULL = YES;
				CLANG_ANALYZER_NUMBER_OBJECT_CONVERSION = YES_AGGRESSIVE;
				CLANG_CXX_LANGUAGE_STANDARD = "gnu++20";
				CLANG_ENABLE_MODULES = YES;
				CLANG_ENABLE_OBJC_ARC = YES;
				CLANG_ENABLE_OBJC_WEAK = YES;
				CLANG_WARN_BLOCK_CAPTURE_AUTORELEASING = YES;
				CLANG_WARN_BOOL_CONVERSION = YES;
				CLANG_WARN_COMMA = YES;
				CLANG_WARN_CONSTANT_CONVERSION = YES;
				CLANG_WARN_DEPRECATED_OBJC_IMPLEMENTATIONS = YES;
				CLANG_WARN_DIRECT_OBJC_ISA_USAGE = YES_ERROR;
				CLANG_WARN_DOCUMENTATION_COMMENTS = YES;
				CLANG_WARN_EMPTY_BODY = YES;
				CLANG_WARN_ENUM_CONVERSION = YES;
				CLANG_WARN_INFINITE_RECURSION = YES;
				CLANG_WARN_INT_CONVERSION = YES;
				CLANG_WARN_NON_LITERAL_NULL_CONVERSION = YES;
				CLANG_WARN_OBJC_IMPLICIT_RETAIN_SELF = YES;
				CLANG_WARN_OBJC_LITERAL_CONVERSION = YES;
				CLANG_WARN_OBJC_ROOT_CLASS = YES_ERROR;
				CLANG_WARN_QUOTED_INCLUDE_IN_FRAMEWORK_HEADER = YES;
				CLANG_WARN_RANGE_LOOP_ANALYSIS = YES;
				CLANG_WARN_STRICT_PROTOTYPES = YES;
				CLANG_WARN_SUSPICIOUS_MOVE = YES;
				CLANG_WARN_UNGUARDED_AVAILABILITY = YES_AGGRESSIVE;
				CLANG_WARN_UNREACHABLE_CODE = YES;
				CLANG_WARN__DUPLICATE_METHOD_MATCH = YES;
				COPY_PHASE_STRIP = NO;
				DEBUG_INFORMATION_FORMAT = "dwarf-with-dsym";
				ENABLE_NS_ASSERTIONS = NO;
				ENABLE_STRICT_OBJC_MSGSEND = YES;
				GCC_C_LANGUAGE_STANDARD = gnu11;
				GCC_NO_COMMON_BLOCKS = YES;
				GCC_WARN_64_TO_32_BIT_CONVERSION = YES;
				GCC_WARN_ABOUT_RETURN_TYPE = YES_ERROR;
				GCC_WARN_UNDECLARED_SELECTOR = YES;
				GCC_WARN_UNINITIALIZED_AUTOS = YES_AGGRESSIVE;
				GCC_WARN_UNUSED_FUNCTION = YES;
				GCC_WARN_UNUSED_VARIABLE = YES;
				IPHONEOS_DEPLOYMENT_TARGET = 16.4;
				MTL_ENABLE_DEBUG_INFO = NO;
				MTL_FAST_MATH = YES;
				SDKROOT = iphoneos;
				SWIFT_COMPILATION_MODE = wholemodule;
				SWIFT_OPTIMIZATION_LEVEL = "-O";
				VALIDATE_PRODUCT = YES;
			};
			name = Release;
		};
		D6A4C8FB2A2129AB0065ECF4 /* Debug */ = {
			isa = XCBuildConfiguration;
			buildSettings = {
				ASSETCATALOG_COMPILER_APPICON_NAME = AppIcon;
				ASSETCATALOG_COMPILER_GLOBAL_ACCENT_COLOR_NAME = AccentColor;
				CODE_SIGN_STYLE = Automatic;
				CURRENT_PROJECT_VERSION = 1;
				DEVELOPMENT_TEAM = G9R86P7VXT;
				GENERATE_INFOPLIST_FILE = YES;
				INFOPLIST_FILE = "Pokepedia-iOS-App/Info.plist";
				INFOPLIST_KEY_UIApplicationSupportsIndirectInputEvents = YES;
				INFOPLIST_KEY_UILaunchStoryboardName = LaunchScreen;
				INFOPLIST_KEY_UIMainStoryboardFile = Main;
				INFOPLIST_KEY_UISupportedInterfaceOrientations_iPad = "UIInterfaceOrientationPortrait UIInterfaceOrientationPortraitUpsideDown UIInterfaceOrientationLandscapeLeft UIInterfaceOrientationLandscapeRight";
				INFOPLIST_KEY_UISupportedInterfaceOrientations_iPhone = "UIInterfaceOrientationPortrait UIInterfaceOrientationLandscapeLeft UIInterfaceOrientationLandscapeRight";
				IPHONEOS_DEPLOYMENT_TARGET = 16.4;
				LD_RUNPATH_SEARCH_PATHS = (
					"$(inherited)",
					"@executable_path/Frameworks",
				);
				MARKETING_VERSION = 1.0;
				PRODUCT_BUNDLE_IDENTIFIER = "klyotskin.Pokepedia-iOS-App";
				PRODUCT_NAME = "$(TARGET_NAME)";
				SUPPORTED_PLATFORMS = "iphoneos iphonesimulator";
				SUPPORTS_MACCATALYST = NO;
				SUPPORTS_MAC_DESIGNED_FOR_IPHONE_IPAD = NO;
				SWIFT_EMIT_LOC_STRINGS = YES;
				SWIFT_VERSION = 5.0;
				TARGETED_DEVICE_FAMILY = 1;
			};
			name = Debug;
		};
		D6A4C8FC2A2129AB0065ECF4 /* Release */ = {
			isa = XCBuildConfiguration;
			buildSettings = {
				ASSETCATALOG_COMPILER_APPICON_NAME = AppIcon;
				ASSETCATALOG_COMPILER_GLOBAL_ACCENT_COLOR_NAME = AccentColor;
				CODE_SIGN_STYLE = Automatic;
				CURRENT_PROJECT_VERSION = 1;
				DEVELOPMENT_TEAM = G9R86P7VXT;
				GENERATE_INFOPLIST_FILE = YES;
				INFOPLIST_FILE = "Pokepedia-iOS-App/Info.plist";
				INFOPLIST_KEY_UIApplicationSupportsIndirectInputEvents = YES;
				INFOPLIST_KEY_UILaunchStoryboardName = LaunchScreen;
				INFOPLIST_KEY_UIMainStoryboardFile = Main;
				INFOPLIST_KEY_UISupportedInterfaceOrientations_iPad = "UIInterfaceOrientationPortrait UIInterfaceOrientationPortraitUpsideDown UIInterfaceOrientationLandscapeLeft UIInterfaceOrientationLandscapeRight";
				INFOPLIST_KEY_UISupportedInterfaceOrientations_iPhone = "UIInterfaceOrientationPortrait UIInterfaceOrientationLandscapeLeft UIInterfaceOrientationLandscapeRight";
				IPHONEOS_DEPLOYMENT_TARGET = 16.4;
				LD_RUNPATH_SEARCH_PATHS = (
					"$(inherited)",
					"@executable_path/Frameworks",
				);
				MARKETING_VERSION = 1.0;
				PRODUCT_BUNDLE_IDENTIFIER = "klyotskin.Pokepedia-iOS-App";
				PRODUCT_NAME = "$(TARGET_NAME)";
				SUPPORTED_PLATFORMS = "iphoneos iphonesimulator";
				SUPPORTS_MACCATALYST = NO;
				SUPPORTS_MAC_DESIGNED_FOR_IPHONE_IPAD = NO;
				SWIFT_EMIT_LOC_STRINGS = YES;
				SWIFT_VERSION = 5.0;
				TARGETED_DEVICE_FAMILY = 1;
			};
			name = Release;
		};
/* End XCBuildConfiguration section */

/* Begin XCConfigurationList section */
		D65A2E172A2342D000C9168F /* Build configuration list for PBXNativeTarget "Pokepedia-iOS-AppTests" */ = {
			isa = XCConfigurationList;
			buildConfigurations = (
				D65A2E182A2342D000C9168F /* Debug */,
				D65A2E192A2342D000C9168F /* Release */,
			);
			defaultConfigurationIsVisible = 0;
			defaultConfigurationName = Release;
		};
		D6A4C8E12A2129AB0065ECF4 /* Build configuration list for PBXProject "Pokepedia-iOS-App" */ = {
			isa = XCConfigurationList;
			buildConfigurations = (
				D6A4C8F82A2129AB0065ECF4 /* Debug */,
				D6A4C8F92A2129AB0065ECF4 /* Release */,
			);
			defaultConfigurationIsVisible = 0;
			defaultConfigurationName = Release;
		};
		D6A4C8FA2A2129AB0065ECF4 /* Build configuration list for PBXNativeTarget "Pokepedia-iOS-App" */ = {
			isa = XCConfigurationList;
			buildConfigurations = (
				D6A4C8FB2A2129AB0065ECF4 /* Debug */,
				D6A4C8FC2A2129AB0065ECF4 /* Release */,
			);
			defaultConfigurationIsVisible = 0;
			defaultConfigurationName = Release;
		};
/* End XCConfigurationList section */
	};
	rootObject = D6A4C8DE2A2129AB0065ECF4 /* Project object */;
}
