// !$*UTF8*$!
{
	archiveVersion = 1;
	classes = {
	};
	objectVersion = 56;
	objects = {

/* Begin PBXBuildFile section */
		D604FBE32A62613B007BAF00 /* ListPokemonItemCell.xib in Resources */ = {isa = PBXBuildFile; fileRef = D604FBE22A62613B007BAF00 /* ListPokemonItemCell.xib */; };
		D604FBEC2A626FC4007BAF00 /* NSObject+Nib.swift in Sources */ = {isa = PBXBuildFile; fileRef = D604FBEB2A626FC4007BAF00 /* NSObject+Nib.swift */; };
		D604FBEE2A6273D4007BAF00 /* UIView+Constraints.swift in Sources */ = {isa = PBXBuildFile; fileRef = D604FBED2A6273D4007BAF00 /* UIView+Constraints.swift */; };
		D60E15AE2A63D39500F21958 /* UIColor+Creation.swift in Sources */ = {isa = PBXBuildFile; fileRef = D60E15AD2A63D39500F21958 /* UIColor+Creation.swift */; };
		D60E15B02A63D44000F21958 /* UIFont+Creation.swift in Sources */ = {isa = PBXBuildFile; fileRef = D60E15AF2A63D44000F21958 /* UIFont+Creation.swift */; };
		D629F23A2A73F91700195735 /* UITableView+Dequeue.swift in Sources */ = {isa = PBXBuildFile; fileRef = D629F2392A73F91700195735 /* UITableView+Dequeue.swift */; };
		D629F23D2A73FD8200195735 /* PokemonDetailCells.swift in Sources */ = {isa = PBXBuildFile; fileRef = D629F23C2A73FD8200195735 /* PokemonDetailCells.swift */; };
		D629F2412A74072300195735 /* PokemonListCells.swift in Sources */ = {isa = PBXBuildFile; fileRef = D629F2402A74072300195735 /* PokemonListCells.swift */; };
		D64F14162A5F160500F88826 /* UIView+Container.swift in Sources */ = {isa = PBXBuildFile; fileRef = D64F14152A5F160500F88826 /* UIView+Container.swift */; };
		D64F14182A5F169800F88826 /* UITableView+HeaderSizing.swift in Sources */ = {isa = PBXBuildFile; fileRef = D64F14172A5F169800F88826 /* UITableView+HeaderSizing.swift */; };
		D66787D12A29E8CC00F8CC3C /* ListPokemonItemViewController.swift in Sources */ = {isa = PBXBuildFile; fileRef = D66787D02A29E8CC00F8CC3C /* ListPokemonItemViewController.swift */; };
		D66787D52A29E95300F8CC3C /* ListPokemonItemCell.swift in Sources */ = {isa = PBXBuildFile; fileRef = D66787D42A29E95300F8CC3C /* ListPokemonItemCell.swift */; };
		D66787D72A29E96400F8CC3C /* ErrorView.swift in Sources */ = {isa = PBXBuildFile; fileRef = D66787D62A29E96400F8CC3C /* ErrorView.swift */; };
		D68A55072A7387F5002A5CDE /* POKEMON_INFO_ERROR_light.png in Resources */ = {isa = PBXBuildFile; fileRef = D68A55042A7387F5002A5CDE /* POKEMON_INFO_ERROR_light.png */; };
		D68A55082A7387F5002A5CDE /* POKEMON_INFO_ERROR_dark.png in Resources */ = {isa = PBXBuildFile; fileRef = D68A55052A7387F5002A5CDE /* POKEMON_INFO_ERROR_dark.png */; };
		D68A55092A7387F5002A5CDE /* POKEMON_INFO_ERROR_light_extraExtraExtraLarge.png in Resources */ = {isa = PBXBuildFile; fileRef = D68A55062A7387F5002A5CDE /* POKEMON_INFO_ERROR_light_extraExtraExtraLarge.png */; };
		D68A550D2A738AFE002A5CDE /* POKEMON_INFO_IMAGE_light.png in Resources */ = {isa = PBXBuildFile; fileRef = D68A550A2A738AFE002A5CDE /* POKEMON_INFO_IMAGE_light.png */; };
		D68A550E2A738AFE002A5CDE /* POKEMON_INFO_IMAGE_light_extraExtraExtraLarge.png in Resources */ = {isa = PBXBuildFile; fileRef = D68A550B2A738AFE002A5CDE /* POKEMON_INFO_IMAGE_light_extraExtraExtraLarge.png */; };
		D68A550F2A738AFE002A5CDE /* POKEMON_INFO_IMAGE_dark.png in Resources */ = {isa = PBXBuildFile; fileRef = D68A550C2A738AFE002A5CDE /* POKEMON_INFO_IMAGE_dark.png */; };
		D68A55132A738E47002A5CDE /* POKEMON_ABILITIES_dark.png in Resources */ = {isa = PBXBuildFile; fileRef = D68A55102A738E47002A5CDE /* POKEMON_ABILITIES_dark.png */; };
		D68A55142A738E47002A5CDE /* POKEMON_ABILITIES_light_extraExtraExtraLarge.png in Resources */ = {isa = PBXBuildFile; fileRef = D68A55112A738E47002A5CDE /* POKEMON_ABILITIES_light_extraExtraExtraLarge.png */; };
		D68A55152A738E47002A5CDE /* POKEMON_ABILITIES_IMAGE_light.png in Resources */ = {isa = PBXBuildFile; fileRef = D68A55122A738E47002A5CDE /* POKEMON_ABILITIES_IMAGE_light.png */; };
		D68A55172A738E5A002A5CDE /* DetailPokemonAbilityCell.xib in Resources */ = {isa = PBXBuildFile; fileRef = D68A55162A738E5A002A5CDE /* DetailPokemonAbilityCell.xib */; };
		D6A29CB12A71897C000E74AD /* CellController.swift in Sources */ = {isa = PBXBuildFile; fileRef = D6A29CB02A71897C000E74AD /* CellController.swift */; };
		D6A29CB32A71A124000E74AD /* ListViewController.swift in Sources */ = {isa = PBXBuildFile; fileRef = D6A29CB22A71A123000E74AD /* ListViewController.swift */; };
		D6B1DAF22A73E64200683BFD /* TitleCell.swift in Sources */ = {isa = PBXBuildFile; fileRef = D6B1DAF12A73E64200683BFD /* TitleCell.swift */; };
		D6B1DAF42A73E71000683BFD /* TitleCell.xib in Resources */ = {isa = PBXBuildFile; fileRef = D6B1DAF32A73E71000683BFD /* TitleCell.xib */; };
		D6B1DAF82A73E93A00683BFD /* DefaultCellController.swift in Sources */ = {isa = PBXBuildFile; fileRef = D6B1DAF72A73E93A00683BFD /* DefaultCellController.swift */; };
		D6BF59632A71B8B2008175E5 /* DetailPokemonAbilityCell.swift in Sources */ = {isa = PBXBuildFile; fileRef = D6BF59622A71B8B2008175E5 /* DetailPokemonAbilityCell.swift */; };
		D6BF59652A71B92F008175E5 /* DetailPokemonInfoCell.swift in Sources */ = {isa = PBXBuildFile; fileRef = D6BF59642A71B92F008175E5 /* DetailPokemonInfoCell.swift */; };
		D6BF596A2A71BDA6008175E5 /* DetailPokemonInfoController.swift in Sources */ = {isa = PBXBuildFile; fileRef = D6BF59692A71BDA6008175E5 /* DetailPokemonInfoController.swift */; };
		D6BF59752A7232B7008175E5 /* UIImage+Creation.swift in Sources */ = {isa = PBXBuildFile; fileRef = D6BF59742A7232B7008175E5 /* UIImage+Creation.swift */; };
		D6C8D7992A72D86C000C79CF /* Pokepedia_iOS.framework in Frameworks */ = {isa = PBXBuildFile; fileRef = D6E4454F2A25CD5C00E388A7 /* Pokepedia_iOS.framework */; platformFilter = ios; };
		D6C8D7A32A72D921000C79CF /* ListViewControllerSnapshotTests.swift in Sources */ = {isa = PBXBuildFile; fileRef = D6C8D7A22A72D921000C79CF /* ListViewControllerSnapshotTests.swift */; };
		D6C8D7A62A72D9BF000C79CF /* UIViewController+Snapshot.swift in Sources */ = {isa = PBXBuildFile; fileRef = D6C8D7A52A72D9BF000C79CF /* UIViewController+Snapshot.swift */; };
		D6C8D7A82A72D9E2000C79CF /* XCTestCase+Snapshot.swift in Sources */ = {isa = PBXBuildFile; fileRef = D6C8D7A72A72D9E2000C79CF /* XCTestCase+Snapshot.swift */; };
		D6C8D7B12A72DA4B000C79CF /* PokemonListSnapshotTests.swift in Sources */ = {isa = PBXBuildFile; fileRef = D6C8D7B02A72DA4B000C79CF /* PokemonListSnapshotTests.swift */; };
		D6C8D7B32A72DA60000C79CF /* PokemonDetailSnapshotTests.swift in Sources */ = {isa = PBXBuildFile; fileRef = D6C8D7B22A72DA60000C79CF /* PokemonDetailSnapshotTests.swift */; };
		D6C8D7B52A72DAE4000C79CF /* UIImage+Creation.swift in Sources */ = {isa = PBXBuildFile; fileRef = D6C8D7B42A72DAE4000C79CF /* UIImage+Creation.swift */; };
		D6C8D7C52A72DBC0000C79CF /* LIST_EMPTY_dark.png in Resources */ = {isa = PBXBuildFile; fileRef = D6C8D7BC2A72DBBF000C79CF /* LIST_EMPTY_dark.png */; };
		D6C8D7C62A72DBC0000C79CF /* LIST_EMPTY_light_extraExtraExtraLarge.png in Resources */ = {isa = PBXBuildFile; fileRef = D6C8D7BD2A72DBBF000C79CF /* LIST_EMPTY_light_extraExtraExtraLarge.png */; };
		D6C8D7C72A72DBC0000C79CF /* LIST_ERROR_dark.png in Resources */ = {isa = PBXBuildFile; fileRef = D6C8D7BE2A72DBC0000C79CF /* LIST_ERROR_dark.png */; };
		D6C8D7C82A72DBC0000C79CF /* LIST_LOADING_light_extraExtraExtraLarge.png in Resources */ = {isa = PBXBuildFile; fileRef = D6C8D7BF2A72DBC0000C79CF /* LIST_LOADING_light_extraExtraExtraLarge.png */; };
		D6C8D7C92A72DBC0000C79CF /* LIST_LOADING_light.png in Resources */ = {isa = PBXBuildFile; fileRef = D6C8D7C02A72DBC0000C79CF /* LIST_LOADING_light.png */; };
		D6C8D7CA2A72DBC0000C79CF /* LIST_EMPTY_light.png in Resources */ = {isa = PBXBuildFile; fileRef = D6C8D7C12A72DBC0000C79CF /* LIST_EMPTY_light.png */; };
		D6C8D7CB2A72DBC0000C79CF /* LIST_ERROR_light_extraExtraExtraLarge.png in Resources */ = {isa = PBXBuildFile; fileRef = D6C8D7C22A72DBC0000C79CF /* LIST_ERROR_light_extraExtraExtraLarge.png */; };
		D6C8D7CC2A72DBC0000C79CF /* LIST_ERROR_light.png in Resources */ = {isa = PBXBuildFile; fileRef = D6C8D7C32A72DBC0000C79CF /* LIST_ERROR_light.png */; };
		D6C8D7CD2A72DBC0000C79CF /* LIST_LOADING_dark.png in Resources */ = {isa = PBXBuildFile; fileRef = D6C8D7C42A72DBC0000C79CF /* LIST_LOADING_dark.png */; };
		D6C8D7D12A72DBEC000C79CF /* POKEMON_LIST_SUCCESS_dark.png in Resources */ = {isa = PBXBuildFile; fileRef = D6C8D7CE2A72DBEC000C79CF /* POKEMON_LIST_SUCCESS_dark.png */; };
		D6C8D7D22A72DBEC000C79CF /* POKEMON_LIST_SUCCESS_light_extraExtraExtraLarge.png in Resources */ = {isa = PBXBuildFile; fileRef = D6C8D7CF2A72DBEC000C79CF /* POKEMON_LIST_SUCCESS_light_extraExtraExtraLarge.png */; };
		D6C8D7D32A72DBEC000C79CF /* POKEMON_LIST_SUCCESS_light.png in Resources */ = {isa = PBXBuildFile; fileRef = D6C8D7D02A72DBEC000C79CF /* POKEMON_LIST_SUCCESS_light.png */; };
		D6C8D7D72A737821000C79CF /* POKEMON_INFO_LOADING_light_extraExtraExtraLarge.png in Resources */ = {isa = PBXBuildFile; fileRef = D6C8D7D42A737821000C79CF /* POKEMON_INFO_LOADING_light_extraExtraExtraLarge.png */; };
		D6C8D7D82A737821000C79CF /* POKEMON_INFO_LOADING_dark.png in Resources */ = {isa = PBXBuildFile; fileRef = D6C8D7D52A737821000C79CF /* POKEMON_INFO_LOADING_dark.png */; };
		D6C8D7D92A737821000C79CF /* POKEMON_INFO_LOADING_light.png in Resources */ = {isa = PBXBuildFile; fileRef = D6C8D7D62A737821000C79CF /* POKEMON_INFO_LOADING_light.png */; };
		D6C8D7DD2A737896000C79CF /* DetailPokemonInfoCell.xib in Resources */ = {isa = PBXBuildFile; fileRef = D6C8D7DC2A737896000C79CF /* DetailPokemonInfoCell.xib */; };
		D6CBFD012A278B6600CE40C7 /* Pokepedia.framework in Frameworks */ = {isa = PBXBuildFile; fileRef = D6CBFD002A278B6600CE40C7 /* Pokepedia.framework */; };
		D6CBFD022A278B6600CE40C7 /* Pokepedia.framework in Embed Frameworks */ = {isa = PBXBuildFile; fileRef = D6CBFD002A278B6600CE40C7 /* Pokepedia.framework */; settings = {ATTRIBUTES = (CodeSignOnCopy, RemoveHeadersOnCopy, ); }; };
/* End PBXBuildFile section */

/* Begin PBXContainerItemProxy section */
		D6C8D79A2A72D86C000C79CF /* PBXContainerItemProxy */ = {
			isa = PBXContainerItemProxy;
			containerPortal = D6E445462A25CD5C00E388A7 /* Project object */;
			proxyType = 1;
			remoteGlobalIDString = D6E4454E2A25CD5C00E388A7;
			remoteInfo = "Pokepedia-iOS";
		};
/* End PBXContainerItemProxy section */

/* Begin PBXCopyFilesBuildPhase section */
		D6CBFD032A278B6600CE40C7 /* Embed Frameworks */ = {
			isa = PBXCopyFilesBuildPhase;
			buildActionMask = 2147483647;
			dstPath = "";
			dstSubfolderSpec = 10;
			files = (
				D6CBFD022A278B6600CE40C7 /* Pokepedia.framework in Embed Frameworks */,
			);
			name = "Embed Frameworks";
			runOnlyForDeploymentPostprocessing = 0;
		};
/* End PBXCopyFilesBuildPhase section */

/* Begin PBXFileReference section */
		D604FBE22A62613B007BAF00 /* ListPokemonItemCell.xib */ = {isa = PBXFileReference; lastKnownFileType = file.xib; path = ListPokemonItemCell.xib; sourceTree = "<group>"; };
		D604FBEB2A626FC4007BAF00 /* NSObject+Nib.swift */ = {isa = PBXFileReference; lastKnownFileType = sourcecode.swift; path = "NSObject+Nib.swift"; sourceTree = "<group>"; };
		D604FBED2A6273D4007BAF00 /* UIView+Constraints.swift */ = {isa = PBXFileReference; lastKnownFileType = sourcecode.swift; path = "UIView+Constraints.swift"; sourceTree = "<group>"; };
		D60E15AD2A63D39500F21958 /* UIColor+Creation.swift */ = {isa = PBXFileReference; lastKnownFileType = sourcecode.swift; path = "UIColor+Creation.swift"; sourceTree = "<group>"; };
		D60E15AF2A63D44000F21958 /* UIFont+Creation.swift */ = {isa = PBXFileReference; lastKnownFileType = sourcecode.swift; path = "UIFont+Creation.swift"; sourceTree = "<group>"; };
		D629F2392A73F91700195735 /* UITableView+Dequeue.swift */ = {isa = PBXFileReference; lastKnownFileType = sourcecode.swift; path = "UITableView+Dequeue.swift"; sourceTree = "<group>"; };
		D629F23C2A73FD8200195735 /* PokemonDetailCells.swift */ = {isa = PBXFileReference; lastKnownFileType = sourcecode.swift; path = PokemonDetailCells.swift; sourceTree = "<group>"; };
		D629F2402A74072300195735 /* PokemonListCells.swift */ = {isa = PBXFileReference; lastKnownFileType = sourcecode.swift; path = PokemonListCells.swift; sourceTree = "<group>"; };
		D64F14152A5F160500F88826 /* UIView+Container.swift */ = {isa = PBXFileReference; lastKnownFileType = sourcecode.swift; path = "UIView+Container.swift"; sourceTree = "<group>"; };
		D64F14172A5F169800F88826 /* UITableView+HeaderSizing.swift */ = {isa = PBXFileReference; lastKnownFileType = sourcecode.swift; path = "UITableView+HeaderSizing.swift"; sourceTree = "<group>"; };
		D66787D02A29E8CC00F8CC3C /* ListPokemonItemViewController.swift */ = {isa = PBXFileReference; lastKnownFileType = sourcecode.swift; path = ListPokemonItemViewController.swift; sourceTree = "<group>"; };
		D66787D42A29E95300F8CC3C /* ListPokemonItemCell.swift */ = {isa = PBXFileReference; lastKnownFileType = sourcecode.swift; path = ListPokemonItemCell.swift; sourceTree = "<group>"; };
		D66787D62A29E96400F8CC3C /* ErrorView.swift */ = {isa = PBXFileReference; lastKnownFileType = sourcecode.swift; path = ErrorView.swift; sourceTree = "<group>"; };
		D68A55042A7387F5002A5CDE /* POKEMON_INFO_ERROR_light.png */ = {isa = PBXFileReference; lastKnownFileType = image.png; path = POKEMON_INFO_ERROR_light.png; sourceTree = "<group>"; };
		D68A55052A7387F5002A5CDE /* POKEMON_INFO_ERROR_dark.png */ = {isa = PBXFileReference; lastKnownFileType = image.png; path = POKEMON_INFO_ERROR_dark.png; sourceTree = "<group>"; };
		D68A55062A7387F5002A5CDE /* POKEMON_INFO_ERROR_light_extraExtraExtraLarge.png */ = {isa = PBXFileReference; lastKnownFileType = image.png; path = POKEMON_INFO_ERROR_light_extraExtraExtraLarge.png; sourceTree = "<group>"; };
		D68A550A2A738AFE002A5CDE /* POKEMON_INFO_IMAGE_light.png */ = {isa = PBXFileReference; lastKnownFileType = image.png; path = POKEMON_INFO_IMAGE_light.png; sourceTree = "<group>"; };
		D68A550B2A738AFE002A5CDE /* POKEMON_INFO_IMAGE_light_extraExtraExtraLarge.png */ = {isa = PBXFileReference; lastKnownFileType = image.png; path = POKEMON_INFO_IMAGE_light_extraExtraExtraLarge.png; sourceTree = "<group>"; };
		D68A550C2A738AFE002A5CDE /* POKEMON_INFO_IMAGE_dark.png */ = {isa = PBXFileReference; lastKnownFileType = image.png; path = POKEMON_INFO_IMAGE_dark.png; sourceTree = "<group>"; };
		D68A55102A738E47002A5CDE /* POKEMON_ABILITIES_dark.png */ = {isa = PBXFileReference; lastKnownFileType = image.png; path = POKEMON_ABILITIES_dark.png; sourceTree = "<group>"; };
		D68A55112A738E47002A5CDE /* POKEMON_ABILITIES_light_extraExtraExtraLarge.png */ = {isa = PBXFileReference; lastKnownFileType = image.png; path = POKEMON_ABILITIES_light_extraExtraExtraLarge.png; sourceTree = "<group>"; };
		D68A55122A738E47002A5CDE /* POKEMON_ABILITIES_IMAGE_light.png */ = {isa = PBXFileReference; lastKnownFileType = image.png; path = POKEMON_ABILITIES_IMAGE_light.png; sourceTree = "<group>"; };
		D68A55162A738E5A002A5CDE /* DetailPokemonAbilityCell.xib */ = {isa = PBXFileReference; lastKnownFileType = file.xib; path = DetailPokemonAbilityCell.xib; sourceTree = "<group>"; };
		D6A29CB02A71897C000E74AD /* CellController.swift */ = {isa = PBXFileReference; lastKnownFileType = sourcecode.swift; path = CellController.swift; sourceTree = "<group>"; };
		D6A29CB22A71A123000E74AD /* ListViewController.swift */ = {isa = PBXFileReference; lastKnownFileType = sourcecode.swift; path = ListViewController.swift; sourceTree = "<group>"; };
		D6B1DAF12A73E64200683BFD /* TitleCell.swift */ = {isa = PBXFileReference; lastKnownFileType = sourcecode.swift; path = TitleCell.swift; sourceTree = "<group>"; };
		D6B1DAF32A73E71000683BFD /* TitleCell.xib */ = {isa = PBXFileReference; lastKnownFileType = file.xib; path = TitleCell.xib; sourceTree = "<group>"; };
		D6B1DAF72A73E93A00683BFD /* DefaultCellController.swift */ = {isa = PBXFileReference; lastKnownFileType = sourcecode.swift; path = DefaultCellController.swift; sourceTree = "<group>"; };
		D6BF59622A71B8B2008175E5 /* DetailPokemonAbilityCell.swift */ = {isa = PBXFileReference; lastKnownFileType = sourcecode.swift; path = DetailPokemonAbilityCell.swift; sourceTree = "<group>"; };
		D6BF59642A71B92F008175E5 /* DetailPokemonInfoCell.swift */ = {isa = PBXFileReference; lastKnownFileType = sourcecode.swift; path = DetailPokemonInfoCell.swift; sourceTree = "<group>"; };
		D6BF59692A71BDA6008175E5 /* DetailPokemonInfoController.swift */ = {isa = PBXFileReference; lastKnownFileType = sourcecode.swift; path = DetailPokemonInfoController.swift; sourceTree = "<group>"; };
		D6BF59742A7232B7008175E5 /* UIImage+Creation.swift */ = {isa = PBXFileReference; lastKnownFileType = sourcecode.swift; path = "UIImage+Creation.swift"; sourceTree = "<group>"; };
		D6C8D7952A72D86C000C79CF /* Pokepedia_iOSTests.xctest */ = {isa = PBXFileReference; explicitFileType = wrapper.cfbundle; includeInIndex = 0; path = Pokepedia_iOSTests.xctest; sourceTree = BUILT_PRODUCTS_DIR; };
		D6C8D79F2A72D897000C79CF /* Pokepedia-iOS-TP.xctestplan */ = {isa = PBXFileReference; lastKnownFileType = text; path = "Pokepedia-iOS-TP.xctestplan"; sourceTree = "<group>"; };
		D6C8D7A22A72D921000C79CF /* ListViewControllerSnapshotTests.swift */ = {isa = PBXFileReference; lastKnownFileType = sourcecode.swift; path = ListViewControllerSnapshotTests.swift; sourceTree = "<group>"; };
		D6C8D7A52A72D9BF000C79CF /* UIViewController+Snapshot.swift */ = {isa = PBXFileReference; fileEncoding = 4; lastKnownFileType = sourcecode.swift; path = "UIViewController+Snapshot.swift"; sourceTree = "<group>"; };
		D6C8D7A72A72D9E2000C79CF /* XCTestCase+Snapshot.swift */ = {isa = PBXFileReference; fileEncoding = 4; lastKnownFileType = sourcecode.swift; path = "XCTestCase+Snapshot.swift"; sourceTree = "<group>"; };
		D6C8D7B02A72DA4B000C79CF /* PokemonListSnapshotTests.swift */ = {isa = PBXFileReference; fileEncoding = 4; lastKnownFileType = sourcecode.swift; path = PokemonListSnapshotTests.swift; sourceTree = "<group>"; };
		D6C8D7B22A72DA60000C79CF /* PokemonDetailSnapshotTests.swift */ = {isa = PBXFileReference; fileEncoding = 4; lastKnownFileType = sourcecode.swift; path = PokemonDetailSnapshotTests.swift; sourceTree = "<group>"; };
		D6C8D7B42A72DAE4000C79CF /* UIImage+Creation.swift */ = {isa = PBXFileReference; lastKnownFileType = sourcecode.swift; path = "UIImage+Creation.swift"; sourceTree = "<group>"; };
		D6C8D7BC2A72DBBF000C79CF /* LIST_EMPTY_dark.png */ = {isa = PBXFileReference; lastKnownFileType = image.png; path = LIST_EMPTY_dark.png; sourceTree = "<group>"; };
		D6C8D7BD2A72DBBF000C79CF /* LIST_EMPTY_light_extraExtraExtraLarge.png */ = {isa = PBXFileReference; lastKnownFileType = image.png; path = LIST_EMPTY_light_extraExtraExtraLarge.png; sourceTree = "<group>"; };
		D6C8D7BE2A72DBC0000C79CF /* LIST_ERROR_dark.png */ = {isa = PBXFileReference; lastKnownFileType = image.png; path = LIST_ERROR_dark.png; sourceTree = "<group>"; };
		D6C8D7BF2A72DBC0000C79CF /* LIST_LOADING_light_extraExtraExtraLarge.png */ = {isa = PBXFileReference; lastKnownFileType = image.png; path = LIST_LOADING_light_extraExtraExtraLarge.png; sourceTree = "<group>"; };
		D6C8D7C02A72DBC0000C79CF /* LIST_LOADING_light.png */ = {isa = PBXFileReference; lastKnownFileType = image.png; path = LIST_LOADING_light.png; sourceTree = "<group>"; };
		D6C8D7C12A72DBC0000C79CF /* LIST_EMPTY_light.png */ = {isa = PBXFileReference; lastKnownFileType = image.png; path = LIST_EMPTY_light.png; sourceTree = "<group>"; };
		D6C8D7C22A72DBC0000C79CF /* LIST_ERROR_light_extraExtraExtraLarge.png */ = {isa = PBXFileReference; lastKnownFileType = image.png; path = LIST_ERROR_light_extraExtraExtraLarge.png; sourceTree = "<group>"; };
		D6C8D7C32A72DBC0000C79CF /* LIST_ERROR_light.png */ = {isa = PBXFileReference; lastKnownFileType = image.png; path = LIST_ERROR_light.png; sourceTree = "<group>"; };
		D6C8D7C42A72DBC0000C79CF /* LIST_LOADING_dark.png */ = {isa = PBXFileReference; lastKnownFileType = image.png; path = LIST_LOADING_dark.png; sourceTree = "<group>"; };
		D6C8D7CE2A72DBEC000C79CF /* POKEMON_LIST_SUCCESS_dark.png */ = {isa = PBXFileReference; lastKnownFileType = image.png; path = POKEMON_LIST_SUCCESS_dark.png; sourceTree = "<group>"; };
		D6C8D7CF2A72DBEC000C79CF /* POKEMON_LIST_SUCCESS_light_extraExtraExtraLarge.png */ = {isa = PBXFileReference; lastKnownFileType = image.png; path = POKEMON_LIST_SUCCESS_light_extraExtraExtraLarge.png; sourceTree = "<group>"; };
		D6C8D7D02A72DBEC000C79CF /* POKEMON_LIST_SUCCESS_light.png */ = {isa = PBXFileReference; lastKnownFileType = image.png; path = POKEMON_LIST_SUCCESS_light.png; sourceTree = "<group>"; };
		D6C8D7D42A737821000C79CF /* POKEMON_INFO_LOADING_light_extraExtraExtraLarge.png */ = {isa = PBXFileReference; lastKnownFileType = image.png; path = POKEMON_INFO_LOADING_light_extraExtraExtraLarge.png; sourceTree = "<group>"; };
		D6C8D7D52A737821000C79CF /* POKEMON_INFO_LOADING_dark.png */ = {isa = PBXFileReference; lastKnownFileType = image.png; path = POKEMON_INFO_LOADING_dark.png; sourceTree = "<group>"; };
		D6C8D7D62A737821000C79CF /* POKEMON_INFO_LOADING_light.png */ = {isa = PBXFileReference; lastKnownFileType = image.png; path = POKEMON_INFO_LOADING_light.png; sourceTree = "<group>"; };
		D6C8D7DC2A737896000C79CF /* DetailPokemonInfoCell.xib */ = {isa = PBXFileReference; lastKnownFileType = file.xib; path = DetailPokemonInfoCell.xib; sourceTree = "<group>"; };
		D6CBFD002A278B6600CE40C7 /* Pokepedia.framework */ = {isa = PBXFileReference; explicitFileType = wrapper.framework; path = Pokepedia.framework; sourceTree = BUILT_PRODUCTS_DIR; };
		D6E4454F2A25CD5C00E388A7 /* Pokepedia_iOS.framework */ = {isa = PBXFileReference; explicitFileType = wrapper.framework; includeInIndex = 0; path = Pokepedia_iOS.framework; sourceTree = BUILT_PRODUCTS_DIR; };
/* End PBXFileReference section */

/* Begin PBXFrameworksBuildPhase section */
		D6C8D7922A72D86C000C79CF /* Frameworks */ = {
			isa = PBXFrameworksBuildPhase;
			buildActionMask = 2147483647;
			files = (
				D6C8D7992A72D86C000C79CF /* Pokepedia_iOS.framework in Frameworks */,
			);
			runOnlyForDeploymentPostprocessing = 0;
		};
		D6E4454C2A25CD5C00E388A7 /* Frameworks */ = {
			isa = PBXFrameworksBuildPhase;
			buildActionMask = 2147483647;
			files = (
				D6CBFD012A278B6600CE40C7 /* Pokepedia.framework in Frameworks */,
			);
			runOnlyForDeploymentPostprocessing = 0;
		};
/* End PBXFrameworksBuildPhase section */

/* Begin PBXGroup section */
		D629F23B2A73FD7300195735 /* Helpers */ = {
			isa = PBXGroup;
			children = (
				D629F23C2A73FD8200195735 /* PokemonDetailCells.swift */,
			);
			path = Helpers;
			sourceTree = "<group>";
		};
		D629F23E2A73FD8D00195735 /* Views */ = {
			isa = PBXGroup;
			children = (
				D6BF59642A71B92F008175E5 /* DetailPokemonInfoCell.swift */,
				D6BF59622A71B8B2008175E5 /* DetailPokemonAbilityCell.swift */,
				D6C8D7DC2A737896000C79CF /* DetailPokemonInfoCell.xib */,
				D68A55162A738E5A002A5CDE /* DetailPokemonAbilityCell.xib */,
			);
			path = Views;
			sourceTree = "<group>";
		};
		D629F23F2A74070800195735 /* Helpers */ = {
			isa = PBXGroup;
			children = (
				D629F2402A74072300195735 /* PokemonListCells.swift */,
			);
			path = Helpers;
			sourceTree = "<group>";
		};
		D64F14122A5F15A200F88826 /* Shared UI */ = {
			isa = PBXGroup;
			children = (
				D6A29CAF2A718971000E74AD /* Controllers */,
				D64F14132A5F15AF00F88826 /* Views */,
				D64F14142A5F15F900F88826 /* Helpers */,
			);
			path = "Shared UI";
			sourceTree = "<group>";
		};
		D64F14132A5F15AF00F88826 /* Views */ = {
			isa = PBXGroup;
			children = (
				D66787D62A29E96400F8CC3C /* ErrorView.swift */,
				D6B1DAF12A73E64200683BFD /* TitleCell.swift */,
				D6B1DAF32A73E71000683BFD /* TitleCell.xib */,
			);
			path = Views;
			sourceTree = "<group>";
		};
		D64F14142A5F15F900F88826 /* Helpers */ = {
			isa = PBXGroup;
			children = (
				D64F14152A5F160500F88826 /* UIView+Container.swift */,
				D629F2392A73F91700195735 /* UITableView+Dequeue.swift */,
				D64F14172A5F169800F88826 /* UITableView+HeaderSizing.swift */,
				D604FBEB2A626FC4007BAF00 /* NSObject+Nib.swift */,
				D604FBED2A6273D4007BAF00 /* UIView+Constraints.swift */,
				D60E15AD2A63D39500F21958 /* UIColor+Creation.swift */,
				D60E15AF2A63D44000F21958 /* UIFont+Creation.swift */,
				D6BF59742A7232B7008175E5 /* UIImage+Creation.swift */,
			);
			path = Helpers;
			sourceTree = "<group>";
		};
		D66787D22A29E8FE00F8CC3C /* Controllers */ = {
			isa = PBXGroup;
			children = (
				D66787D02A29E8CC00F8CC3C /* ListPokemonItemViewController.swift */,
			);
			path = Controllers;
			sourceTree = "<group>";
		};
		D66787D32A29E90300F8CC3C /* Views */ = {
			isa = PBXGroup;
			children = (
				D66787D42A29E95300F8CC3C /* ListPokemonItemCell.swift */,
				D604FBE22A62613B007BAF00 /* ListPokemonItemCell.xib */,
			);
			path = Views;
			sourceTree = "<group>";
		};
		D6A29CAF2A718971000E74AD /* Controllers */ = {
			isa = PBXGroup;
			children = (
				D6A29CB02A71897C000E74AD /* CellController.swift */,
				D6A29CB22A71A123000E74AD /* ListViewController.swift */,
				D6B1DAF72A73E93A00683BFD /* DefaultCellController.swift */,
			);
			path = Controllers;
			sourceTree = "<group>";
		};
		D6BF59602A71B89C008175E5 /* Pokemon Detail Feature */ = {
			isa = PBXGroup;
			children = (
				D6BF59612A71B8A7008175E5 /* UI */,
			);
			path = "Pokemon Detail Feature";
			sourceTree = "<group>";
		};
		D6BF59612A71B8A7008175E5 /* UI */ = {
			isa = PBXGroup;
			children = (
				D6BF59662A71BC02008175E5 /* Controllers */,
				D629F23E2A73FD8D00195735 /* Views */,
				D629F23B2A73FD7300195735 /* Helpers */,
			);
			path = UI;
			sourceTree = "<group>";
		};
		D6BF59662A71BC02008175E5 /* Controllers */ = {
			isa = PBXGroup;
			children = (
				D6BF59692A71BDA6008175E5 /* DetailPokemonInfoController.swift */,
			);
			path = Controllers;
			sourceTree = "<group>";
		};
		D6C8D7962A72D86C000C79CF /* Pokepedia_iOSTests */ = {
			isa = PBXGroup;
			children = (
				D6C8D7AC2A72DA1F000C79CF /* Pokemon Detail Feature */,
				D6C8D7AD2A72DA25000C79CF /* Pokemon List Feature */,
				D6C8D7A12A72D8F0000C79CF /* Shared UI */,
				D6C8D7A42A72D99D000C79CF /* Helpers */,
			);
			path = Pokepedia_iOSTests;
			sourceTree = "<group>";
		};
		D6C8D7A12A72D8F0000C79CF /* Shared UI */ = {
			isa = PBXGroup;
			children = (
				D6C8D7AB2A72DA12000C79CF /* Snapshots */,
				D6C8D7A22A72D921000C79CF /* ListViewControllerSnapshotTests.swift */,
			);
			path = "Shared UI";
			sourceTree = "<group>";
		};
		D6C8D7A42A72D99D000C79CF /* Helpers */ = {
			isa = PBXGroup;
			children = (
				D6C8D7B42A72DAE4000C79CF /* UIImage+Creation.swift */,
				D6C8D7A72A72D9E2000C79CF /* XCTestCase+Snapshot.swift */,
				D6C8D7A52A72D9BF000C79CF /* UIViewController+Snapshot.swift */,
			);
			path = Helpers;
			sourceTree = "<group>";
		};
		D6C8D7AB2A72DA12000C79CF /* Snapshots */ = {
			isa = PBXGroup;
			children = (
				D6C8D7BC2A72DBBF000C79CF /* LIST_EMPTY_dark.png */,
				D6C8D7BD2A72DBBF000C79CF /* LIST_EMPTY_light_extraExtraExtraLarge.png */,
				D6C8D7C12A72DBC0000C79CF /* LIST_EMPTY_light.png */,
				D6C8D7BE2A72DBC0000C79CF /* LIST_ERROR_dark.png */,
				D6C8D7C22A72DBC0000C79CF /* LIST_ERROR_light_extraExtraExtraLarge.png */,
				D6C8D7C32A72DBC0000C79CF /* LIST_ERROR_light.png */,
				D6C8D7C42A72DBC0000C79CF /* LIST_LOADING_dark.png */,
				D6C8D7BF2A72DBC0000C79CF /* LIST_LOADING_light_extraExtraExtraLarge.png */,
				D6C8D7C02A72DBC0000C79CF /* LIST_LOADING_light.png */,
			);
			path = Snapshots;
			sourceTree = "<group>";
		};
		D6C8D7AC2A72DA1F000C79CF /* Pokemon Detail Feature */ = {
			isa = PBXGroup;
			children = (
				D6C8D7AF2A72DA2F000C79CF /* Snapshots */,
				D6C8D7B22A72DA60000C79CF /* PokemonDetailSnapshotTests.swift */,
			);
			path = "Pokemon Detail Feature";
			sourceTree = "<group>";
		};
		D6C8D7AD2A72DA25000C79CF /* Pokemon List Feature */ = {
			isa = PBXGroup;
			children = (
				D6C8D7AE2A72DA29000C79CF /* Snapshots */,
				D6C8D7B02A72DA4B000C79CF /* PokemonListSnapshotTests.swift */,
			);
			path = "Pokemon List Feature";
			sourceTree = "<group>";
		};
		D6C8D7AE2A72DA29000C79CF /* Snapshots */ = {
			isa = PBXGroup;
			children = (
				D6C8D7CE2A72DBEC000C79CF /* POKEMON_LIST_SUCCESS_dark.png */,
				D6C8D7CF2A72DBEC000C79CF /* POKEMON_LIST_SUCCESS_light_extraExtraExtraLarge.png */,
				D6C8D7D02A72DBEC000C79CF /* POKEMON_LIST_SUCCESS_light.png */,
			);
			path = Snapshots;
			sourceTree = "<group>";
		};
		D6C8D7AF2A72DA2F000C79CF /* Snapshots */ = {
			isa = PBXGroup;
			children = (
				D68A55102A738E47002A5CDE /* POKEMON_ABILITIES_dark.png */,
				D68A55122A738E47002A5CDE /* POKEMON_ABILITIES_IMAGE_light.png */,
				D68A55112A738E47002A5CDE /* POKEMON_ABILITIES_light_extraExtraExtraLarge.png */,
				D68A550C2A738AFE002A5CDE /* POKEMON_INFO_IMAGE_dark.png */,
				D68A550B2A738AFE002A5CDE /* POKEMON_INFO_IMAGE_light_extraExtraExtraLarge.png */,
				D68A550A2A738AFE002A5CDE /* POKEMON_INFO_IMAGE_light.png */,
				D68A55052A7387F5002A5CDE /* POKEMON_INFO_ERROR_dark.png */,
				D68A55062A7387F5002A5CDE /* POKEMON_INFO_ERROR_light_extraExtraExtraLarge.png */,
				D68A55042A7387F5002A5CDE /* POKEMON_INFO_ERROR_light.png */,
				D6C8D7D52A737821000C79CF /* POKEMON_INFO_LOADING_dark.png */,
				D6C8D7D42A737821000C79CF /* POKEMON_INFO_LOADING_light_extraExtraExtraLarge.png */,
				D6C8D7D62A737821000C79CF /* POKEMON_INFO_LOADING_light.png */,
			);
			path = Snapshots;
			sourceTree = "<group>";
		};
		D6CBFCFF2A278B6600CE40C7 /* Frameworks */ = {
			isa = PBXGroup;
			children = (
				D6CBFD002A278B6600CE40C7 /* Pokepedia.framework */,
			);
			name = Frameworks;
			sourceTree = "<group>";
		};
		D6E445452A25CD5C00E388A7 = {
			isa = PBXGroup;
			children = (
				D6C8D79F2A72D897000C79CF /* Pokepedia-iOS-TP.xctestplan */,
				D6E445512A25CD5C00E388A7 /* Pokepedia-iOS */,
				D6C8D7962A72D86C000C79CF /* Pokepedia_iOSTests */,
				D6E445502A25CD5C00E388A7 /* Products */,
				D6CBFCFF2A278B6600CE40C7 /* Frameworks */,
			);
			sourceTree = "<group>";
		};
		D6E445502A25CD5C00E388A7 /* Products */ = {
			isa = PBXGroup;
			children = (
				D6E4454F2A25CD5C00E388A7 /* Pokepedia_iOS.framework */,
				D6C8D7952A72D86C000C79CF /* Pokepedia_iOSTests.xctest */,
			);
			name = Products;
			sourceTree = "<group>";
		};
		D6E445512A25CD5C00E388A7 /* Pokepedia-iOS */ = {
			isa = PBXGroup;
			children = (
				D6BF59602A71B89C008175E5 /* Pokemon Detail Feature */,
				D6E4455F2A25CE1300E388A7 /* Pokemon List Feature */,
				D64F14122A5F15A200F88826 /* Shared UI */,
			);
			path = "Pokepedia-iOS";
			sourceTree = "<group>";
		};
		D6E4455F2A25CE1300E388A7 /* Pokemon List Feature */ = {
			isa = PBXGroup;
			children = (
				D6E445602A25CE2E00E388A7 /* UI */,
			);
			path = "Pokemon List Feature";
			sourceTree = "<group>";
		};
		D6E445602A25CE2E00E388A7 /* UI */ = {
			isa = PBXGroup;
			children = (
				D66787D22A29E8FE00F8CC3C /* Controllers */,
				D66787D32A29E90300F8CC3C /* Views */,
				D629F23F2A74070800195735 /* Helpers */,
			);
			path = UI;
			sourceTree = "<group>";
		};
/* End PBXGroup section */

/* Begin PBXHeadersBuildPhase section */
		D6E4454A2A25CD5C00E388A7 /* Headers */ = {
			isa = PBXHeadersBuildPhase;
			buildActionMask = 2147483647;
			files = (
			);
			runOnlyForDeploymentPostprocessing = 0;
		};
/* End PBXHeadersBuildPhase section */

/* Begin PBXNativeTarget section */
		D6C8D7942A72D86C000C79CF /* Pokepedia_iOSTests */ = {
			isa = PBXNativeTarget;
			buildConfigurationList = D6C8D79E2A72D86C000C79CF /* Build configuration list for PBXNativeTarget "Pokepedia_iOSTests" */;
			buildPhases = (
				D6C8D7912A72D86C000C79CF /* Sources */,
				D6C8D7922A72D86C000C79CF /* Frameworks */,
				D6C8D7932A72D86C000C79CF /* Resources */,
			);
			buildRules = (
			);
			dependencies = (
				D6C8D79B2A72D86C000C79CF /* PBXTargetDependency */,
			);
			name = Pokepedia_iOSTests;
			productName = Pokepedia_iOSTests;
			productReference = D6C8D7952A72D86C000C79CF /* Pokepedia_iOSTests.xctest */;
			productType = "com.apple.product-type.bundle.unit-test";
		};
		D6E4454E2A25CD5C00E388A7 /* Pokepedia-iOS */ = {
			isa = PBXNativeTarget;
			buildConfigurationList = D6E445562A25CD5C00E388A7 /* Build configuration list for PBXNativeTarget "Pokepedia-iOS" */;
			buildPhases = (
				D6E4454A2A25CD5C00E388A7 /* Headers */,
				D6E4454B2A25CD5C00E388A7 /* Sources */,
				D6E4454C2A25CD5C00E388A7 /* Frameworks */,
				D6E4454D2A25CD5C00E388A7 /* Resources */,
				D6CBFD032A278B6600CE40C7 /* Embed Frameworks */,
			);
			buildRules = (
			);
			dependencies = (
			);
			name = "Pokepedia-iOS";
			productName = "Pokepedia-iOS";
			productReference = D6E4454F2A25CD5C00E388A7 /* Pokepedia_iOS.framework */;
			productType = "com.apple.product-type.framework";
		};
/* End PBXNativeTarget section */

/* Begin PBXProject section */
		D6E445462A25CD5C00E388A7 /* Project object */ = {
			isa = PBXProject;
			attributes = {
				BuildIndependentTargetsInParallel = 1;
				LastSwiftUpdateCheck = 1430;
				LastUpgradeCheck = 1430;
				TargetAttributes = {
					D6C8D7942A72D86C000C79CF = {
						CreatedOnToolsVersion = 14.3;
						LastSwiftMigration = 1430;
					};
					D6E4454E2A25CD5C00E388A7 = {
						CreatedOnToolsVersion = 14.3;
						LastSwiftMigration = 1430;
					};
				};
			};
			buildConfigurationList = D6E445492A25CD5C00E388A7 /* Build configuration list for PBXProject "Pokepedia-iOS" */;
			compatibilityVersion = "Xcode 14.0";
			developmentRegion = en;
			hasScannedForEncodings = 0;
			knownRegions = (
				en,
				Base,
			);
			mainGroup = D6E445452A25CD5C00E388A7;
			productRefGroup = D6E445502A25CD5C00E388A7 /* Products */;
			projectDirPath = "";
			projectRoot = "";
			targets = (
				D6E4454E2A25CD5C00E388A7 /* Pokepedia-iOS */,
				D6C8D7942A72D86C000C79CF /* Pokepedia_iOSTests */,
			);
		};
/* End PBXProject section */

/* Begin PBXResourcesBuildPhase section */
		D6C8D7932A72D86C000C79CF /* Resources */ = {
			isa = PBXResourcesBuildPhase;
			buildActionMask = 2147483647;
			files = (
				D6C8D7C82A72DBC0000C79CF /* LIST_LOADING_light_extraExtraExtraLarge.png in Resources */,
				D6C8D7CB2A72DBC0000C79CF /* LIST_ERROR_light_extraExtraExtraLarge.png in Resources */,
				D6C8D7C92A72DBC0000C79CF /* LIST_LOADING_light.png in Resources */,
				D68A55072A7387F5002A5CDE /* POKEMON_INFO_ERROR_light.png in Resources */,
				D68A550D2A738AFE002A5CDE /* POKEMON_INFO_IMAGE_light.png in Resources */,
				D6C8D7D72A737821000C79CF /* POKEMON_INFO_LOADING_light_extraExtraExtraLarge.png in Resources */,
				D68A55132A738E47002A5CDE /* POKEMON_ABILITIES_dark.png in Resources */,
				D68A55082A7387F5002A5CDE /* POKEMON_INFO_ERROR_dark.png in Resources */,
				D68A55092A7387F5002A5CDE /* POKEMON_INFO_ERROR_light_extraExtraExtraLarge.png in Resources */,
				D68A55152A738E47002A5CDE /* POKEMON_ABILITIES_IMAGE_light.png in Resources */,
				D6C8D7D82A737821000C79CF /* POKEMON_INFO_LOADING_dark.png in Resources */,
				D6C8D7CC2A72DBC0000C79CF /* LIST_ERROR_light.png in Resources */,
				D6C8D7C52A72DBC0000C79CF /* LIST_EMPTY_dark.png in Resources */,
				D6C8D7C62A72DBC0000C79CF /* LIST_EMPTY_light_extraExtraExtraLarge.png in Resources */,
				D68A55142A738E47002A5CDE /* POKEMON_ABILITIES_light_extraExtraExtraLarge.png in Resources */,
				D6C8D7CA2A72DBC0000C79CF /* LIST_EMPTY_light.png in Resources */,
				D68A550F2A738AFE002A5CDE /* POKEMON_INFO_IMAGE_dark.png in Resources */,
				D6C8D7CD2A72DBC0000C79CF /* LIST_LOADING_dark.png in Resources */,
				D6C8D7D32A72DBEC000C79CF /* POKEMON_LIST_SUCCESS_light.png in Resources */,
				D6C8D7D22A72DBEC000C79CF /* POKEMON_LIST_SUCCESS_light_extraExtraExtraLarge.png in Resources */,
				D6C8D7C72A72DBC0000C79CF /* LIST_ERROR_dark.png in Resources */,
				D6C8D7D12A72DBEC000C79CF /* POKEMON_LIST_SUCCESS_dark.png in Resources */,
				D6C8D7D92A737821000C79CF /* POKEMON_INFO_LOADING_light.png in Resources */,
				D68A550E2A738AFE002A5CDE /* POKEMON_INFO_IMAGE_light_extraExtraExtraLarge.png in Resources */,
			);
			runOnlyForDeploymentPostprocessing = 0;
		};
		D6E4454D2A25CD5C00E388A7 /* Resources */ = {
			isa = PBXResourcesBuildPhase;
			buildActionMask = 2147483647;
			files = (
				D6B1DAF42A73E71000683BFD /* TitleCell.xib in Resources */,
				D68A55172A738E5A002A5CDE /* DetailPokemonAbilityCell.xib in Resources */,
				D6C8D7DD2A737896000C79CF /* DetailPokemonInfoCell.xib in Resources */,
				D604FBE32A62613B007BAF00 /* ListPokemonItemCell.xib in Resources */,
			);
			runOnlyForDeploymentPostprocessing = 0;
		};
/* End PBXResourcesBuildPhase section */

/* Begin PBXSourcesBuildPhase section */
		D6C8D7912A72D86C000C79CF /* Sources */ = {
			isa = PBXSourcesBuildPhase;
			buildActionMask = 2147483647;
			files = (
				D6C8D7A82A72D9E2000C79CF /* XCTestCase+Snapshot.swift in Sources */,
				D6C8D7B12A72DA4B000C79CF /* PokemonListSnapshotTests.swift in Sources */,
				D6C8D7A62A72D9BF000C79CF /* UIViewController+Snapshot.swift in Sources */,
				D6C8D7A32A72D921000C79CF /* ListViewControllerSnapshotTests.swift in Sources */,
				D6C8D7B52A72DAE4000C79CF /* UIImage+Creation.swift in Sources */,
				D6C8D7B32A72DA60000C79CF /* PokemonDetailSnapshotTests.swift in Sources */,
			);
			runOnlyForDeploymentPostprocessing = 0;
		};
		D6E4454B2A25CD5C00E388A7 /* Sources */ = {
			isa = PBXSourcesBuildPhase;
			buildActionMask = 2147483647;
			files = (
				D629F23A2A73F91700195735 /* UITableView+Dequeue.swift in Sources */,
				D604FBEC2A626FC4007BAF00 /* NSObject+Nib.swift in Sources */,
				D64F14182A5F169800F88826 /* UITableView+HeaderSizing.swift in Sources */,
				D6BF59752A7232B7008175E5 /* UIImage+Creation.swift in Sources */,
				D6A29CB32A71A124000E74AD /* ListViewController.swift in Sources */,
				D629F2412A74072300195735 /* PokemonListCells.swift in Sources */,
				D64F14162A5F160500F88826 /* UIView+Container.swift in Sources */,
				D60E15AE2A63D39500F21958 /* UIColor+Creation.swift in Sources */,
				D6BF596A2A71BDA6008175E5 /* DetailPokemonInfoController.swift in Sources */,
				D60E15B02A63D44000F21958 /* UIFont+Creation.swift in Sources */,
				D629F23D2A73FD8200195735 /* PokemonDetailCells.swift in Sources */,
				D66787D52A29E95300F8CC3C /* ListPokemonItemCell.swift in Sources */,
				D6BF59652A71B92F008175E5 /* DetailPokemonInfoCell.swift in Sources */,
				D6A29CB12A71897C000E74AD /* CellController.swift in Sources */,
				D6B1DAF82A73E93A00683BFD /* DefaultCellController.swift in Sources */,
				D6BF59632A71B8B2008175E5 /* DetailPokemonAbilityCell.swift in Sources */,
				D66787D12A29E8CC00F8CC3C /* ListPokemonItemViewController.swift in Sources */,
				D6B1DAF22A73E64200683BFD /* TitleCell.swift in Sources */,
				D66787D72A29E96400F8CC3C /* ErrorView.swift in Sources */,
				D604FBEE2A6273D4007BAF00 /* UIView+Constraints.swift in Sources */,
			);
			runOnlyForDeploymentPostprocessing = 0;
		};
/* End PBXSourcesBuildPhase section */

/* Begin PBXTargetDependency section */
		D6C8D79B2A72D86C000C79CF /* PBXTargetDependency */ = {
			isa = PBXTargetDependency;
			platformFilter = ios;
			target = D6E4454E2A25CD5C00E388A7 /* Pokepedia-iOS */;
			targetProxy = D6C8D79A2A72D86C000C79CF /* PBXContainerItemProxy */;
		};
/* End PBXTargetDependency section */

/* Begin XCBuildConfiguration section */
		D6C8D79C2A72D86C000C79CF /* Debug */ = {
			isa = XCBuildConfiguration;
			buildSettings = {
				CLANG_ENABLE_MODULES = YES;
				CODE_SIGN_STYLE = Automatic;
				CURRENT_PROJECT_VERSION = 1;
				DEVELOPMENT_TEAM = G9R86P7VXT;
				GENERATE_INFOPLIST_FILE = YES;
				MARKETING_VERSION = 1.0;
				PRODUCT_BUNDLE_IDENTIFIER = "klyotskin.Pokepedia-iOSTests";
				PRODUCT_NAME = "$(TARGET_NAME)";
				SWIFT_EMIT_LOC_STRINGS = NO;
				SWIFT_OPTIMIZATION_LEVEL = "-Onone";
				SWIFT_VERSION = 5.0;
				TARGETED_DEVICE_FAMILY = "1,2";
			};
			name = Debug;
		};
		D6C8D79D2A72D86C000C79CF /* Release */ = {
			isa = XCBuildConfiguration;
			buildSettings = {
				CLANG_ENABLE_MODULES = YES;
				CODE_SIGN_STYLE = Automatic;
				CURRENT_PROJECT_VERSION = 1;
				DEVELOPMENT_TEAM = G9R86P7VXT;
				GENERATE_INFOPLIST_FILE = YES;
				MARKETING_VERSION = 1.0;
				PRODUCT_BUNDLE_IDENTIFIER = "klyotskin.Pokepedia-iOSTests";
				PRODUCT_NAME = "$(TARGET_NAME)";
				SWIFT_EMIT_LOC_STRINGS = NO;
				SWIFT_VERSION = 5.0;
				TARGETED_DEVICE_FAMILY = "1,2";
			};
			name = Release;
		};
		D6E445542A25CD5C00E388A7 /* Debug */ = {
			isa = XCBuildConfiguration;
			buildSettings = {
				ALWAYS_SEARCH_USER_PATHS = NO;
				CLANG_ANALYZER_NONNULL = YES;
				CLANG_ANALYZER_NUMBER_OBJECT_CONVERSION = YES_AGGRESSIVE;
				CLANG_CXX_LANGUAGE_STANDARD = "gnu++20";
				CLANG_ENABLE_MODULES = YES;
				CLANG_ENABLE_OBJC_ARC = YES;
				CLANG_ENABLE_OBJC_WEAK = YES;
				CLANG_WARN_BLOCK_CAPTURE_AUTORELEASING = YES;
				CLANG_WARN_BOOL_CONVERSION = YES;
				CLANG_WARN_COMMA = YES;
				CLANG_WARN_CONSTANT_CONVERSION = YES;
				CLANG_WARN_DEPRECATED_OBJC_IMPLEMENTATIONS = YES;
				CLANG_WARN_DIRECT_OBJC_ISA_USAGE = YES_ERROR;
				CLANG_WARN_DOCUMENTATION_COMMENTS = YES;
				CLANG_WARN_EMPTY_BODY = YES;
				CLANG_WARN_ENUM_CONVERSION = YES;
				CLANG_WARN_INFINITE_RECURSION = YES;
				CLANG_WARN_INT_CONVERSION = YES;
				CLANG_WARN_NON_LITERAL_NULL_CONVERSION = YES;
				CLANG_WARN_OBJC_IMPLICIT_RETAIN_SELF = YES;
				CLANG_WARN_OBJC_LITERAL_CONVERSION = YES;
				CLANG_WARN_OBJC_ROOT_CLASS = YES_ERROR;
				CLANG_WARN_QUOTED_INCLUDE_IN_FRAMEWORK_HEADER = YES;
				CLANG_WARN_RANGE_LOOP_ANALYSIS = YES;
				CLANG_WARN_STRICT_PROTOTYPES = YES;
				CLANG_WARN_SUSPICIOUS_MOVE = YES;
				CLANG_WARN_UNGUARDED_AVAILABILITY = YES_AGGRESSIVE;
				CLANG_WARN_UNREACHABLE_CODE = YES;
				CLANG_WARN__DUPLICATE_METHOD_MATCH = YES;
				COPY_PHASE_STRIP = NO;
				CURRENT_PROJECT_VERSION = 1;
				DEBUG_INFORMATION_FORMAT = dwarf;
				ENABLE_STRICT_OBJC_MSGSEND = YES;
				ENABLE_TESTABILITY = YES;
				GCC_C_LANGUAGE_STANDARD = gnu11;
				GCC_DYNAMIC_NO_PIC = NO;
				GCC_NO_COMMON_BLOCKS = YES;
				GCC_OPTIMIZATION_LEVEL = 0;
				GCC_PREPROCESSOR_DEFINITIONS = (
					"DEBUG=1",
					"$(inherited)",
				);
				GCC_WARN_64_TO_32_BIT_CONVERSION = YES;
				GCC_WARN_ABOUT_RETURN_TYPE = YES_ERROR;
				GCC_WARN_UNDECLARED_SELECTOR = YES;
				GCC_WARN_UNINITIALIZED_AUTOS = YES_AGGRESSIVE;
				GCC_WARN_UNUSED_FUNCTION = YES;
				GCC_WARN_UNUSED_VARIABLE = YES;
				IPHONEOS_DEPLOYMENT_TARGET = 16.4;
				MTL_ENABLE_DEBUG_INFO = INCLUDE_SOURCE;
				MTL_FAST_MATH = YES;
				ONLY_ACTIVE_ARCH = YES;
				SDKROOT = iphoneos;
				SWIFT_ACTIVE_COMPILATION_CONDITIONS = DEBUG;
				SWIFT_OPTIMIZATION_LEVEL = "-Onone";
				VERSIONING_SYSTEM = "apple-generic";
				VERSION_INFO_PREFIX = "";
			};
			name = Debug;
		};
		D6E445552A25CD5C00E388A7 /* Release */ = {
			isa = XCBuildConfiguration;
			buildSettings = {
				ALWAYS_SEARCH_USER_PATHS = NO;
				CLANG_ANALYZER_NONNULL = YES;
				CLANG_ANALYZER_NUMBER_OBJECT_CONVERSION = YES_AGGRESSIVE;
				CLANG_CXX_LANGUAGE_STANDARD = "gnu++20";
				CLANG_ENABLE_MODULES = YES;
				CLANG_ENABLE_OBJC_ARC = YES;
				CLANG_ENABLE_OBJC_WEAK = YES;
				CLANG_WARN_BLOCK_CAPTURE_AUTORELEASING = YES;
				CLANG_WARN_BOOL_CONVERSION = YES;
				CLANG_WARN_COMMA = YES;
				CLANG_WARN_CONSTANT_CONVERSION = YES;
				CLANG_WARN_DEPRECATED_OBJC_IMPLEMENTATIONS = YES;
				CLANG_WARN_DIRECT_OBJC_ISA_USAGE = YES_ERROR;
				CLANG_WARN_DOCUMENTATION_COMMENTS = YES;
				CLANG_WARN_EMPTY_BODY = YES;
				CLANG_WARN_ENUM_CONVERSION = YES;
				CLANG_WARN_INFINITE_RECURSION = YES;
				CLANG_WARN_INT_CONVERSION = YES;
				CLANG_WARN_NON_LITERAL_NULL_CONVERSION = YES;
				CLANG_WARN_OBJC_IMPLICIT_RETAIN_SELF = YES;
				CLANG_WARN_OBJC_LITERAL_CONVERSION = YES;
				CLANG_WARN_OBJC_ROOT_CLASS = YES_ERROR;
				CLANG_WARN_QUOTED_INCLUDE_IN_FRAMEWORK_HEADER = YES;
				CLANG_WARN_RANGE_LOOP_ANALYSIS = YES;
				CLANG_WARN_STRICT_PROTOTYPES = YES;
				CLANG_WARN_SUSPICIOUS_MOVE = YES;
				CLANG_WARN_UNGUARDED_AVAILABILITY = YES_AGGRESSIVE;
				CLANG_WARN_UNREACHABLE_CODE = YES;
				CLANG_WARN__DUPLICATE_METHOD_MATCH = YES;
				COPY_PHASE_STRIP = NO;
				CURRENT_PROJECT_VERSION = 1;
				DEBUG_INFORMATION_FORMAT = "dwarf-with-dsym";
				ENABLE_NS_ASSERTIONS = NO;
				ENABLE_STRICT_OBJC_MSGSEND = YES;
				GCC_C_LANGUAGE_STANDARD = gnu11;
				GCC_NO_COMMON_BLOCKS = YES;
				GCC_WARN_64_TO_32_BIT_CONVERSION = YES;
				GCC_WARN_ABOUT_RETURN_TYPE = YES_ERROR;
				GCC_WARN_UNDECLARED_SELECTOR = YES;
				GCC_WARN_UNINITIALIZED_AUTOS = YES_AGGRESSIVE;
				GCC_WARN_UNUSED_FUNCTION = YES;
				GCC_WARN_UNUSED_VARIABLE = YES;
				IPHONEOS_DEPLOYMENT_TARGET = 16.4;
				MTL_ENABLE_DEBUG_INFO = NO;
				MTL_FAST_MATH = YES;
				SDKROOT = iphoneos;
				SWIFT_COMPILATION_MODE = wholemodule;
				SWIFT_OPTIMIZATION_LEVEL = "-O";
				VALIDATE_PRODUCT = YES;
				VERSIONING_SYSTEM = "apple-generic";
				VERSION_INFO_PREFIX = "";
			};
			name = Release;
		};
		D6E445572A25CD5C00E388A7 /* Debug */ = {
			isa = XCBuildConfiguration;
			buildSettings = {
				CLANG_ENABLE_MODULES = YES;
				CODE_SIGN_STYLE = Automatic;
				CURRENT_PROJECT_VERSION = 1;
				DEFINES_MODULE = YES;
				DEVELOPMENT_TEAM = G9R86P7VXT;
				DYLIB_COMPATIBILITY_VERSION = 1;
				DYLIB_CURRENT_VERSION = 1;
				DYLIB_INSTALL_NAME_BASE = "@rpath";
				ENABLE_MODULE_VERIFIER = YES;
				GENERATE_INFOPLIST_FILE = YES;
				INFOPLIST_KEY_NSHumanReadableCopyright = "";
				INSTALL_PATH = "$(LOCAL_LIBRARY_DIR)/Frameworks";
				LD_RUNPATH_SEARCH_PATHS = (
					"$(inherited)",
					"@executable_path/Frameworks",
					"@loader_path/Frameworks",
				);
				MARKETING_VERSION = 1.0;
				MODULE_VERIFIER_SUPPORTED_LANGUAGES = "objective-c objective-c++";
				MODULE_VERIFIER_SUPPORTED_LANGUAGE_STANDARDS = "gnu11 gnu++20";
				PRODUCT_BUNDLE_IDENTIFIER = "klyotskin.Pokepedia-iOS";
				PRODUCT_NAME = "$(TARGET_NAME:c99extidentifier)";
				SKIP_INSTALL = YES;
				SUPPORTED_PLATFORMS = "iphoneos iphonesimulator";
				SUPPORTS_MACCATALYST = NO;
				SUPPORTS_MAC_DESIGNED_FOR_IPHONE_IPAD = NO;
				SWIFT_EMIT_LOC_STRINGS = YES;
				SWIFT_OPTIMIZATION_LEVEL = "-Onone";
				SWIFT_VERSION = 5.0;
				TARGETED_DEVICE_FAMILY = 1;
			};
			name = Debug;
		};
		D6E445582A25CD5C00E388A7 /* Release */ = {
			isa = XCBuildConfiguration;
			buildSettings = {
				CLANG_ENABLE_MODULES = YES;
				CODE_SIGN_STYLE = Automatic;
				CURRENT_PROJECT_VERSION = 1;
				DEFINES_MODULE = YES;
				DEVELOPMENT_TEAM = G9R86P7VXT;
				DYLIB_COMPATIBILITY_VERSION = 1;
				DYLIB_CURRENT_VERSION = 1;
				DYLIB_INSTALL_NAME_BASE = "@rpath";
				ENABLE_MODULE_VERIFIER = YES;
				GENERATE_INFOPLIST_FILE = YES;
				INFOPLIST_KEY_NSHumanReadableCopyright = "";
				INSTALL_PATH = "$(LOCAL_LIBRARY_DIR)/Frameworks";
				LD_RUNPATH_SEARCH_PATHS = (
					"$(inherited)",
					"@executable_path/Frameworks",
					"@loader_path/Frameworks",
				);
				MARKETING_VERSION = 1.0;
				MODULE_VERIFIER_SUPPORTED_LANGUAGES = "objective-c objective-c++";
				MODULE_VERIFIER_SUPPORTED_LANGUAGE_STANDARDS = "gnu11 gnu++20";
				PRODUCT_BUNDLE_IDENTIFIER = "klyotskin.Pokepedia-iOS";
				PRODUCT_NAME = "$(TARGET_NAME:c99extidentifier)";
				SKIP_INSTALL = YES;
				SUPPORTED_PLATFORMS = "iphoneos iphonesimulator";
				SUPPORTS_MACCATALYST = NO;
				SUPPORTS_MAC_DESIGNED_FOR_IPHONE_IPAD = NO;
				SWIFT_EMIT_LOC_STRINGS = YES;
				SWIFT_VERSION = 5.0;
				TARGETED_DEVICE_FAMILY = 1;
			};
			name = Release;
		};
/* End XCBuildConfiguration section */

/* Begin XCConfigurationList section */
		D6C8D79E2A72D86C000C79CF /* Build configuration list for PBXNativeTarget "Pokepedia_iOSTests" */ = {
			isa = XCConfigurationList;
			buildConfigurations = (
				D6C8D79C2A72D86C000C79CF /* Debug */,
				D6C8D79D2A72D86C000C79CF /* Release */,
			);
			defaultConfigurationIsVisible = 0;
			defaultConfigurationName = Release;
		};
		D6E445492A25CD5C00E388A7 /* Build configuration list for PBXProject "Pokepedia-iOS" */ = {
			isa = XCConfigurationList;
			buildConfigurations = (
				D6E445542A25CD5C00E388A7 /* Debug */,
				D6E445552A25CD5C00E388A7 /* Release */,
			);
			defaultConfigurationIsVisible = 0;
			defaultConfigurationName = Release;
		};
		D6E445562A25CD5C00E388A7 /* Build configuration list for PBXNativeTarget "Pokepedia-iOS" */ = {
			isa = XCConfigurationList;
			buildConfigurations = (
				D6E445572A25CD5C00E388A7 /* Debug */,
				D6E445582A25CD5C00E388A7 /* Release */,
			);
			defaultConfigurationIsVisible = 0;
			defaultConfigurationName = Release;
		};
/* End XCConfigurationList section */
	};
	rootObject = D6E445462A25CD5C00E388A7 /* Project object */;
}
